// !$*UTF8*$!
{
	archiveVersion = 1;
	classes = {
	};
	objectVersion = 46;
	objects = {

/* Begin PBXBuildFile section */
		1D3623260D0F684500981E51 /* MeetingTimerAppDelegate.m in Sources */ = {isa = PBXBuildFile; fileRef = 1D3623250D0F684500981E51 /* MeetingTimerAppDelegate.m */; };
		1D60589B0D05DD56006BFB54 /* main.m in Sources */ = {isa = PBXBuildFile; fileRef = 29B97316FDCFA39411CA2CEA /* main.m */; };
		1D60589F0D05DD5A006BFB54 /* Foundation.framework in Frameworks */ = {isa = PBXBuildFile; fileRef = 1D30AB110D05D00D00671497 /* Foundation.framework */; };
		1DF5F4E00D08C38300B7A737 /* UIKit.framework in Frameworks */ = {isa = PBXBuildFile; fileRef = 1DF5F4DF0D08C38300B7A737 /* UIKit.framework */; };
		28860BE50F44EE6400985440 /* CoreData.framework in Frameworks */ = {isa = PBXBuildFile; fileRef = 28860BE40F44EE6400985440 /* CoreData.framework */; };
		2892E4100DC94CBA00A64D0F /* CoreGraphics.framework in Frameworks */ = {isa = PBXBuildFile; fileRef = 2892E40F0DC94CBA00A64D0F /* CoreGraphics.framework */; };
		2899E5600DE3E45000AC0155 /* JGTimerConfigurationViewController.xib in Resources */ = {isa = PBXBuildFile; fileRef = 2899E55F0DE3E45000AC0155 /* JGTimerConfigurationViewController.xib */; };
		28AD73600D9D9599002E5188 /* MainWindow.xib in Resources */ = {isa = PBXBuildFile; fileRef = 28AD735F0D9D9599002E5188 /* MainWindow.xib */; };
		28C286E10D94DF7D0034E888 /* JGTimerConfigurationViewController.m in Sources */ = {isa = PBXBuildFile; fileRef = 28C286E00D94DF7D0034E888 /* JGTimerConfigurationViewController.m */; };
		28D3F202112F7DC200FD0661 /* MeetingTimer.xcdatamodeld in Sources */ = {isa = PBXBuildFile; fileRef = 28D3F201112F7DC200FD0661 /* MeetingTimer.xcdatamodeld */; };
		520F73EB14BA46F1003FEC46 /* DigitalAlarm1.aif in Resources */ = {isa = PBXBuildFile; fileRef = 520F73E514BA46F1003FEC46 /* DigitalAlarm1.aif */; };
		520F73EC14BA46F1003FEC46 /* DigitalAlarm2.aif in Resources */ = {isa = PBXBuildFile; fileRef = 520F73E614BA46F1003FEC46 /* DigitalAlarm2.aif */; };
		520F73ED14BA46F1003FEC46 /* TwoToneBell.aif in Resources */ = {isa = PBXBuildFile; fileRef = 520F73E714BA46F1003FEC46 /* TwoToneBell.aif */; };
		520F73EE14BA46F1003FEC46 /* Bell.aif in Resources */ = {isa = PBXBuildFile; fileRef = 520F73E814BA46F1003FEC46 /* Bell.aif */; };
		520F73EF14BA46F1003FEC46 /* Alarm.aif in Resources */ = {isa = PBXBuildFile; fileRef = 520F73E914BA46F1003FEC46 /* Alarm.aif */; };
		520F73F014BA46F1003FEC46 /* Submarine.aif in Resources */ = {isa = PBXBuildFile; fileRef = 520F73EA14BA46F1003FEC46 /* Submarine.aif */; };
		5242CBEF14B3FC8A00C876C7 /* JGDrawingTestView.m in Sources */ = {isa = PBXBuildFile; fileRef = 5242CBEC14B3FC8A00C876C7 /* JGDrawingTestView.m */; };
		5242CBF014B3FC8A00C876C7 /* PieChartLayer.m in Sources */ = {isa = PBXBuildFile; fileRef = 5242CBEE14B3FC8A00C876C7 /* PieChartLayer.m */; };
		5242CBF514B3FD0000C876C7 /* QuartzCore.framework in Frameworks */ = {isa = PBXBuildFile; fileRef = 5242CBF414B3FD0000C876C7 /* QuartzCore.framework */; };
		5251B9C8149E5C4100AFC0B6 /* JGTimerController.m in Sources */ = {isa = PBXBuildFile; fileRef = 52591F34149E453E00DEA711 /* JGTimerController.m */; };
		5251BB46149EA3A700AFC0B6 /* License.txt in Resources */ = {isa = PBXBuildFile; fileRef = 5251BB1E149EA3A600AFC0B6 /* License.txt */; };
		5251BB47149EA3A700AFC0B6 /* NSInvocation+OCMAdditions.m in Sources */ = {isa = PBXBuildFile; fileRef = 5251BB20149EA3A600AFC0B6 /* NSInvocation+OCMAdditions.m */; };
		5251BB48149EA3A700AFC0B6 /* NSMethodSignature+OCMAdditions.m in Sources */ = {isa = PBXBuildFile; fileRef = 5251BB22149EA3A600AFC0B6 /* NSMethodSignature+OCMAdditions.m */; };
		5251BB49149EA3A700AFC0B6 /* NSNotificationCenter+OCMAdditions.m in Sources */ = {isa = PBXBuildFile; fileRef = 5251BB24149EA3A600AFC0B6 /* NSNotificationCenter+OCMAdditions.m */; };
		5251BB4A149EA3A700AFC0B6 /* OCClassMockObject.m in Sources */ = {isa = PBXBuildFile; fileRef = 5251BB26149EA3A600AFC0B6 /* OCClassMockObject.m */; };
		5251BB4B149EA3A700AFC0B6 /* OCMArg.m in Sources */ = {isa = PBXBuildFile; fileRef = 5251BB28149EA3A600AFC0B6 /* OCMArg.m */; };
		5251BB4C149EA3A700AFC0B6 /* OCMBoxedReturnValueProvider.m in Sources */ = {isa = PBXBuildFile; fileRef = 5251BB2A149EA3A600AFC0B6 /* OCMBoxedReturnValueProvider.m */; };
		5251BB4D149EA3A700AFC0B6 /* OCMConstraint.m in Sources */ = {isa = PBXBuildFile; fileRef = 5251BB2C149EA3A600AFC0B6 /* OCMConstraint.m */; };
		5251BB4E149EA3A700AFC0B6 /* OCMExceptionReturnValueProvider.m in Sources */ = {isa = PBXBuildFile; fileRef = 5251BB2E149EA3A700AFC0B6 /* OCMExceptionReturnValueProvider.m */; };
		5251BB4F149EA3A700AFC0B6 /* OCMIndirectReturnValueProvider.m in Sources */ = {isa = PBXBuildFile; fileRef = 5251BB30149EA3A700AFC0B6 /* OCMIndirectReturnValueProvider.m */; };
		5251BB50149EA3A700AFC0B6 /* OCMNotificationPoster.m in Sources */ = {isa = PBXBuildFile; fileRef = 5251BB32149EA3A700AFC0B6 /* OCMNotificationPoster.m */; };
		5251BB51149EA3A700AFC0B6 /* OCMObserverRecorder.m in Sources */ = {isa = PBXBuildFile; fileRef = 5251BB34149EA3A700AFC0B6 /* OCMObserverRecorder.m */; };
		5251BB52149EA3A700AFC0B6 /* OCMockObject.m in Sources */ = {isa = PBXBuildFile; fileRef = 5251BB37149EA3A700AFC0B6 /* OCMockObject.m */; };
		5251BB53149EA3A700AFC0B6 /* OCMockRecorder.m in Sources */ = {isa = PBXBuildFile; fileRef = 5251BB39149EA3A700AFC0B6 /* OCMockRecorder.m */; };
		5251BB54149EA3A700AFC0B6 /* OCMPassByRefSetter.m in Sources */ = {isa = PBXBuildFile; fileRef = 5251BB3B149EA3A700AFC0B6 /* OCMPassByRefSetter.m */; };
		5251BB55149EA3A700AFC0B6 /* OCMReturnValueProvider.m in Sources */ = {isa = PBXBuildFile; fileRef = 5251BB3D149EA3A700AFC0B6 /* OCMReturnValueProvider.m */; };
		5251BB56149EA3A700AFC0B6 /* OCObserverMockObject.m in Sources */ = {isa = PBXBuildFile; fileRef = 5251BB3F149EA3A700AFC0B6 /* OCObserverMockObject.m */; };
		5251BB57149EA3A700AFC0B6 /* OCPartialMockObject.m in Sources */ = {isa = PBXBuildFile; fileRef = 5251BB41149EA3A700AFC0B6 /* OCPartialMockObject.m */; };
		5251BB58149EA3A700AFC0B6 /* OCPartialMockRecorder.m in Sources */ = {isa = PBXBuildFile; fileRef = 5251BB43149EA3A700AFC0B6 /* OCPartialMockRecorder.m */; };
		5251BB59149EA3A700AFC0B6 /* OCProtocolMockObject.m in Sources */ = {isa = PBXBuildFile; fileRef = 5251BB45149EA3A700AFC0B6 /* OCProtocolMockObject.m */; };
		52591F35149E453E00DEA711 /* JGTimerController.m in Sources */ = {isa = PBXBuildFile; fileRef = 52591F34149E453E00DEA711 /* JGTimerController.m */; };
		52591F43149E469C00DEA711 /* JGTimerControllerTestCase.m in Sources */ = {isa = PBXBuildFile; fileRef = 52591F41149E469000DEA711 /* JGTimerControllerTestCase.m */; };
		52BBC08914B34FC900CFE655 /* JGCountdownTimer.m in Sources */ = {isa = PBXBuildFile; fileRef = 52BBC08814B34FC900CFE655 /* JGCountdownTimer.m */; };
		52BBC08D14B3509200CFE655 /* JGCountdownTimerTestCase.m in Sources */ = {isa = PBXBuildFile; fileRef = 52BBC08C14B3509200CFE655 /* JGCountdownTimerTestCase.m */; };
		52BBC09614B3513900CFE655 /* JGCountdownTimer.m in Sources */ = {isa = PBXBuildFile; fileRef = 52BBC08814B34FC900CFE655 /* JGCountdownTimer.m */; };
		52BBC0D414B357DF00CFE655 /* JGTimeFormatterTestCase.m in Sources */ = {isa = PBXBuildFile; fileRef = 52BBC0D314B357DF00CFE655 /* JGTimeFormatterTestCase.m */; };
		52BBC0DF14B358EF00CFE655 /* JGTimeFormatter.m in Sources */ = {isa = PBXBuildFile; fileRef = 52BBC0DE14B358EF00CFE655 /* JGTimeFormatter.m */; };
		52BBC0E014B358EF00CFE655 /* JGTimeFormatter.m in Sources */ = {isa = PBXBuildFile; fileRef = 52BBC0DE14B358EF00CFE655 /* JGTimeFormatter.m */; };
		52BBC17414B37CBE00CFE655 /* GreenButton-highlight.png in Resources */ = {isa = PBXBuildFile; fileRef = 52BBC17014B37CBE00CFE655 /* GreenButton-highlight.png */; };
		52BBC17514B37CBE00CFE655 /* GreenButton.png in Resources */ = {isa = PBXBuildFile; fileRef = 52BBC17114B37CBE00CFE655 /* GreenButton.png */; };
		52BBC17614B37CBE00CFE655 /* RedButton-highlight.png in Resources */ = {isa = PBXBuildFile; fileRef = 52BBC17214B37CBE00CFE655 /* RedButton-highlight.png */; };
		52BBC17714B37CBE00CFE655 /* RedButton.png in Resources */ = {isa = PBXBuildFile; fileRef = 52BBC17314B37CBE00CFE655 /* RedButton.png */; };
		52BBC18914B3861900CFE655 /* TimerGradient.png in Resources */ = {isa = PBXBuildFile; fileRef = 52BBC18814B3861900CFE655 /* TimerGradient.png */; };
		52BBC18E14B3876700CFE655 /* TimerGradient2.png in Resources */ = {isa = PBXBuildFile; fileRef = 52BBC18D14B3876700CFE655 /* TimerGradient2.png */; };
		52CA8B5C149D089B0030ADC1 /* JGRunningViewController.xib in Resources */ = {isa = PBXBuildFile; fileRef = 52CA8B5A149D089B0030ADC1 /* JGRunningViewController.xib */; };
		52EB416C14B1200D00308C95 /* JGTimerDurationCalculatorTestCase.m in Sources */ = {isa = PBXBuildFile; fileRef = 52EB416B14B1200D00308C95 /* JGTimerDurationCalculatorTestCase.m */; };
		52EB417314B1218D00308C95 /* JGTimerDurationCalculator.m in Sources */ = {isa = PBXBuildFile; fileRef = 52EB417214B1218D00308C95 /* JGTimerDurationCalculator.m */; };
		52EB417C14B122DB00308C95 /* JGTimerDurationCalculator.m in Sources */ = {isa = PBXBuildFile; fileRef = 52EB417214B1218D00308C95 /* JGTimerDurationCalculator.m */; };
		52F63E5E14B7590E00876FA4 /* JGInsetGradientButton.m in Sources */ = {isa = PBXBuildFile; fileRef = 52F63E5914B7590E00876FA4 /* JGInsetGradientButton.m */; };
		52F63E5F14B7590E00876FA4 /* JGRedInsetGradientButton.m in Sources */ = {isa = PBXBuildFile; fileRef = 52F63E5B14B7590E00876FA4 /* JGRedInsetGradientButton.m */; };
		52F63E6014B7590E00876FA4 /* JGGreenInsetGradientButton.m in Sources */ = {isa = PBXBuildFile; fileRef = 52F63E5D14B7590E00876FA4 /* JGGreenInsetGradientButton.m */; };
		52F63EA714B7689A00876FA4 /* JGRingingSettingViewController.m in Sources */ = {isa = PBXBuildFile; fileRef = 52F63EA514B7689A00876FA4 /* JGRingingSettingViewController.m */; };
		52F63EA814B7689A00876FA4 /* JGRingingSettingViewController.xib in Resources */ = {isa = PBXBuildFile; fileRef = 52F63EA614B7689A00876FA4 /* JGRingingSettingViewController.xib */; };
		C01FCF5008A954540054247D /* AudioToolbox.framework in Frameworks */ = {isa = PBXBuildFile; fileRef = C01FCF5008A954540054247C /* AudioToolbox.framework */; };
		C01FCF5008A9545400542480 /* DigitalAlarm1.aif in Resources */ = {isa = PBXBuildFile; fileRef = C01FCF5008A954540054247F /* DigitalAlarm1.aif */; };
		C01FCF5008A9545400542482 /* DigitalAlarm2.aif in Resources */ = {isa = PBXBuildFile; fileRef = C01FCF5008A9545400542481 /* DigitalAlarm2.aif */; };
		C01FCF5008A9545400542484 /* TwoToneBell.aif in Resources */ = {isa = PBXBuildFile; fileRef = C01FCF5008A9545400542483 /* TwoToneBell.aif */; };
		C01FCF5008A9545400542486 /* Bell.aif in Resources */ = {isa = PBXBuildFile; fileRef = C01FCF5008A9545400542485 /* Bell.aif */; };
		C01FCF5008A9545400542488 /* Alarm.aif in Resources */ = {isa = PBXBuildFile; fileRef = C01FCF5008A9545400542487 /* Alarm.aif */; };
		C01FCF5008A954540054248A /* Submarine.aif in Resources */ = {isa = PBXBuildFile; fileRef = C01FCF5008A9545400542489 /* Submarine.aif */; };
/* End PBXBuildFile section */

/* Begin PBXContainerItemProxy section */
		5228AEB314AE3F1A00C5F9A9 /* PBXContainerItemProxy */ = {
			isa = PBXContainerItemProxy;
			containerPortal = 29B97313FDCFA39411CA2CEA /* Project object */;
			proxyType = 1;
			remoteGlobalIDString = 1D6058900D05DD3D006BFB54;
			remoteInfo = MeetingTimer;
		};
/* End PBXContainerItemProxy section */

/* Begin PBXCopyFilesBuildPhase section */
		5251BAF4149EA31100AFC0B6 /* CopyFiles */ = {
			isa = PBXCopyFilesBuildPhase;
			buildActionMask = 2147483647;
			dstPath = "";
			dstSubfolderSpec = 10;
			files = (
			);
			runOnlyForDeploymentPostprocessing = 0;
		};
/* End PBXCopyFilesBuildPhase section */

/* Begin PBXFileReference section */
		1D30AB110D05D00D00671497 /* Foundation.framework */ = {isa = PBXFileReference; lastKnownFileType = wrapper.framework; name = Foundation.framework; path = System/Library/Frameworks/Foundation.framework; sourceTree = SDKROOT; };
		1D3623240D0F684500981E51 /* MeetingTimerAppDelegate.h */ = {isa = PBXFileReference; fileEncoding = 4; lastKnownFileType = sourcecode.c.h; path = MeetingTimerAppDelegate.h; sourceTree = "<group>"; };
		1D3623250D0F684500981E51 /* MeetingTimerAppDelegate.m */ = {isa = PBXFileReference; fileEncoding = 4; lastKnownFileType = sourcecode.c.objc; path = MeetingTimerAppDelegate.m; sourceTree = "<group>"; };
		1D6058910D05DD3D006BFB54 /* SpeechTimer.app */ = {isa = PBXFileReference; explicitFileType = wrapper.application; includeInIndex = 0; path = SpeechTimer.app; sourceTree = BUILT_PRODUCTS_DIR; };
		1DF5F4DF0D08C38300B7A737 /* UIKit.framework */ = {isa = PBXFileReference; lastKnownFileType = wrapper.framework; name = UIKit.framework; path = System/Library/Frameworks/UIKit.framework; sourceTree = SDKROOT; };
		28860B760F44E54D00985440 /* MeetingTimer.xcdatamodel */ = {isa = PBXFileReference; fileEncoding = 4; lastKnownFileType = wrapper.xcdatamodel; path = MeetingTimer.xcdatamodel; sourceTree = "<group>"; };
		28860BE40F44EE6400985440 /* CoreData.framework */ = {isa = PBXFileReference; lastKnownFileType = wrapper.framework; name = CoreData.framework; path = System/Library/Frameworks/CoreData.framework; sourceTree = SDKROOT; };
		2892E40F0DC94CBA00A64D0F /* CoreGraphics.framework */ = {isa = PBXFileReference; lastKnownFileType = wrapper.framework; name = CoreGraphics.framework; path = System/Library/Frameworks/CoreGraphics.framework; sourceTree = SDKROOT; };
		2899E55F0DE3E45000AC0155 /* JGTimerConfigurationViewController.xib */ = {isa = PBXFileReference; lastKnownFileType = file.xib; path = JGTimerConfigurationViewController.xib; sourceTree = "<group>"; };
		28A0AAE50D9B0CCF005BE974 /* SpeechTimer_Prefix.pch */ = {isa = PBXFileReference; fileEncoding = 4; lastKnownFileType = sourcecode.c.h; path = SpeechTimer_Prefix.pch; sourceTree = "<group>"; };
		28AD735F0D9D9599002E5188 /* MainWindow.xib */ = {isa = PBXFileReference; lastKnownFileType = file.xib; path = MainWindow.xib; sourceTree = "<group>"; };
		28C286DF0D94DF7D0034E888 /* JGTimerConfigurationViewController.h */ = {isa = PBXFileReference; fileEncoding = 4; lastKnownFileType = sourcecode.c.h; path = JGTimerConfigurationViewController.h; sourceTree = "<group>"; };
		28C286E00D94DF7D0034E888 /* JGTimerConfigurationViewController.m */ = {isa = PBXFileReference; fileEncoding = 4; lastKnownFileType = sourcecode.c.objc; path = JGTimerConfigurationViewController.m; sourceTree = "<group>"; };
		29B97316FDCFA39411CA2CEA /* main.m */ = {isa = PBXFileReference; fileEncoding = 4; lastKnownFileType = sourcecode.c.objc; path = main.m; sourceTree = "<group>"; };
		520F73E514BA46F1003FEC46 /* DigitalAlarm1.aif */ = {isa = PBXFileReference; lastKnownFileType = file; path = DigitalAlarm1.aif; sourceTree = "<group>"; };
		520F73E614BA46F1003FEC46 /* DigitalAlarm2.aif */ = {isa = PBXFileReference; lastKnownFileType = file; path = DigitalAlarm2.aif; sourceTree = "<group>"; };
		520F73E714BA46F1003FEC46 /* TwoToneBell.aif */ = {isa = PBXFileReference; lastKnownFileType = file; path = TwoToneBell.aif; sourceTree = "<group>"; };
		520F73E814BA46F1003FEC46 /* Bell.aif */ = {isa = PBXFileReference; lastKnownFileType = file; path = Bell.aif; sourceTree = "<group>"; };
		520F73E914BA46F1003FEC46 /* Alarm.aif */ = {isa = PBXFileReference; lastKnownFileType = file; path = Alarm.aif; sourceTree = "<group>"; };
		520F73EA14BA46F1003FEC46 /* Submarine.aif */ = {isa = PBXFileReference; lastKnownFileType = file; path = Submarine.aif; sourceTree = "<group>"; };
		5242CBEB14B3FC8A00C876C7 /* JGDrawingTestView.h */ = {isa = PBXFileReference; fileEncoding = 4; lastKnownFileType = sourcecode.c.h; path = JGDrawingTestView.h; sourceTree = "<group>"; };
		5242CBEC14B3FC8A00C876C7 /* JGDrawingTestView.m */ = {isa = PBXFileReference; fileEncoding = 4; lastKnownFileType = sourcecode.c.objc; path = JGDrawingTestView.m; sourceTree = "<group>"; };
		5242CBED14B3FC8A00C876C7 /* PieChartLayer.h */ = {isa = PBXFileReference; fileEncoding = 4; lastKnownFileType = sourcecode.c.h; path = PieChartLayer.h; sourceTree = "<group>"; };
		5242CBEE14B3FC8A00C876C7 /* PieChartLayer.m */ = {isa = PBXFileReference; fileEncoding = 4; lastKnownFileType = sourcecode.c.objc; path = PieChartLayer.m; sourceTree = "<group>"; };
		5242CBF414B3FD0000C876C7 /* QuartzCore.framework */ = {isa = PBXFileReference; lastKnownFileType = wrapper.framework; name = QuartzCore.framework; path = System/Library/Frameworks/QuartzCore.framework; sourceTree = SDKROOT; };
		5251B9A9149E59B400AFC0B6 /* JGTimerControllerDelegate.h */ = {isa = PBXFileReference; fileEncoding = 4; lastKnownFileType = sourcecode.c.h; path = JGTimerControllerDelegate.h; sourceTree = "<group>"; };
		5251BB1E149EA3A600AFC0B6 /* License.txt */ = {isa = PBXFileReference; fileEncoding = 4; lastKnownFileType = text; path = License.txt; sourceTree = "<group>"; };
		5251BB1F149EA3A600AFC0B6 /* NSInvocation+OCMAdditions.h */ = {isa = PBXFileReference; fileEncoding = 4; lastKnownFileType = sourcecode.c.h; path = "NSInvocation+OCMAdditions.h"; sourceTree = "<group>"; };
		5251BB20149EA3A600AFC0B6 /* NSInvocation+OCMAdditions.m */ = {isa = PBXFileReference; fileEncoding = 4; lastKnownFileType = sourcecode.c.objc; path = "NSInvocation+OCMAdditions.m"; sourceTree = "<group>"; };
		5251BB21149EA3A600AFC0B6 /* NSMethodSignature+OCMAdditions.h */ = {isa = PBXFileReference; fileEncoding = 4; lastKnownFileType = sourcecode.c.h; path = "NSMethodSignature+OCMAdditions.h"; sourceTree = "<group>"; };
		5251BB22149EA3A600AFC0B6 /* NSMethodSignature+OCMAdditions.m */ = {isa = PBXFileReference; fileEncoding = 4; lastKnownFileType = sourcecode.c.objc; path = "NSMethodSignature+OCMAdditions.m"; sourceTree = "<group>"; };
		5251BB23149EA3A600AFC0B6 /* NSNotificationCenter+OCMAdditions.h */ = {isa = PBXFileReference; fileEncoding = 4; lastKnownFileType = sourcecode.c.h; path = "NSNotificationCenter+OCMAdditions.h"; sourceTree = "<group>"; };
		5251BB24149EA3A600AFC0B6 /* NSNotificationCenter+OCMAdditions.m */ = {isa = PBXFileReference; fileEncoding = 4; lastKnownFileType = sourcecode.c.objc; path = "NSNotificationCenter+OCMAdditions.m"; sourceTree = "<group>"; };
		5251BB25149EA3A600AFC0B6 /* OCClassMockObject.h */ = {isa = PBXFileReference; fileEncoding = 4; lastKnownFileType = sourcecode.c.h; path = OCClassMockObject.h; sourceTree = "<group>"; };
		5251BB26149EA3A600AFC0B6 /* OCClassMockObject.m */ = {isa = PBXFileReference; fileEncoding = 4; lastKnownFileType = sourcecode.c.objc; path = OCClassMockObject.m; sourceTree = "<group>"; };
		5251BB27149EA3A600AFC0B6 /* OCMArg.h */ = {isa = PBXFileReference; fileEncoding = 4; lastKnownFileType = sourcecode.c.h; path = OCMArg.h; sourceTree = "<group>"; };
		5251BB28149EA3A600AFC0B6 /* OCMArg.m */ = {isa = PBXFileReference; fileEncoding = 4; lastKnownFileType = sourcecode.c.objc; path = OCMArg.m; sourceTree = "<group>"; };
		5251BB29149EA3A600AFC0B6 /* OCMBoxedReturnValueProvider.h */ = {isa = PBXFileReference; fileEncoding = 4; lastKnownFileType = sourcecode.c.h; path = OCMBoxedReturnValueProvider.h; sourceTree = "<group>"; };
		5251BB2A149EA3A600AFC0B6 /* OCMBoxedReturnValueProvider.m */ = {isa = PBXFileReference; fileEncoding = 4; lastKnownFileType = sourcecode.c.objc; path = OCMBoxedReturnValueProvider.m; sourceTree = "<group>"; };
		5251BB2B149EA3A600AFC0B6 /* OCMConstraint.h */ = {isa = PBXFileReference; fileEncoding = 4; lastKnownFileType = sourcecode.c.h; path = OCMConstraint.h; sourceTree = "<group>"; };
		5251BB2C149EA3A600AFC0B6 /* OCMConstraint.m */ = {isa = PBXFileReference; fileEncoding = 4; lastKnownFileType = sourcecode.c.objc; path = OCMConstraint.m; sourceTree = "<group>"; };
		5251BB2D149EA3A700AFC0B6 /* OCMExceptionReturnValueProvider.h */ = {isa = PBXFileReference; fileEncoding = 4; lastKnownFileType = sourcecode.c.h; path = OCMExceptionReturnValueProvider.h; sourceTree = "<group>"; };
		5251BB2E149EA3A700AFC0B6 /* OCMExceptionReturnValueProvider.m */ = {isa = PBXFileReference; fileEncoding = 4; lastKnownFileType = sourcecode.c.objc; path = OCMExceptionReturnValueProvider.m; sourceTree = "<group>"; };
		5251BB2F149EA3A700AFC0B6 /* OCMIndirectReturnValueProvider.h */ = {isa = PBXFileReference; fileEncoding = 4; lastKnownFileType = sourcecode.c.h; path = OCMIndirectReturnValueProvider.h; sourceTree = "<group>"; };
		5251BB30149EA3A700AFC0B6 /* OCMIndirectReturnValueProvider.m */ = {isa = PBXFileReference; fileEncoding = 4; lastKnownFileType = sourcecode.c.objc; path = OCMIndirectReturnValueProvider.m; sourceTree = "<group>"; };
		5251BB31149EA3A700AFC0B6 /* OCMNotificationPoster.h */ = {isa = PBXFileReference; fileEncoding = 4; lastKnownFileType = sourcecode.c.h; path = OCMNotificationPoster.h; sourceTree = "<group>"; };
		5251BB32149EA3A700AFC0B6 /* OCMNotificationPoster.m */ = {isa = PBXFileReference; fileEncoding = 4; lastKnownFileType = sourcecode.c.objc; path = OCMNotificationPoster.m; sourceTree = "<group>"; };
		5251BB33149EA3A700AFC0B6 /* OCMObserverRecorder.h */ = {isa = PBXFileReference; fileEncoding = 4; lastKnownFileType = sourcecode.c.h; path = OCMObserverRecorder.h; sourceTree = "<group>"; };
		5251BB34149EA3A700AFC0B6 /* OCMObserverRecorder.m */ = {isa = PBXFileReference; fileEncoding = 4; lastKnownFileType = sourcecode.c.objc; path = OCMObserverRecorder.m; sourceTree = "<group>"; };
		5251BB35149EA3A700AFC0B6 /* OCMock.h */ = {isa = PBXFileReference; fileEncoding = 4; lastKnownFileType = sourcecode.c.h; path = OCMock.h; sourceTree = "<group>"; };
		5251BB36149EA3A700AFC0B6 /* OCMockObject.h */ = {isa = PBXFileReference; fileEncoding = 4; lastKnownFileType = sourcecode.c.h; path = OCMockObject.h; sourceTree = "<group>"; };
		5251BB37149EA3A700AFC0B6 /* OCMockObject.m */ = {isa = PBXFileReference; fileEncoding = 4; lastKnownFileType = sourcecode.c.objc; path = OCMockObject.m; sourceTree = "<group>"; };
		5251BB38149EA3A700AFC0B6 /* OCMockRecorder.h */ = {isa = PBXFileReference; fileEncoding = 4; lastKnownFileType = sourcecode.c.h; path = OCMockRecorder.h; sourceTree = "<group>"; };
		5251BB39149EA3A700AFC0B6 /* OCMockRecorder.m */ = {isa = PBXFileReference; fileEncoding = 4; lastKnownFileType = sourcecode.c.objc; path = OCMockRecorder.m; sourceTree = "<group>"; };
		5251BB3A149EA3A700AFC0B6 /* OCMPassByRefSetter.h */ = {isa = PBXFileReference; fileEncoding = 4; lastKnownFileType = sourcecode.c.h; path = OCMPassByRefSetter.h; sourceTree = "<group>"; };
		5251BB3B149EA3A700AFC0B6 /* OCMPassByRefSetter.m */ = {isa = PBXFileReference; fileEncoding = 4; lastKnownFileType = sourcecode.c.objc; path = OCMPassByRefSetter.m; sourceTree = "<group>"; };
		5251BB3C149EA3A700AFC0B6 /* OCMReturnValueProvider.h */ = {isa = PBXFileReference; fileEncoding = 4; lastKnownFileType = sourcecode.c.h; path = OCMReturnValueProvider.h; sourceTree = "<group>"; };
		5251BB3D149EA3A700AFC0B6 /* OCMReturnValueProvider.m */ = {isa = PBXFileReference; fileEncoding = 4; lastKnownFileType = sourcecode.c.objc; path = OCMReturnValueProvider.m; sourceTree = "<group>"; };
		5251BB3E149EA3A700AFC0B6 /* OCObserverMockObject.h */ = {isa = PBXFileReference; fileEncoding = 4; lastKnownFileType = sourcecode.c.h; path = OCObserverMockObject.h; sourceTree = "<group>"; };
		5251BB3F149EA3A700AFC0B6 /* OCObserverMockObject.m */ = {isa = PBXFileReference; fileEncoding = 4; lastKnownFileType = sourcecode.c.objc; path = OCObserverMockObject.m; sourceTree = "<group>"; };
		5251BB40149EA3A700AFC0B6 /* OCPartialMockObject.h */ = {isa = PBXFileReference; fileEncoding = 4; lastKnownFileType = sourcecode.c.h; path = OCPartialMockObject.h; sourceTree = "<group>"; };
		5251BB41149EA3A700AFC0B6 /* OCPartialMockObject.m */ = {isa = PBXFileReference; fileEncoding = 4; lastKnownFileType = sourcecode.c.objc; path = OCPartialMockObject.m; sourceTree = "<group>"; };
		5251BB42149EA3A700AFC0B6 /* OCPartialMockRecorder.h */ = {isa = PBXFileReference; fileEncoding = 4; lastKnownFileType = sourcecode.c.h; path = OCPartialMockRecorder.h; sourceTree = "<group>"; };
		5251BB43149EA3A700AFC0B6 /* OCPartialMockRecorder.m */ = {isa = PBXFileReference; fileEncoding = 4; lastKnownFileType = sourcecode.c.objc; path = OCPartialMockRecorder.m; sourceTree = "<group>"; };
		5251BB44149EA3A700AFC0B6 /* OCProtocolMockObject.h */ = {isa = PBXFileReference; fileEncoding = 4; lastKnownFileType = sourcecode.c.h; path = OCProtocolMockObject.h; sourceTree = "<group>"; };
		5251BB45149EA3A700AFC0B6 /* OCProtocolMockObject.m */ = {isa = PBXFileReference; fileEncoding = 4; lastKnownFileType = sourcecode.c.objc; path = OCProtocolMockObject.m; sourceTree = "<group>"; };
		52591F33149E453E00DEA711 /* JGTimerController.h */ = {isa = PBXFileReference; fileEncoding = 4; lastKnownFileType = sourcecode.c.h; path = JGTimerController.h; sourceTree = "<group>"; };
		52591F34149E453E00DEA711 /* JGTimerController.m */ = {isa = PBXFileReference; fileEncoding = 4; lastKnownFileType = sourcecode.c.objc; path = JGTimerController.m; sourceTree = "<group>"; };
		52591F3B149E466B00DEA711 /* SpeechTimerTests.octest */ = {isa = PBXFileReference; explicitFileType = wrapper.cfbundle; includeInIndex = 0; path = SpeechTimerTests.octest; sourceTree = BUILT_PRODUCTS_DIR; };
		52591F3C149E466B00DEA711 /* SpeechTimerTests-Info.plist */ = {isa = PBXFileReference; lastKnownFileType = text.plist.xml; path = "SpeechTimerTests-Info.plist"; sourceTree = "<group>"; };
		52591F40149E469000DEA711 /* JGTimerControllerTestCase.h */ = {isa = PBXFileReference; fileEncoding = 4; lastKnownFileType = sourcecode.c.h; path = JGTimerControllerTestCase.h; sourceTree = "<group>"; };
		52591F41149E469000DEA711 /* JGTimerControllerTestCase.m */ = {isa = PBXFileReference; fileEncoding = 4; lastKnownFileType = sourcecode.c.objc; path = JGTimerControllerTestCase.m; sourceTree = "<group>"; };
		52BBC08714B34FC900CFE655 /* JGCountdownTimer.h */ = {isa = PBXFileReference; fileEncoding = 4; lastKnownFileType = sourcecode.c.h; path = JGCountdownTimer.h; sourceTree = "<group>"; };
		52BBC08814B34FC900CFE655 /* JGCountdownTimer.m */ = {isa = PBXFileReference; fileEncoding = 4; lastKnownFileType = sourcecode.c.objc; path = JGCountdownTimer.m; sourceTree = "<group>"; };
		52BBC08A14B3505E00CFE655 /* JGCountdownTimerDelegate.h */ = {isa = PBXFileReference; fileEncoding = 4; lastKnownFileType = sourcecode.c.h; path = JGCountdownTimerDelegate.h; sourceTree = "<group>"; };
		52BBC08B14B3509200CFE655 /* JGCountdownTimerTestCase.h */ = {isa = PBXFileReference; fileEncoding = 4; lastKnownFileType = sourcecode.c.h; path = JGCountdownTimerTestCase.h; sourceTree = "<group>"; };
		52BBC08C14B3509200CFE655 /* JGCountdownTimerTestCase.m */ = {isa = PBXFileReference; fileEncoding = 4; lastKnownFileType = sourcecode.c.objc; path = JGCountdownTimerTestCase.m; sourceTree = "<group>"; };
		52BBC0D214B357DF00CFE655 /* JGTimeFormatterTestCase.h */ = {isa = PBXFileReference; fileEncoding = 4; lastKnownFileType = sourcecode.c.h; path = JGTimeFormatterTestCase.h; sourceTree = "<group>"; };
		52BBC0D314B357DF00CFE655 /* JGTimeFormatterTestCase.m */ = {isa = PBXFileReference; fileEncoding = 4; lastKnownFileType = sourcecode.c.objc; path = JGTimeFormatterTestCase.m; sourceTree = "<group>"; };
		52BBC0DD14B358EF00CFE655 /* JGTimeFormatter.h */ = {isa = PBXFileReference; fileEncoding = 4; lastKnownFileType = sourcecode.c.h; path = JGTimeFormatter.h; sourceTree = "<group>"; };
		52BBC0DE14B358EF00CFE655 /* JGTimeFormatter.m */ = {isa = PBXFileReference; fileEncoding = 4; lastKnownFileType = sourcecode.c.objc; path = JGTimeFormatter.m; sourceTree = "<group>"; };
		52BBC17014B37CBE00CFE655 /* GreenButton-highlight.png */ = {isa = PBXFileReference; lastKnownFileType = image.png; path = "GreenButton-highlight.png"; sourceTree = "<group>"; };
		52BBC17114B37CBE00CFE655 /* GreenButton.png */ = {isa = PBXFileReference; lastKnownFileType = image.png; path = GreenButton.png; sourceTree = "<group>"; };
		52BBC17214B37CBE00CFE655 /* RedButton-highlight.png */ = {isa = PBXFileReference; lastKnownFileType = image.png; path = "RedButton-highlight.png"; sourceTree = "<group>"; };
		52BBC17314B37CBE00CFE655 /* RedButton.png */ = {isa = PBXFileReference; lastKnownFileType = image.png; path = RedButton.png; sourceTree = "<group>"; };
		52BBC18814B3861900CFE655 /* TimerGradient.png */ = {isa = PBXFileReference; lastKnownFileType = image.png; path = TimerGradient.png; sourceTree = "<group>"; };
		52BBC18D14B3876700CFE655 /* TimerGradient2.png */ = {isa = PBXFileReference; lastKnownFileType = image.png; path = TimerGradient2.png; sourceTree = "<group>"; };
		52CA8B5A149D089B0030ADC1 /* JGRunningViewController.xib */ = {isa = PBXFileReference; lastKnownFileType = file.xib; name = JGRunningViewController.xib; path = Classes/JGRunningViewController.xib; sourceTree = "<group>"; };
		52EB416A14B1200D00308C95 /* JGTimerDurationCalculatorTestCase.h */ = {isa = PBXFileReference; fileEncoding = 4; lastKnownFileType = sourcecode.c.h; path = JGTimerDurationCalculatorTestCase.h; sourceTree = "<group>"; };
		52EB416B14B1200D00308C95 /* JGTimerDurationCalculatorTestCase.m */ = {isa = PBXFileReference; fileEncoding = 4; lastKnownFileType = sourcecode.c.objc; path = JGTimerDurationCalculatorTestCase.m; sourceTree = "<group>"; };
		52EB417114B1218D00308C95 /* JGTimerDurationCalculator.h */ = {isa = PBXFileReference; fileEncoding = 4; lastKnownFileType = sourcecode.c.h; path = JGTimerDurationCalculator.h; sourceTree = "<group>"; };
		52EB417214B1218D00308C95 /* JGTimerDurationCalculator.m */ = {isa = PBXFileReference; fileEncoding = 4; lastKnownFileType = sourcecode.c.objc; path = JGTimerDurationCalculator.m; sourceTree = "<group>"; };
		52F63E5814B7590E00876FA4 /* JGInsetGradientButton.h */ = {isa = PBXFileReference; fileEncoding = 4; lastKnownFileType = sourcecode.c.h; path = JGInsetGradientButton.h; sourceTree = "<group>"; };
		52F63E5914B7590E00876FA4 /* JGInsetGradientButton.m */ = {isa = PBXFileReference; fileEncoding = 4; lastKnownFileType = sourcecode.c.objc; path = JGInsetGradientButton.m; sourceTree = "<group>"; };
		52F63E5A14B7590E00876FA4 /* JGRedInsetGradientButton.h */ = {isa = PBXFileReference; fileEncoding = 4; lastKnownFileType = sourcecode.c.h; path = JGRedInsetGradientButton.h; sourceTree = "<group>"; };
		52F63E5B14B7590E00876FA4 /* JGRedInsetGradientButton.m */ = {isa = PBXFileReference; fileEncoding = 4; lastKnownFileType = sourcecode.c.objc; path = JGRedInsetGradientButton.m; sourceTree = "<group>"; };
		52F63E5C14B7590E00876FA4 /* JGGreenInsetGradientButton.h */ = {isa = PBXFileReference; fileEncoding = 4; lastKnownFileType = sourcecode.c.h; path = JGGreenInsetGradientButton.h; sourceTree = "<group>"; };
		52F63E5D14B7590E00876FA4 /* JGGreenInsetGradientButton.m */ = {isa = PBXFileReference; fileEncoding = 4; lastKnownFileType = sourcecode.c.objc; path = JGGreenInsetGradientButton.m; sourceTree = "<group>"; };
		52F63EA414B7689A00876FA4 /* JGRingingSettingViewController.h */ = {isa = PBXFileReference; fileEncoding = 4; lastKnownFileType = sourcecode.c.h; path = JGRingingSettingViewController.h; sourceTree = "<group>"; };
		52F63EA514B7689A00876FA4 /* JGRingingSettingViewController.m */ = {isa = PBXFileReference; fileEncoding = 4; lastKnownFileType = sourcecode.c.objc; path = JGRingingSettingViewController.m; sourceTree = "<group>"; };
		52F63EA614B7689A00876FA4 /* JGRingingSettingViewController.xib */ = {isa = PBXFileReference; lastKnownFileType = file.xib; path = JGRingingSettingViewController.xib; sourceTree = "<group>"; };
		8D1107310486CEB800E47090 /* SpeechTimer-Info.plist */ = {isa = PBXFileReference; fileEncoding = 4; lastKnownFileType = text.plist.xml; path = "SpeechTimer-Info.plist"; plistStructureDefinitionIdentifier = "com.apple.xcode.plist.structure-definition.iphone.info-plist"; sourceTree = "<group>"; };
		C01FCF5008A954540054247C /* AudioToolbox.framework */ = {isa = PBXFileReference; lastKnownFileType = wrapper.framework; name = AudioToolbox.framework; path = System/Library/Frameworks/AudioToolbox.framework; sourceTree = SDKROOT; };
		C01FCF5008A954540054247F /* DigitalAlarm1.aif */ = {isa = PBXFileReference; lastKnownFileType = file; path = DigitalAlarm1.aif; sourceTree = "<group>"; };
		C01FCF5008A9545400542481 /* DigitalAlarm2.aif */ = {isa = PBXFileReference; lastKnownFileType = file; path = DigitalAlarm2.aif; sourceTree = "<group>"; };
		C01FCF5008A9545400542483 /* TwoToneBell.aif */ = {isa = PBXFileReference; lastKnownFileType = file; path = TwoToneBell.aif; sourceTree = "<group>"; };
		C01FCF5008A9545400542485 /* Bell.aif */ = {isa = PBXFileReference; lastKnownFileType = file; path = Bell.aif; sourceTree = "<group>"; };
		C01FCF5008A9545400542487 /* Alarm.aif */ = {isa = PBXFileReference; lastKnownFileType = file; path = Alarm.aif; sourceTree = "<group>"; };
		C01FCF5008A9545400542489 /* Submarine.aif */ = {isa = PBXFileReference; lastKnownFileType = file; path = Submarine.aif; sourceTree = "<group>"; };
/* End PBXFileReference section */

/* Begin PBXFrameworksBuildPhase section */
		1D60588F0D05DD3D006BFB54 /* Frameworks */ = {
			isa = PBXFrameworksBuildPhase;
			buildActionMask = 2147483647;
			files = (
				1D60589F0D05DD5A006BFB54 /* Foundation.framework in Frameworks */,
				1DF5F4E00D08C38300B7A737 /* UIKit.framework in Frameworks */,
				2892E4100DC94CBA00A64D0F /* CoreGraphics.framework in Frameworks */,
				28860BE50F44EE6400985440 /* CoreData.framework in Frameworks */,
				5242CBF514B3FD0000C876C7 /* QuartzCore.framework in Frameworks */,
				C01FCF5008A954540054247D /* AudioToolbox.framework in Frameworks */,
			);
			runOnlyForDeploymentPostprocessing = 0;
		};
		52591F38149E466B00DEA711 /* Frameworks */ = {
			isa = PBXFrameworksBuildPhase;
			buildActionMask = 2147483647;
			files = (
			);
			runOnlyForDeploymentPostprocessing = 0;
		};
/* End PBXFrameworksBuildPhase section */

/* Begin PBXGroup section */
		080E96DDFE201D6D7F000001 /* Classes */ = {
			isa = PBXGroup;
			children = (
				52F63E5714B7590400876FA4 /* Buttons */,
				5242CBEA14B3FC6900C876C7 /* PieChartView */,
				52BBBE3514B2EC3200CFE655 /* AppDelegate */,
				5251B9F8149E5D4300AFC0B6 /* ViewControllers */,
				5242CBE914B3FC3900C876C7 /* DurationCalculator */,
				5242CBE814B3FC2900C876C7 /* CountdownTimer */,
				5251B9AB149E59BD00AFC0B6 /* TimerController */,
				5242CBE714B3FC1E00C876C7 /* TimeFormatter */,
				52D6932D14B87B8E00F09035 /* RingerView */,
			);
			path = Classes;
			sourceTree = "<group>";
		};
		19C28FACFE9D520D11CA2CBB /* Products */ = {
			isa = PBXGroup;
			children = (
				1D6058910D05DD3D006BFB54 /* SpeechTimer.app */,
				52591F3B149E466B00DEA711 /* SpeechTimerTests.octest */,
			);
			name = Products;
			sourceTree = "<group>";
		};
		29B97314FDCFA39411CA2CEA /* CustomTemplate */ = {
			isa = PBXGroup;
			children = (
				5251BB1D149EA3A600AFC0B6 /* OCMock */,
				080E96DDFE201D6D7F000001 /* Classes */,
				29B97315FDCFA39411CA2CEA /* Other Sources */,
				29B97317FDCFA39411CA2CEA /* Resources */,
				29B97323FDCFA39411CA2CEA /* Frameworks */,
				19C28FACFE9D520D11CA2CBB /* Products */,
				52591F3C149E466B00DEA711 /* SpeechTimerTests-Info.plist */,
				C01FCF5008A954540054247E /* SpeechTimer */,
			);
			name = CustomTemplate;
			sourceTree = "<group>";
		};
		29B97315FDCFA39411CA2CEA /* Other Sources */ = {
			isa = PBXGroup;
			children = (
				28A0AAE50D9B0CCF005BE974 /* SpeechTimer_Prefix.pch */,
				29B97316FDCFA39411CA2CEA /* main.m */,
			);
			name = "Other Sources";
			sourceTree = "<group>";
		};
		29B97317FDCFA39411CA2CEA /* Resources */ = {
			isa = PBXGroup;
			children = (
				520F73DE14BA46E4003FEC46 /* Audio */,
				5242CBF614B3FD1F00C876C7 /* Images */,
				5242CBF714B3FD2500C876C7 /* Nibs */,
				8D1107310486CEB800E47090 /* SpeechTimer-Info.plist */,
				28D3F201112F7DC200FD0661 /* MeetingTimer.xcdatamodeld */,
			);
			name = Resources;
			sourceTree = "<group>";
		};
		29B97323FDCFA39411CA2CEA /* Frameworks */ = {
			isa = PBXGroup;
			children = (
				C01FCF5008A954540054247C /* AudioToolbox.framework */,
				1DF5F4DF0D08C38300B7A737 /* UIKit.framework */,
				1D30AB110D05D00D00671497 /* Foundation.framework */,
				2892E40F0DC94CBA00A64D0F /* CoreGraphics.framework */,
				28860BE40F44EE6400985440 /* CoreData.framework */,
				5242CBF414B3FD0000C876C7 /* QuartzCore.framework */,
			);
			name = Frameworks;
			sourceTree = "<group>";
		};
		520F73DE14BA46E4003FEC46 /* Audio */ = {
			isa = PBXGroup;
			children = (
				520F73E514BA46F1003FEC46 /* DigitalAlarm1.aif */,
				520F73E614BA46F1003FEC46 /* DigitalAlarm2.aif */,
				520F73E714BA46F1003FEC46 /* TwoToneBell.aif */,
				520F73E814BA46F1003FEC46 /* Bell.aif */,
				520F73E914BA46F1003FEC46 /* Alarm.aif */,
				520F73EA14BA46F1003FEC46 /* Submarine.aif */,
			);
			name = Audio;
			sourceTree = "<group>";
		};
		5242CBE714B3FC1E00C876C7 /* TimeFormatter */ = {
			isa = PBXGroup;
			children = (
				52BBC0D214B357DF00CFE655 /* JGTimeFormatterTestCase.h */,
				52BBC0D314B357DF00CFE655 /* JGTimeFormatterTestCase.m */,
				52BBC0DD14B358EF00CFE655 /* JGTimeFormatter.h */,
				52BBC0DE14B358EF00CFE655 /* JGTimeFormatter.m */,
			);
			name = TimeFormatter;
			sourceTree = "<group>";
		};
		5242CBE814B3FC2900C876C7 /* CountdownTimer */ = {
			isa = PBXGroup;
			children = (
				52BBC08814B34FC900CFE655 /* JGCountdownTimer.m */,
				52BBC08714B34FC900CFE655 /* JGCountdownTimer.h */,
				52BBC08A14B3505E00CFE655 /* JGCountdownTimerDelegate.h */,
				52BBC08B14B3509200CFE655 /* JGCountdownTimerTestCase.h */,
				52BBC08C14B3509200CFE655 /* JGCountdownTimerTestCase.m */,
			);
			name = CountdownTimer;
			sourceTree = "<group>";
		};
		5242CBE914B3FC3900C876C7 /* DurationCalculator */ = {
			isa = PBXGroup;
			children = (
				52EB417114B1218D00308C95 /* JGTimerDurationCalculator.h */,
				52EB417214B1218D00308C95 /* JGTimerDurationCalculator.m */,
				52EB416A14B1200D00308C95 /* JGTimerDurationCalculatorTestCase.h */,
				52EB416B14B1200D00308C95 /* JGTimerDurationCalculatorTestCase.m */,
			);
			name = DurationCalculator;
			sourceTree = "<group>";
		};
		5242CBEA14B3FC6900C876C7 /* PieChartView */ = {
			isa = PBXGroup;
			children = (
				5242CBEB14B3FC8A00C876C7 /* JGDrawingTestView.h */,
				5242CBEC14B3FC8A00C876C7 /* JGDrawingTestView.m */,
				5242CBED14B3FC8A00C876C7 /* PieChartLayer.h */,
				5242CBEE14B3FC8A00C876C7 /* PieChartLayer.m */,
			);
			name = PieChartView;
			sourceTree = "<group>";
		};
		5242CBF614B3FD1F00C876C7 /* Images */ = {
			isa = PBXGroup;
			children = (
				52BBC18814B3861900CFE655 /* TimerGradient.png */,
				52BBC18D14B3876700CFE655 /* TimerGradient2.png */,
				52BBC17014B37CBE00CFE655 /* GreenButton-highlight.png */,
				52BBC17114B37CBE00CFE655 /* GreenButton.png */,
				52BBC17214B37CBE00CFE655 /* RedButton-highlight.png */,
				52BBC17314B37CBE00CFE655 /* RedButton.png */,
			);
			name = Images;
			sourceTree = "<group>";
		};
		5242CBF714B3FD2500C876C7 /* Nibs */ = {
			isa = PBXGroup;
			children = (
				2899E55F0DE3E45000AC0155 /* JGTimerConfigurationViewController.xib */,
				52CA8B5A149D089B0030ADC1 /* JGRunningViewController.xib */,
				28AD735F0D9D9599002E5188 /* MainWindow.xib */,
			);
			name = Nibs;
			sourceTree = "<group>";
		};
		5251B9AB149E59BD00AFC0B6 /* TimerController */ = {
			isa = PBXGroup;
			children = (
				5251B9A9149E59B400AFC0B6 /* JGTimerControllerDelegate.h */,
				52591F33149E453E00DEA711 /* JGTimerController.h */,
				52591F34149E453E00DEA711 /* JGTimerController.m */,
				52591F40149E469000DEA711 /* JGTimerControllerTestCase.h */,
				52591F41149E469000DEA711 /* JGTimerControllerTestCase.m */,
			);
			name = TimerController;
			sourceTree = "<group>";
		};
		5251B9F8149E5D4300AFC0B6 /* ViewControllers */ = {
			isa = PBXGroup;
			children = (
				28C286DF0D94DF7D0034E888 /* JGTimerConfigurationViewController.h */,
				28C286E00D94DF7D0034E888 /* JGTimerConfigurationViewController.m */,
			);
			name = ViewControllers;
			sourceTree = "<group>";
		};
		5251BB1D149EA3A600AFC0B6 /* OCMock */ = {
			isa = PBXGroup;
			children = (
				5251BB1E149EA3A600AFC0B6 /* License.txt */,
				5251BB1F149EA3A600AFC0B6 /* NSInvocation+OCMAdditions.h */,
				5251BB20149EA3A600AFC0B6 /* NSInvocation+OCMAdditions.m */,
				5251BB21149EA3A600AFC0B6 /* NSMethodSignature+OCMAdditions.h */,
				5251BB22149EA3A600AFC0B6 /* NSMethodSignature+OCMAdditions.m */,
				5251BB23149EA3A600AFC0B6 /* NSNotificationCenter+OCMAdditions.h */,
				5251BB24149EA3A600AFC0B6 /* NSNotificationCenter+OCMAdditions.m */,
				5251BB25149EA3A600AFC0B6 /* OCClassMockObject.h */,
				5251BB26149EA3A600AFC0B6 /* OCClassMockObject.m */,
				5251BB27149EA3A600AFC0B6 /* OCMArg.h */,
				5251BB28149EA3A600AFC0B6 /* OCMArg.m */,
				5251BB29149EA3A600AFC0B6 /* OCMBoxedReturnValueProvider.h */,
				5251BB2A149EA3A600AFC0B6 /* OCMBoxedReturnValueProvider.m */,
				5251BB2B149EA3A600AFC0B6 /* OCMConstraint.h */,
				5251BB2C149EA3A600AFC0B6 /* OCMConstraint.m */,
				5251BB2D149EA3A700AFC0B6 /* OCMExceptionReturnValueProvider.h */,
				5251BB2E149EA3A700AFC0B6 /* OCMExceptionReturnValueProvider.m */,
				5251BB2F149EA3A700AFC0B6 /* OCMIndirectReturnValueProvider.h */,
				5251BB30149EA3A700AFC0B6 /* OCMIndirectReturnValueProvider.m */,
				5251BB31149EA3A700AFC0B6 /* OCMNotificationPoster.h */,
				5251BB32149EA3A700AFC0B6 /* OCMNotificationPoster.m */,
				5251BB33149EA3A700AFC0B6 /* OCMObserverRecorder.h */,
				5251BB34149EA3A700AFC0B6 /* OCMObserverRecorder.m */,
				5251BB35149EA3A700AFC0B6 /* OCMock.h */,
				5251BB36149EA3A700AFC0B6 /* OCMockObject.h */,
				5251BB37149EA3A700AFC0B6 /* OCMockObject.m */,
				5251BB38149EA3A700AFC0B6 /* OCMockRecorder.h */,
				5251BB39149EA3A700AFC0B6 /* OCMockRecorder.m */,
				5251BB3A149EA3A700AFC0B6 /* OCMPassByRefSetter.h */,
				5251BB3B149EA3A700AFC0B6 /* OCMPassByRefSetter.m */,
				5251BB3C149EA3A700AFC0B6 /* OCMReturnValueProvider.h */,
				5251BB3D149EA3A700AFC0B6 /* OCMReturnValueProvider.m */,
				5251BB3E149EA3A700AFC0B6 /* OCObserverMockObject.h */,
				5251BB3F149EA3A700AFC0B6 /* OCObserverMockObject.m */,
				5251BB40149EA3A700AFC0B6 /* OCPartialMockObject.h */,
				5251BB41149EA3A700AFC0B6 /* OCPartialMockObject.m */,
				5251BB42149EA3A700AFC0B6 /* OCPartialMockRecorder.h */,
				5251BB43149EA3A700AFC0B6 /* OCPartialMockRecorder.m */,
				5251BB44149EA3A700AFC0B6 /* OCProtocolMockObject.h */,
				5251BB45149EA3A700AFC0B6 /* OCProtocolMockObject.m */,
			);
			path = OCMock;
			sourceTree = "<group>";
		};
		52BBBE3514B2EC3200CFE655 /* AppDelegate */ = {
			isa = PBXGroup;
			children = (
				1D3623240D0F684500981E51 /* MeetingTimerAppDelegate.h */,
				1D3623250D0F684500981E51 /* MeetingTimerAppDelegate.m */,
			);
			name = AppDelegate;
			sourceTree = "<group>";
		};
		52D6932D14B87B8E00F09035 /* RingerView */ = {
			isa = PBXGroup;
			children = (
				52F63EA414B7689A00876FA4 /* JGRingingSettingViewController.h */,
				52F63EA514B7689A00876FA4 /* JGRingingSettingViewController.m */,
				52F63EA614B7689A00876FA4 /* JGRingingSettingViewController.xib */,
			);
			name = RingerView;
			sourceTree = "<group>";
		};
		52F63E5714B7590400876FA4 /* Buttons */ = {
			isa = PBXGroup;
			children = (
				52F63E5814B7590E00876FA4 /* JGInsetGradientButton.h */,
				52F63E5914B7590E00876FA4 /* JGInsetGradientButton.m */,
				52F63E5A14B7590E00876FA4 /* JGRedInsetGradientButton.h */,
				52F63E5B14B7590E00876FA4 /* JGRedInsetGradientButton.m */,
				52F63E5C14B7590E00876FA4 /* JGGreenInsetGradientButton.h */,
				52F63E5D14B7590E00876FA4 /* JGGreenInsetGradientButton.m */,
			);
			name = Buttons;
			sourceTree = "<group>";
		};
		C01FCF5008A954540054247E /* SpeechTimer */ = {
			isa = PBXGroup;
			children = (
				C01FCF5008A9545400542489 /* Submarine.aif */,
				C01FCF5008A9545400542487 /* Alarm.aif */,
				C01FCF5008A9545400542485 /* Bell.aif */,
				C01FCF5008A9545400542483 /* TwoToneBell.aif */,
				C01FCF5008A9545400542481 /* DigitalAlarm2.aif */,
				C01FCF5008A954540054247F /* DigitalAlarm1.aif */,
			);
			path = SpeechTimer;
			sourceTree = "<group>";
		};
/* End PBXGroup section */

/* Begin PBXNativeTarget section */
		1D6058900D05DD3D006BFB54 /* SpeechTimer */ = {
			isa = PBXNativeTarget;
			buildConfigurationList = 1D6058960D05DD3E006BFB54 /* Build configuration list for PBXNativeTarget "SpeechTimer" */;
			buildPhases = (
				1D60588D0D05DD3D006BFB54 /* Resources */,
				1D60588E0D05DD3D006BFB54 /* Sources */,
				1D60588F0D05DD3D006BFB54 /* Frameworks */,
			);
			buildRules = (
			);
			dependencies = (
			);
			name = SpeechTimer;
			productName = MeetingTimer;
			productReference = 1D6058910D05DD3D006BFB54 /* SpeechTimer.app */;
			productType = "com.apple.product-type.application";
		};
		52591F3A149E466B00DEA711 /* SpeechTimerTests */ = {
			isa = PBXNativeTarget;
			buildConfigurationList = 52591F3F149E466B00DEA711 /* Build configuration list for PBXNativeTarget "SpeechTimerTests" */;
			buildPhases = (
				52591F36149E466B00DEA711 /* Resources */,
				52591F37149E466B00DEA711 /* Sources */,
				52591F38149E466B00DEA711 /* Frameworks */,
				52591F39149E466B00DEA711 /* ShellScript */,
				5251BAF4149EA31100AFC0B6 /* CopyFiles */,
			);
			buildRules = (
			);
			dependencies = (
				5228AEB414AE3F1A00C5F9A9 /* PBXTargetDependency */,
			);
			name = SpeechTimerTests;
			productName = MeetingTimerTests;
			productReference = 52591F3B149E466B00DEA711 /* SpeechTimerTests.octest */;
			productType = "com.apple.product-type.bundle";
		};
/* End PBXNativeTarget section */

/* Begin PBXProject section */
		29B97313FDCFA39411CA2CEA /* Project object */ = {
			isa = PBXProject;
			attributes = {
				LastUpgradeCheck = 0420;
			};
			buildConfigurationList = C01FCF4E08A954540054247B /* Build configuration list for PBXProject "SpeechTimer" */;
			compatibilityVersion = "Xcode 3.2";
			developmentRegion = English;
			hasScannedForEncodings = 1;
			knownRegions = (
				English,
				Japanese,
				French,
				German,
				en,
			);
			mainGroup = 29B97314FDCFA39411CA2CEA /* CustomTemplate */;
			projectDirPath = "";
			projectRoot = "";
			targets = (
				1D6058900D05DD3D006BFB54 /* SpeechTimer */,
				52591F3A149E466B00DEA711 /* SpeechTimerTests */,
			);
		};
/* End PBXProject section */

/* Begin PBXResourcesBuildPhase section */
		1D60588D0D05DD3D006BFB54 /* Resources */ = {
			isa = PBXResourcesBuildPhase;
			buildActionMask = 2147483647;
			files = (
				28AD73600D9D9599002E5188 /* MainWindow.xib in Resources */,
				2899E5600DE3E45000AC0155 /* JGTimerConfigurationViewController.xib in Resources */,
				52CA8B5C149D089B0030ADC1 /* JGRunningViewController.xib in Resources */,
				52BBC17414B37CBE00CFE655 /* GreenButton-highlight.png in Resources */,
				52BBC17514B37CBE00CFE655 /* GreenButton.png in Resources */,
				52BBC17614B37CBE00CFE655 /* RedButton-highlight.png in Resources */,
				52BBC17714B37CBE00CFE655 /* RedButton.png in Resources */,
				52BBC18914B3861900CFE655 /* TimerGradient.png in Resources */,
				52BBC18E14B3876700CFE655 /* TimerGradient2.png in Resources */,
				52F63EA814B7689A00876FA4 /* JGRingingSettingViewController.xib in Resources */,
				C01FCF5008A9545400542480 /* DigitalAlarm1.aif in Resources */,
				C01FCF5008A9545400542482 /* DigitalAlarm2.aif in Resources */,
				C01FCF5008A9545400542484 /* TwoToneBell.aif in Resources */,
				C01FCF5008A9545400542486 /* Bell.aif in Resources */,
				C01FCF5008A9545400542488 /* Alarm.aif in Resources */,
				C01FCF5008A954540054248A /* Submarine.aif in Resources */,
				520F73EB14BA46F1003FEC46 /* DigitalAlarm1.aif in Resources */,
				520F73EC14BA46F1003FEC46 /* DigitalAlarm2.aif in Resources */,
				520F73ED14BA46F1003FEC46 /* TwoToneBell.aif in Resources */,
				520F73EE14BA46F1003FEC46 /* Bell.aif in Resources */,
				520F73EF14BA46F1003FEC46 /* Alarm.aif in Resources */,
				520F73F014BA46F1003FEC46 /* Submarine.aif in Resources */,
			);
			runOnlyForDeploymentPostprocessing = 0;
		};
		52591F36149E466B00DEA711 /* Resources */ = {
			isa = PBXResourcesBuildPhase;
			buildActionMask = 2147483647;
			files = (
				5251BB46149EA3A700AFC0B6 /* License.txt in Resources */,
			);
			runOnlyForDeploymentPostprocessing = 0;
		};
/* End PBXResourcesBuildPhase section */

/* Begin PBXShellScriptBuildPhase section */
		52591F39149E466B00DEA711 /* ShellScript */ = {
			isa = PBXShellScriptBuildPhase;
			buildActionMask = 2147483647;
			files = (
			);
			inputPaths = (
			);
			outputPaths = (
			);
			runOnlyForDeploymentPostprocessing = 0;
			shellPath = /bin/sh;
			shellScript = "# Run the unit tests in this test bundle.\n\"${SYSTEM_DEVELOPER_DIR}/Tools/RunUnitTests\"";
		};
/* End PBXShellScriptBuildPhase section */

/* Begin PBXSourcesBuildPhase section */
		1D60588E0D05DD3D006BFB54 /* Sources */ = {
			isa = PBXSourcesBuildPhase;
			buildActionMask = 2147483647;
			files = (
				1D60589B0D05DD56006BFB54 /* main.m in Sources */,
				1D3623260D0F684500981E51 /* MeetingTimerAppDelegate.m in Sources */,
				28C286E10D94DF7D0034E888 /* JGTimerConfigurationViewController.m in Sources */,
				28D3F202112F7DC200FD0661 /* MeetingTimer.xcdatamodeld in Sources */,
				52591F35149E453E00DEA711 /* JGTimerController.m in Sources */,
				52EB417314B1218D00308C95 /* JGTimerDurationCalculator.m in Sources */,
				52BBC08914B34FC900CFE655 /* JGCountdownTimer.m in Sources */,
				52BBC0E014B358EF00CFE655 /* JGTimeFormatter.m in Sources */,
				5242CBEF14B3FC8A00C876C7 /* JGDrawingTestView.m in Sources */,
				5242CBF014B3FC8A00C876C7 /* PieChartLayer.m in Sources */,
				52F63E5E14B7590E00876FA4 /* JGInsetGradientButton.m in Sources */,
				52F63E5F14B7590E00876FA4 /* JGRedInsetGradientButton.m in Sources */,
				52F63E6014B7590E00876FA4 /* JGGreenInsetGradientButton.m in Sources */,
				52F63EA714B7689A00876FA4 /* JGRingingSettingViewController.m in Sources */,
			);
			runOnlyForDeploymentPostprocessing = 0;
		};
		52591F37149E466B00DEA711 /* Sources */ = {
			isa = PBXSourcesBuildPhase;
			buildActionMask = 2147483647;
			files = (
				52591F43149E469C00DEA711 /* JGTimerControllerTestCase.m in Sources */,
				5251B9C8149E5C4100AFC0B6 /* JGTimerController.m in Sources */,
				5251BB47149EA3A700AFC0B6 /* NSInvocation+OCMAdditions.m in Sources */,
				5251BB48149EA3A700AFC0B6 /* NSMethodSignature+OCMAdditions.m in Sources */,
				5251BB49149EA3A700AFC0B6 /* NSNotificationCenter+OCMAdditions.m in Sources */,
				5251BB4A149EA3A700AFC0B6 /* OCClassMockObject.m in Sources */,
				5251BB4B149EA3A700AFC0B6 /* OCMArg.m in Sources */,
				5251BB4C149EA3A700AFC0B6 /* OCMBoxedReturnValueProvider.m in Sources */,
				5251BB4D149EA3A700AFC0B6 /* OCMConstraint.m in Sources */,
				5251BB4E149EA3A700AFC0B6 /* OCMExceptionReturnValueProvider.m in Sources */,
				5251BB4F149EA3A700AFC0B6 /* OCMIndirectReturnValueProvider.m in Sources */,
				5251BB50149EA3A700AFC0B6 /* OCMNotificationPoster.m in Sources */,
				5251BB51149EA3A700AFC0B6 /* OCMObserverRecorder.m in Sources */,
				5251BB52149EA3A700AFC0B6 /* OCMockObject.m in Sources */,
				5251BB53149EA3A700AFC0B6 /* OCMockRecorder.m in Sources */,
				5251BB54149EA3A700AFC0B6 /* OCMPassByRefSetter.m in Sources */,
				5251BB55149EA3A700AFC0B6 /* OCMReturnValueProvider.m in Sources */,
				5251BB56149EA3A700AFC0B6 /* OCObserverMockObject.m in Sources */,
				5251BB57149EA3A700AFC0B6 /* OCPartialMockObject.m in Sources */,
				5251BB58149EA3A700AFC0B6 /* OCPartialMockRecorder.m in Sources */,
				5251BB59149EA3A700AFC0B6 /* OCProtocolMockObject.m in Sources */,
				52EB416C14B1200D00308C95 /* JGTimerDurationCalculatorTestCase.m in Sources */,
				52EB417C14B122DB00308C95 /* JGTimerDurationCalculator.m in Sources */,
				52BBC08D14B3509200CFE655 /* JGCountdownTimerTestCase.m in Sources */,
				52BBC09614B3513900CFE655 /* JGCountdownTimer.m in Sources */,
				52BBC0D414B357DF00CFE655 /* JGTimeFormatterTestCase.m in Sources */,
				52BBC0DF14B358EF00CFE655 /* JGTimeFormatter.m in Sources */,
			);
			runOnlyForDeploymentPostprocessing = 0;
		};
/* End PBXSourcesBuildPhase section */

/* Begin PBXTargetDependency section */
		5228AEB414AE3F1A00C5F9A9 /* PBXTargetDependency */ = {
			isa = PBXTargetDependency;
			target = 1D6058900D05DD3D006BFB54 /* SpeechTimer */;
			targetProxy = 5228AEB314AE3F1A00C5F9A9 /* PBXContainerItemProxy */;
		};
/* End PBXTargetDependency section */

/* Begin XCBuildConfiguration section */
		1D6058940D05DD3E006BFB54 /* Debug */ = {
			isa = XCBuildConfiguration;
			buildSettings = {
				ALWAYS_SEARCH_USER_PATHS = NO;
				COPY_PHASE_STRIP = NO;
				GCC_DYNAMIC_NO_PIC = NO;
				GCC_OPTIMIZATION_LEVEL = 0;
				GCC_PRECOMPILE_PREFIX_HEADER = YES;
				GCC_PREFIX_HEADER = SpeechTimer_Prefix.pch;
				INFOPLIST_FILE = "SpeechTimer-Info.plist";
				IPHONEOS_DEPLOYMENT_TARGET = 4.2;
				PRODUCT_NAME = SpeechTimer;
			};
			name = Debug;
		};
		1D6058950D05DD3E006BFB54 /* Release */ = {
			isa = XCBuildConfiguration;
			buildSettings = {
				ALWAYS_SEARCH_USER_PATHS = NO;
				COPY_PHASE_STRIP = YES;
				GCC_PRECOMPILE_PREFIX_HEADER = YES;
				GCC_PREFIX_HEADER = SpeechTimer_Prefix.pch;
				INFOPLIST_FILE = "SpeechTimer-Info.plist";
				IPHONEOS_DEPLOYMENT_TARGET = 4.2;
				PRODUCT_NAME = SpeechTimer;
				VALIDATE_PRODUCT = YES;
			};
			name = Release;
		};
		52591F3D149E466B00DEA711 /* Debug */ = {
			isa = XCBuildConfiguration;
			buildSettings = {
				ALWAYS_SEARCH_USER_PATHS = NO;
				BUNDLE_LOADER = "$(CONFIGURATION_BUILD_DIR)/MeetingTimer.app/MeetingTimer";
				"CODE_SIGN_IDENTITY[sdk=iphoneos*]" = "";
				COPY_PHASE_STRIP = NO;
				FRAMEWORK_SEARCH_PATHS = (
					"\"$(SDKROOT)/Developer/Library/Frameworks\"",
					"\"$(DEVELOPER_LIBRARY_DIR)/Frameworks\"",
					"\"$(SRCROOT)\"",
				);
				GCC_DYNAMIC_NO_PIC = NO;
				GCC_ENABLE_OBJC_EXCEPTIONS = YES;
				GCC_OPTIMIZATION_LEVEL = 0;
				GCC_PREFIX_HEADER = "";
				HEADER_SEARCH_PATHS = "\"$(SRCROOT)\"";
				INFOPLIST_FILE = "SpeechTimerTests-Info.plist";
				OTHER_LDFLAGS = (
					"-framework",
					SenTestingKit,
					"-framework",
					Foundation,
				);
				PRODUCT_NAME = SpeechTimerTests;
				SDKROOT = iphoneos;
				TEST_HOST_PRODUCT_NAME = MeetingTimer;
				WRAPPER_EXTENSION = octest;
			};
			name = Debug;
		};
		52591F3E149E466B00DEA711 /* Release */ = {
			isa = XCBuildConfiguration;
			buildSettings = {
				ALWAYS_SEARCH_USER_PATHS = NO;
				"CODE_SIGN_IDENTITY[sdk=iphoneos*]" = "";
				COPY_PHASE_STRIP = YES;
				DEBUG_INFORMATION_FORMAT = "dwarf-with-dsym";
				FRAMEWORK_SEARCH_PATHS = (
					"\"$(SDKROOT)/Developer/Library/Frameworks\"",
					"\"$(DEVELOPER_LIBRARY_DIR)/Frameworks\"",
					"\"$(SRCROOT)\"",
				);
				GCC_ENABLE_OBJC_EXCEPTIONS = YES;
				INFOPLIST_FILE = "SpeechTimerTests-Info.plist";
				OTHER_LDFLAGS = (
					"-framework",
					Foundation,
					"-framework",
					SenTestingKit,
					"-framework",
					UIKit,
				);
				PRODUCT_NAME = SpeechTimerTests;
				SDKROOT = iphoneos;
				WRAPPER_EXTENSION = octest;
				ZERO_LINK = NO;
			};
			name = Release;
		};
		C01FCF4F08A954540054247B /* Debug */ = {
			isa = XCBuildConfiguration;
			buildSettings = {
				ARCHS = (
					armv6,
					"$(ARCHS_STANDARD_32_BIT)",
				);
				"CODE_SIGN_IDENTITY[sdk=iphoneos*]" = "iPhone Developer";
				GCC_C_LANGUAGE_STANDARD = c99;
				GCC_WARN_ABOUT_RETURN_TYPE = YES;
				GCC_WARN_UNUSED_VARIABLE = YES;
				IPHONEOS_DEPLOYMENT_TARGET = 4.2;
				SDKROOT = iphoneos;
			};
			name = Debug;
		};
		C01FCF5008A954540054247B /* Release */ = {
			isa = XCBuildConfiguration;
			buildSettings = {
				ARCHS = (
					armv6,
					"$(ARCHS_STANDARD_32_BIT)",
				);
				"CODE_SIGN_IDENTITY[sdk=iphoneos*]" = "iPhone Developer";
				GCC_C_LANGUAGE_STANDARD = c99;
				GCC_WARN_ABOUT_RETURN_TYPE = YES;
				GCC_WARN_UNUSED_VARIABLE = YES;
				IPHONEOS_DEPLOYMENT_TARGET = 4.2;
				OTHER_CFLAGS = "-DNS_BLOCK_ASSERTIONS=1";
				SDKROOT = iphoneos;
			};
			name = Release;
		};
/* End XCBuildConfiguration section */

/* Begin XCConfigurationList section */
		1D6058960D05DD3E006BFB54 /* Build configuration list for PBXNativeTarget "SpeechTimer" */ = {
			isa = XCConfigurationList;
			buildConfigurations = (
				1D6058940D05DD3E006BFB54 /* Debug */,
				1D6058950D05DD3E006BFB54 /* Release */,
			);
			defaultConfigurationIsVisible = 0;
			defaultConfigurationName = Release;
		};
		52591F3F149E466B00DEA711 /* Build configuration list for PBXNativeTarget "SpeechTimerTests" */ = {
			isa = XCConfigurationList;
			buildConfigurations = (
				52591F3D149E466B00DEA711 /* Debug */,
				52591F3E149E466B00DEA711 /* Release */,
			);
			defaultConfigurationIsVisible = 0;
			defaultConfigurationName = Release;
		};
		C01FCF4E08A954540054247B /* Build configuration list for PBXProject "SpeechTimer" */ = {
			isa = XCConfigurationList;
			buildConfigurations = (
				C01FCF4F08A954540054247B /* Debug */,
				C01FCF5008A954540054247B /* Release */,
			);
			defaultConfigurationIsVisible = 0;
			defaultConfigurationName = Release;
		};
/* End XCConfigurationList section */

/* Begin XCVersionGroup section */
		28D3F201112F7DC200FD0661 /* MeetingTimer.xcdatamodeld */ = {
			isa = XCVersionGroup;
			children = (
				28860B760F44E54D00985440 /* MeetingTimer.xcdatamodel */,
			);
			currentVersion = 28860B760F44E54D00985440 /* MeetingTimer.xcdatamodel */;
			path = MeetingTimer.xcdatamodeld;
			sourceTree = "<group>";
			versionGroupType = wrapper.xcdatamodel;
		};
/* End XCVersionGroup section */
	};
	rootObject = 29B97313FDCFA39411CA2CEA /* Project object */;
}
