// !$*UTF8*$!
{
	archiveVersion = 1;
	classes = {
	};
	objectVersion = 46;
	objects = {

/* Begin PBXBuildFile section */
		1D3623260D0F684500981E51 /* MeetingTimerAppDelegate.m in Sources */ = {isa = PBXBuildFile; fileRef = 1D3623250D0F684500981E51 /* MeetingTimerAppDelegate.m */; };
		1D60589B0D05DD56006BFB54 /* main.m in Sources */ = {isa = PBXBuildFile; fileRef = 29B97316FDCFA39411CA2CEA /* main.m */; };
		1D60589F0D05DD5A006BFB54 /* Foundation.framework in Frameworks */ = {isa = PBXBuildFile; fileRef = 1D30AB110D05D00D00671497 /* Foundation.framework */; };
		1DF5F4E00D08C38300B7A737 /* UIKit.framework in Frameworks */ = {isa = PBXBuildFile; fileRef = 1DF5F4DF0D08C38300B7A737 /* UIKit.framework */; };
		28860BE50F44EE6400985440 /* CoreData.framework in Frameworks */ = {isa = PBXBuildFile; fileRef = 28860BE40F44EE6400985440 /* CoreData.framework */; };
		2892E4100DC94CBA00A64D0F /* CoreGraphics.framework in Frameworks */ = {isa = PBXBuildFile; fileRef = 2892E40F0DC94CBA00A64D0F /* CoreGraphics.framework */; };
		2899E5600DE3E45000AC0155 /* JGTimerConfigurationViewController.xib in Resources */ = {isa = PBXBuildFile; fileRef = 2899E55F0DE3E45000AC0155 /* JGTimerConfigurationViewController.xib */; };
		28AD73600D9D9599002E5188 /* MainWindow.xib in Resources */ = {isa = PBXBuildFile; fileRef = 28AD735F0D9D9599002E5188 /* MainWindow.xib */; };
		28C286E10D94DF7D0034E888 /* JGTimerConfigurationViewController.m in Sources */ = {isa = PBXBuildFile; fileRef = 28C286E00D94DF7D0034E888 /* JGTimerConfigurationViewController.m */; };
		28D3F202112F7DC200FD0661 /* MeetingTimer.xcdatamodeld in Sources */ = {isa = PBXBuildFile; fileRef = 28D3F201112F7DC200FD0661 /* MeetingTimer.xcdatamodeld */; };
		5251B9C8149E5C4100AFC0B6 /* JGTimerController.m in Sources */ = {isa = PBXBuildFile; fileRef = 52591F34149E453E00DEA711 /* JGTimerController.m */; };
		5251BB46149EA3A700AFC0B6 /* License.txt in Resources */ = {isa = PBXBuildFile; fileRef = 5251BB1E149EA3A600AFC0B6 /* License.txt */; };
		5251BB47149EA3A700AFC0B6 /* NSInvocation+OCMAdditions.m in Sources */ = {isa = PBXBuildFile; fileRef = 5251BB20149EA3A600AFC0B6 /* NSInvocation+OCMAdditions.m */; };
		5251BB48149EA3A700AFC0B6 /* NSMethodSignature+OCMAdditions.m in Sources */ = {isa = PBXBuildFile; fileRef = 5251BB22149EA3A600AFC0B6 /* NSMethodSignature+OCMAdditions.m */; };
		5251BB49149EA3A700AFC0B6 /* NSNotificationCenter+OCMAdditions.m in Sources */ = {isa = PBXBuildFile; fileRef = 5251BB24149EA3A600AFC0B6 /* NSNotificationCenter+OCMAdditions.m */; };
		5251BB4A149EA3A700AFC0B6 /* OCClassMockObject.m in Sources */ = {isa = PBXBuildFile; fileRef = 5251BB26149EA3A600AFC0B6 /* OCClassMockObject.m */; };
		5251BB4B149EA3A700AFC0B6 /* OCMArg.m in Sources */ = {isa = PBXBuildFile; fileRef = 5251BB28149EA3A600AFC0B6 /* OCMArg.m */; };
		5251BB4C149EA3A700AFC0B6 /* OCMBoxedReturnValueProvider.m in Sources */ = {isa = PBXBuildFile; fileRef = 5251BB2A149EA3A600AFC0B6 /* OCMBoxedReturnValueProvider.m */; };
		5251BB4D149EA3A700AFC0B6 /* OCMConstraint.m in Sources */ = {isa = PBXBuildFile; fileRef = 5251BB2C149EA3A600AFC0B6 /* OCMConstraint.m */; };
		5251BB4E149EA3A700AFC0B6 /* OCMExceptionReturnValueProvider.m in Sources */ = {isa = PBXBuildFile; fileRef = 5251BB2E149EA3A700AFC0B6 /* OCMExceptionReturnValueProvider.m */; };
		5251BB4F149EA3A700AFC0B6 /* OCMIndirectReturnValueProvider.m in Sources */ = {isa = PBXBuildFile; fileRef = 5251BB30149EA3A700AFC0B6 /* OCMIndirectReturnValueProvider.m */; };
		5251BB50149EA3A700AFC0B6 /* OCMNotificationPoster.m in Sources */ = {isa = PBXBuildFile; fileRef = 5251BB32149EA3A700AFC0B6 /* OCMNotificationPoster.m */; };
		5251BB51149EA3A700AFC0B6 /* OCMObserverRecorder.m in Sources */ = {isa = PBXBuildFile; fileRef = 5251BB34149EA3A700AFC0B6 /* OCMObserverRecorder.m */; };
		5251BB52149EA3A700AFC0B6 /* OCMockObject.m in Sources */ = {isa = PBXBuildFile; fileRef = 5251BB37149EA3A700AFC0B6 /* OCMockObject.m */; };
		5251BB53149EA3A700AFC0B6 /* OCMockRecorder.m in Sources */ = {isa = PBXBuildFile; fileRef = 5251BB39149EA3A700AFC0B6 /* OCMockRecorder.m */; };
		5251BB54149EA3A700AFC0B6 /* OCMPassByRefSetter.m in Sources */ = {isa = PBXBuildFile; fileRef = 5251BB3B149EA3A700AFC0B6 /* OCMPassByRefSetter.m */; };
		5251BB55149EA3A700AFC0B6 /* OCMReturnValueProvider.m in Sources */ = {isa = PBXBuildFile; fileRef = 5251BB3D149EA3A700AFC0B6 /* OCMReturnValueProvider.m */; };
		5251BB56149EA3A700AFC0B6 /* OCObserverMockObject.m in Sources */ = {isa = PBXBuildFile; fileRef = 5251BB3F149EA3A700AFC0B6 /* OCObserverMockObject.m */; };
		5251BB57149EA3A700AFC0B6 /* OCPartialMockObject.m in Sources */ = {isa = PBXBuildFile; fileRef = 5251BB41149EA3A700AFC0B6 /* OCPartialMockObject.m */; };
		5251BB58149EA3A700AFC0B6 /* OCPartialMockRecorder.m in Sources */ = {isa = PBXBuildFile; fileRef = 5251BB43149EA3A700AFC0B6 /* OCPartialMockRecorder.m */; };
		5251BB59149EA3A700AFC0B6 /* OCProtocolMockObject.m in Sources */ = {isa = PBXBuildFile; fileRef = 5251BB45149EA3A700AFC0B6 /* OCProtocolMockObject.m */; };
		52591F35149E453E00DEA711 /* JGTimerController.m in Sources */ = {isa = PBXBuildFile; fileRef = 52591F34149E453E00DEA711 /* JGTimerController.m */; };
		52591F43149E469C00DEA711 /* JGTimerControllerTestCase.m in Sources */ = {isa = PBXBuildFile; fileRef = 52591F41149E469000DEA711 /* JGTimerControllerTestCase.m */; };
		52BBBE3914B2EC5700CFE655 /* JGDurationPickerView.m in Sources */ = {isa = PBXBuildFile; fileRef = 52BBBE3814B2EC5700CFE655 /* JGDurationPickerView.m */; };
		52BBBFC714B3232700CFE655 /* JGStringToNumberConverterTestCase.m in Sources */ = {isa = PBXBuildFile; fileRef = 52BBBFC614B3232700CFE655 /* JGStringToNumberConverterTestCase.m */; };
		52BBBFD414B3241900CFE655 /* JGStringConverter.m in Sources */ = {isa = PBXBuildFile; fileRef = 52BBBFD314B3241900CFE655 /* JGStringConverter.m */; };
		52BBBFD514B3241900CFE655 /* JGStringConverter.m in Sources */ = {isa = PBXBuildFile; fileRef = 52BBBFD314B3241900CFE655 /* JGStringConverter.m */; };
		52CA8B5B149D089B0030ADC1 /* JGRunningViewController.m in Sources */ = {isa = PBXBuildFile; fileRef = 52CA8B59149D089B0030ADC1 /* JGRunningViewController.m */; };
		52CA8B5C149D089B0030ADC1 /* JGRunningViewController.xib in Resources */ = {isa = PBXBuildFile; fileRef = 52CA8B5A149D089B0030ADC1 /* JGRunningViewController.xib */; };
		52EB416C14B1200D00308C95 /* JGTimerDurationCalculatorTestCase.m in Sources */ = {isa = PBXBuildFile; fileRef = 52EB416B14B1200D00308C95 /* JGTimerDurationCalculatorTestCase.m */; };
		52EB417314B1218D00308C95 /* JGTimerDurationCalculator.m in Sources */ = {isa = PBXBuildFile; fileRef = 52EB417214B1218D00308C95 /* JGTimerDurationCalculator.m */; };
		52EB417C14B122DB00308C95 /* JGTimerDurationCalculator.m in Sources */ = {isa = PBXBuildFile; fileRef = 52EB417214B1218D00308C95 /* JGTimerDurationCalculator.m */; };
/* End PBXBuildFile section */

/* Begin PBXContainerItemProxy section */
		5228AEB314AE3F1A00C5F9A9 /* PBXContainerItemProxy */ = {
			isa = PBXContainerItemProxy;
			containerPortal = 29B97313FDCFA39411CA2CEA /* Project object */;
			proxyType = 1;
			remoteGlobalIDString = 1D6058900D05DD3D006BFB54;
			remoteInfo = MeetingTimer;
		};
/* End PBXContainerItemProxy section */

/* Begin PBXCopyFilesBuildPhase section */
		5251BAF4149EA31100AFC0B6 /* CopyFiles */ = {
			isa = PBXCopyFilesBuildPhase;
			buildActionMask = 2147483647;
			dstPath = "";
			dstSubfolderSpec = 10;
			files = (
			);
			runOnlyForDeploymentPostprocessing = 0;
		};
/* End PBXCopyFilesBuildPhase section */

/* Begin PBXFileReference section */
		1D30AB110D05D00D00671497 /* Foundation.framework */ = {isa = PBXFileReference; lastKnownFileType = wrapper.framework; name = Foundation.framework; path = System/Library/Frameworks/Foundation.framework; sourceTree = SDKROOT; };
		1D3623240D0F684500981E51 /* MeetingTimerAppDelegate.h */ = {isa = PBXFileReference; fileEncoding = 4; lastKnownFileType = sourcecode.c.h; path = MeetingTimerAppDelegate.h; sourceTree = "<group>"; };
		1D3623250D0F684500981E51 /* MeetingTimerAppDelegate.m */ = {isa = PBXFileReference; fileEncoding = 4; lastKnownFileType = sourcecode.c.objc; path = MeetingTimerAppDelegate.m; sourceTree = "<group>"; };
		1D6058910D05DD3D006BFB54 /* MeetingTimer.app */ = {isa = PBXFileReference; explicitFileType = wrapper.application; includeInIndex = 0; path = MeetingTimer.app; sourceTree = BUILT_PRODUCTS_DIR; };
		1DF5F4DF0D08C38300B7A737 /* UIKit.framework */ = {isa = PBXFileReference; lastKnownFileType = wrapper.framework; name = UIKit.framework; path = System/Library/Frameworks/UIKit.framework; sourceTree = SDKROOT; };
		28860B760F44E54D00985440 /* MeetingTimer.xcdatamodel */ = {isa = PBXFileReference; fileEncoding = 4; lastKnownFileType = wrapper.xcdatamodel; path = MeetingTimer.xcdatamodel; sourceTree = "<group>"; };
		28860BE40F44EE6400985440 /* CoreData.framework */ = {isa = PBXFileReference; lastKnownFileType = wrapper.framework; name = CoreData.framework; path = System/Library/Frameworks/CoreData.framework; sourceTree = SDKROOT; };
		2892E40F0DC94CBA00A64D0F /* CoreGraphics.framework */ = {isa = PBXFileReference; lastKnownFileType = wrapper.framework; name = CoreGraphics.framework; path = System/Library/Frameworks/CoreGraphics.framework; sourceTree = SDKROOT; };
		2899E55F0DE3E45000AC0155 /* JGTimerConfigurationViewController.xib */ = {isa = PBXFileReference; lastKnownFileType = file.xib; path = JGTimerConfigurationViewController.xib; sourceTree = "<group>"; };
		28A0AAE50D9B0CCF005BE974 /* MeetingTimer_Prefix.pch */ = {isa = PBXFileReference; fileEncoding = 4; lastKnownFileType = sourcecode.c.h; path = MeetingTimer_Prefix.pch; sourceTree = "<group>"; };
		28AD735F0D9D9599002E5188 /* MainWindow.xib */ = {isa = PBXFileReference; lastKnownFileType = file.xib; path = MainWindow.xib; sourceTree = "<group>"; };
		28C286DF0D94DF7D0034E888 /* JGTimerConfigurationViewController.h */ = {isa = PBXFileReference; fileEncoding = 4; lastKnownFileType = sourcecode.c.h; path = JGTimerConfigurationViewController.h; sourceTree = "<group>"; };
		28C286E00D94DF7D0034E888 /* JGTimerConfigurationViewController.m */ = {isa = PBXFileReference; fileEncoding = 4; lastKnownFileType = sourcecode.c.objc; path = JGTimerConfigurationViewController.m; sourceTree = "<group>"; };
		29B97316FDCFA39411CA2CEA /* main.m */ = {isa = PBXFileReference; fileEncoding = 4; lastKnownFileType = sourcecode.c.objc; path = main.m; sourceTree = "<group>"; };
		5251B9A9149E59B400AFC0B6 /* JGTimerControllerDelegate.h */ = {isa = PBXFileReference; fileEncoding = 4; lastKnownFileType = sourcecode.c.h; path = JGTimerControllerDelegate.h; sourceTree = "<group>"; };
		5251BB1E149EA3A600AFC0B6 /* License.txt */ = {isa = PBXFileReference; fileEncoding = 4; lastKnownFileType = text; path = License.txt; sourceTree = "<group>"; };
		5251BB1F149EA3A600AFC0B6 /* NSInvocation+OCMAdditions.h */ = {isa = PBXFileReference; fileEncoding = 4; lastKnownFileType = sourcecode.c.h; path = "NSInvocation+OCMAdditions.h"; sourceTree = "<group>"; };
		5251BB20149EA3A600AFC0B6 /* NSInvocation+OCMAdditions.m */ = {isa = PBXFileReference; fileEncoding = 4; lastKnownFileType = sourcecode.c.objc; path = "NSInvocation+OCMAdditions.m"; sourceTree = "<group>"; };
		5251BB21149EA3A600AFC0B6 /* NSMethodSignature+OCMAdditions.h */ = {isa = PBXFileReference; fileEncoding = 4; lastKnownFileType = sourcecode.c.h; path = "NSMethodSignature+OCMAdditions.h"; sourceTree = "<group>"; };
		5251BB22149EA3A600AFC0B6 /* NSMethodSignature+OCMAdditions.m */ = {isa = PBXFileReference; fileEncoding = 4; lastKnownFileType = sourcecode.c.objc; path = "NSMethodSignature+OCMAdditions.m"; sourceTree = "<group>"; };
		5251BB23149EA3A600AFC0B6 /* NSNotificationCenter+OCMAdditions.h */ = {isa = PBXFileReference; fileEncoding = 4; lastKnownFileType = sourcecode.c.h; path = "NSNotificationCenter+OCMAdditions.h"; sourceTree = "<group>"; };
		5251BB24149EA3A600AFC0B6 /* NSNotificationCenter+OCMAdditions.m */ = {isa = PBXFileReference; fileEncoding = 4; lastKnownFileType = sourcecode.c.objc; path = "NSNotificationCenter+OCMAdditions.m"; sourceTree = "<group>"; };
		5251BB25149EA3A600AFC0B6 /* OCClassMockObject.h */ = {isa = PBXFileReference; fileEncoding = 4; lastKnownFileType = sourcecode.c.h; path = OCClassMockObject.h; sourceTree = "<group>"; };
		5251BB26149EA3A600AFC0B6 /* OCClassMockObject.m */ = {isa = PBXFileReference; fileEncoding = 4; lastKnownFileType = sourcecode.c.objc; path = OCClassMockObject.m; sourceTree = "<group>"; };
		5251BB27149EA3A600AFC0B6 /* OCMArg.h */ = {isa = PBXFileReference; fileEncoding = 4; lastKnownFileType = sourcecode.c.h; path = OCMArg.h; sourceTree = "<group>"; };
		5251BB28149EA3A600AFC0B6 /* OCMArg.m */ = {isa = PBXFileReference; fileEncoding = 4; lastKnownFileType = sourcecode.c.objc; path = OCMArg.m; sourceTree = "<group>"; };
		5251BB29149EA3A600AFC0B6 /* OCMBoxedReturnValueProvider.h */ = {isa = PBXFileReference; fileEncoding = 4; lastKnownFileType = sourcecode.c.h; path = OCMBoxedReturnValueProvider.h; sourceTree = "<group>"; };
		5251BB2A149EA3A600AFC0B6 /* OCMBoxedReturnValueProvider.m */ = {isa = PBXFileReference; fileEncoding = 4; lastKnownFileType = sourcecode.c.objc; path = OCMBoxedReturnValueProvider.m; sourceTree = "<group>"; };
		5251BB2B149EA3A600AFC0B6 /* OCMConstraint.h */ = {isa = PBXFileReference; fileEncoding = 4; lastKnownFileType = sourcecode.c.h; path = OCMConstraint.h; sourceTree = "<group>"; };
		5251BB2C149EA3A600AFC0B6 /* OCMConstraint.m */ = {isa = PBXFileReference; fileEncoding = 4; lastKnownFileType = sourcecode.c.objc; path = OCMConstraint.m; sourceTree = "<group>"; };
		5251BB2D149EA3A700AFC0B6 /* OCMExceptionReturnValueProvider.h */ = {isa = PBXFileReference; fileEncoding = 4; lastKnownFileType = sourcecode.c.h; path = OCMExceptionReturnValueProvider.h; sourceTree = "<group>"; };
		5251BB2E149EA3A700AFC0B6 /* OCMExceptionReturnValueProvider.m */ = {isa = PBXFileReference; fileEncoding = 4; lastKnownFileType = sourcecode.c.objc; path = OCMExceptionReturnValueProvider.m; sourceTree = "<group>"; };
		5251BB2F149EA3A700AFC0B6 /* OCMIndirectReturnValueProvider.h */ = {isa = PBXFileReference; fileEncoding = 4; lastKnownFileType = sourcecode.c.h; path = OCMIndirectReturnValueProvider.h; sourceTree = "<group>"; };
		5251BB30149EA3A700AFC0B6 /* OCMIndirectReturnValueProvider.m */ = {isa = PBXFileReference; fileEncoding = 4; lastKnownFileType = sourcecode.c.objc; path = OCMIndirectReturnValueProvider.m; sourceTree = "<group>"; };
		5251BB31149EA3A700AFC0B6 /* OCMNotificationPoster.h */ = {isa = PBXFileReference; fileEncoding = 4; lastKnownFileType = sourcecode.c.h; path = OCMNotificationPoster.h; sourceTree = "<group>"; };
		5251BB32149EA3A700AFC0B6 /* OCMNotificationPoster.m */ = {isa = PBXFileReference; fileEncoding = 4; lastKnownFileType = sourcecode.c.objc; path = OCMNotificationPoster.m; sourceTree = "<group>"; };
		5251BB33149EA3A700AFC0B6 /* OCMObserverRecorder.h */ = {isa = PBXFileReference; fileEncoding = 4; lastKnownFileType = sourcecode.c.h; path = OCMObserverRecorder.h; sourceTree = "<group>"; };
		5251BB34149EA3A700AFC0B6 /* OCMObserverRecorder.m */ = {isa = PBXFileReference; fileEncoding = 4; lastKnownFileType = sourcecode.c.objc; path = OCMObserverRecorder.m; sourceTree = "<group>"; };
		5251BB35149EA3A700AFC0B6 /* OCMock.h */ = {isa = PBXFileReference; fileEncoding = 4; lastKnownFileType = sourcecode.c.h; path = OCMock.h; sourceTree = "<group>"; };
		5251BB36149EA3A700AFC0B6 /* OCMockObject.h */ = {isa = PBXFileReference; fileEncoding = 4; lastKnownFileType = sourcecode.c.h; path = OCMockObject.h; sourceTree = "<group>"; };
		5251BB37149EA3A700AFC0B6 /* OCMockObject.m */ = {isa = PBXFileReference; fileEncoding = 4; lastKnownFileType = sourcecode.c.objc; path = OCMockObject.m; sourceTree = "<group>"; };
		5251BB38149EA3A700AFC0B6 /* OCMockRecorder.h */ = {isa = PBXFileReference; fileEncoding = 4; lastKnownFileType = sourcecode.c.h; path = OCMockRecorder.h; sourceTree = "<group>"; };
		5251BB39149EA3A700AFC0B6 /* OCMockRecorder.m */ = {isa = PBXFileReference; fileEncoding = 4; lastKnownFileType = sourcecode.c.objc; path = OCMockRecorder.m; sourceTree = "<group>"; };
		5251BB3A149EA3A700AFC0B6 /* OCMPassByRefSetter.h */ = {isa = PBXFileReference; fileEncoding = 4; lastKnownFileType = sourcecode.c.h; path = OCMPassByRefSetter.h; sourceTree = "<group>"; };
		5251BB3B149EA3A700AFC0B6 /* OCMPassByRefSetter.m */ = {isa = PBXFileReference; fileEncoding = 4; lastKnownFileType = sourcecode.c.objc; path = OCMPassByRefSetter.m; sourceTree = "<group>"; };
		5251BB3C149EA3A700AFC0B6 /* OCMReturnValueProvider.h */ = {isa = PBXFileReference; fileEncoding = 4; lastKnownFileType = sourcecode.c.h; path = OCMReturnValueProvider.h; sourceTree = "<group>"; };
		5251BB3D149EA3A700AFC0B6 /* OCMReturnValueProvider.m */ = {isa = PBXFileReference; fileEncoding = 4; lastKnownFileType = sourcecode.c.objc; path = OCMReturnValueProvider.m; sourceTree = "<group>"; };
		5251BB3E149EA3A700AFC0B6 /* OCObserverMockObject.h */ = {isa = PBXFileReference; fileEncoding = 4; lastKnownFileType = sourcecode.c.h; path = OCObserverMockObject.h; sourceTree = "<group>"; };
		5251BB3F149EA3A700AFC0B6 /* OCObserverMockObject.m */ = {isa = PBXFileReference; fileEncoding = 4; lastKnownFileType = sourcecode.c.objc; path = OCObserverMockObject.m; sourceTree = "<group>"; };
		5251BB40149EA3A700AFC0B6 /* OCPartialMockObject.h */ = {isa = PBXFileReference; fileEncoding = 4; lastKnownFileType = sourcecode.c.h; path = OCPartialMockObject.h; sourceTree = "<group>"; };
		5251BB41149EA3A700AFC0B6 /* OCPartialMockObject.m */ = {isa = PBXFileReference; fileEncoding = 4; lastKnownFileType = sourcecode.c.objc; path = OCPartialMockObject.m; sourceTree = "<group>"; };
		5251BB42149EA3A700AFC0B6 /* OCPartialMockRecorder.h */ = {isa = PBXFileReference; fileEncoding = 4; lastKnownFileType = sourcecode.c.h; path = OCPartialMockRecorder.h; sourceTree = "<group>"; };
		5251BB43149EA3A700AFC0B6 /* OCPartialMockRecorder.m */ = {isa = PBXFileReference; fileEncoding = 4; lastKnownFileType = sourcecode.c.objc; path = OCPartialMockRecorder.m; sourceTree = "<group>"; };
		5251BB44149EA3A700AFC0B6 /* OCProtocolMockObject.h */ = {isa = PBXFileReference; fileEncoding = 4; lastKnownFileType = sourcecode.c.h; path = OCProtocolMockObject.h; sourceTree = "<group>"; };
		5251BB45149EA3A700AFC0B6 /* OCProtocolMockObject.m */ = {isa = PBXFileReference; fileEncoding = 4; lastKnownFileType = sourcecode.c.objc; path = OCProtocolMockObject.m; sourceTree = "<group>"; };
		52591F33149E453E00DEA711 /* JGTimerController.h */ = {isa = PBXFileReference; fileEncoding = 4; lastKnownFileType = sourcecode.c.h; path = JGTimerController.h; sourceTree = "<group>"; };
		52591F34149E453E00DEA711 /* JGTimerController.m */ = {isa = PBXFileReference; fileEncoding = 4; lastKnownFileType = sourcecode.c.objc; path = JGTimerController.m; sourceTree = "<group>"; };
		52591F3B149E466B00DEA711 /* MeetingTimerTests.octest */ = {isa = PBXFileReference; explicitFileType = wrapper.cfbundle; includeInIndex = 0; path = MeetingTimerTests.octest; sourceTree = BUILT_PRODUCTS_DIR; };
		52591F3C149E466B00DEA711 /* MeetingTimerTests-Info.plist */ = {isa = PBXFileReference; lastKnownFileType = text.plist.xml; path = "MeetingTimerTests-Info.plist"; sourceTree = "<group>"; };
		52591F40149E469000DEA711 /* JGTimerControllerTestCase.h */ = {isa = PBXFileReference; fileEncoding = 4; lastKnownFileType = sourcecode.c.h; path = JGTimerControllerTestCase.h; sourceTree = "<group>"; };
		52591F41149E469000DEA711 /* JGTimerControllerTestCase.m */ = {isa = PBXFileReference; fileEncoding = 4; lastKnownFileType = sourcecode.c.objc; path = JGTimerControllerTestCase.m; sourceTree = "<group>"; };
		52BBBE3714B2EC5700CFE655 /* JGDurationPickerView.h */ = {isa = PBXFileReference; fileEncoding = 4; lastKnownFileType = sourcecode.c.h; path = JGDurationPickerView.h; sourceTree = "<group>"; };
		52BBBE3814B2EC5700CFE655 /* JGDurationPickerView.m */ = {isa = PBXFileReference; fileEncoding = 4; lastKnownFileType = sourcecode.c.objc; path = JGDurationPickerView.m; sourceTree = "<group>"; };
		52BBBFC514B3232700CFE655 /* JGStringToNumberConverterTestCase.h */ = {isa = PBXFileReference; fileEncoding = 4; lastKnownFileType = sourcecode.c.h; path = JGStringToNumberConverterTestCase.h; sourceTree = "<group>"; };
		52BBBFC614B3232700CFE655 /* JGStringToNumberConverterTestCase.m */ = {isa = PBXFileReference; fileEncoding = 4; lastKnownFileType = sourcecode.c.objc; path = JGStringToNumberConverterTestCase.m; sourceTree = "<group>"; };
		52BBBFD214B3241900CFE655 /* JGStringConverter.h */ = {isa = PBXFileReference; fileEncoding = 4; lastKnownFileType = sourcecode.c.h; path = JGStringConverter.h; sourceTree = "<group>"; };
		52BBBFD314B3241900CFE655 /* JGStringConverter.m */ = {isa = PBXFileReference; fileEncoding = 4; lastKnownFileType = sourcecode.c.objc; path = JGStringConverter.m; sourceTree = "<group>"; };
		52CA8B58149D089B0030ADC1 /* JGRunningViewController.h */ = {isa = PBXFileReference; fileEncoding = 4; lastKnownFileType = sourcecode.c.h; path = JGRunningViewController.h; sourceTree = "<group>"; };
		52CA8B59149D089B0030ADC1 /* JGRunningViewController.m */ = {isa = PBXFileReference; fileEncoding = 4; lastKnownFileType = sourcecode.c.objc; path = JGRunningViewController.m; sourceTree = "<group>"; };
		52CA8B5A149D089B0030ADC1 /* JGRunningViewController.xib */ = {isa = PBXFileReference; lastKnownFileType = file.xib; name = JGRunningViewController.xib; path = Classes/JGRunningViewController.xib; sourceTree = "<group>"; };
		52EB416A14B1200D00308C95 /* JGTimerDurationCalculatorTestCase.h */ = {isa = PBXFileReference; fileEncoding = 4; lastKnownFileType = sourcecode.c.h; path = JGTimerDurationCalculatorTestCase.h; sourceTree = "<group>"; };
		52EB416B14B1200D00308C95 /* JGTimerDurationCalculatorTestCase.m */ = {isa = PBXFileReference; fileEncoding = 4; lastKnownFileType = sourcecode.c.objc; path = JGTimerDurationCalculatorTestCase.m; sourceTree = "<group>"; };
		52EB417114B1218D00308C95 /* JGTimerDurationCalculator.h */ = {isa = PBXFileReference; fileEncoding = 4; lastKnownFileType = sourcecode.c.h; path = JGTimerDurationCalculator.h; sourceTree = "<group>"; };
		52EB417214B1218D00308C95 /* JGTimerDurationCalculator.m */ = {isa = PBXFileReference; fileEncoding = 4; lastKnownFileType = sourcecode.c.objc; path = JGTimerDurationCalculator.m; sourceTree = "<group>"; };
		8D1107310486CEB800E47090 /* MeetingTimer-Info.plist */ = {isa = PBXFileReference; fileEncoding = 4; lastKnownFileType = text.plist.xml; path = "MeetingTimer-Info.plist"; plistStructureDefinitionIdentifier = "com.apple.xcode.plist.structure-definition.iphone.info-plist"; sourceTree = "<group>"; };
/* End PBXFileReference section */

/* Begin PBXFrameworksBuildPhase section */
		1D60588F0D05DD3D006BFB54 /* Frameworks */ = {
			isa = PBXFrameworksBuildPhase;
			buildActionMask = 2147483647;
			files = (
				1D60589F0D05DD5A006BFB54 /* Foundation.framework in Frameworks */,
				1DF5F4E00D08C38300B7A737 /* UIKit.framework in Frameworks */,
				2892E4100DC94CBA00A64D0F /* CoreGraphics.framework in Frameworks */,
				28860BE50F44EE6400985440 /* CoreData.framework in Frameworks */,
			);
			runOnlyForDeploymentPostprocessing = 0;
		};
		52591F38149E466B00DEA711 /* Frameworks */ = {
			isa = PBXFrameworksBuildPhase;
			buildActionMask = 2147483647;
			files = (
			);
			runOnlyForDeploymentPostprocessing = 0;
		};
/* End PBXFrameworksBuildPhase section */

/* Begin PBXGroup section */
		080E96DDFE201D6D7F000001 /* Classes */ = {
			isa = PBXGroup;
			children = (
				52BBBFC414B3230400CFE655 /* StringConverter */,
				52BBBE3614B2EC4B00CFE655 /* DurationPickerView */,
				52BBBE3514B2EC3200CFE655 /* AppDelegate */,
				5251B9F8149E5D4300AFC0B6 /* ViewControllers */,
				5251B9AB149E59BD00AFC0B6 /* TimerController */,
			);
			path = Classes;
			sourceTree = "<group>";
		};
		19C28FACFE9D520D11CA2CBB /* Products */ = {
			isa = PBXGroup;
			children = (
				1D6058910D05DD3D006BFB54 /* MeetingTimer.app */,
				52591F3B149E466B00DEA711 /* MeetingTimerTests.octest */,
			);
			name = Products;
			sourceTree = "<group>";
		};
		29B97314FDCFA39411CA2CEA /* CustomTemplate */ = {
			isa = PBXGroup;
			children = (
				5251BB1D149EA3A600AFC0B6 /* OCMock */,
				080E96DDFE201D6D7F000001 /* Classes */,
				29B97315FDCFA39411CA2CEA /* Other Sources */,
				29B97317FDCFA39411CA2CEA /* Resources */,
				29B97323FDCFA39411CA2CEA /* Frameworks */,
				19C28FACFE9D520D11CA2CBB /* Products */,
				52591F3C149E466B00DEA711 /* MeetingTimerTests-Info.plist */,
			);
			name = CustomTemplate;
			sourceTree = "<group>";
		};
		29B97315FDCFA39411CA2CEA /* Other Sources */ = {
			isa = PBXGroup;
			children = (
				28A0AAE50D9B0CCF005BE974 /* MeetingTimer_Prefix.pch */,
				29B97316FDCFA39411CA2CEA /* main.m */,
			);
			name = "Other Sources";
			sourceTree = "<group>";
		};
		29B97317FDCFA39411CA2CEA /* Resources */ = {
			isa = PBXGroup;
			children = (
				2899E55F0DE3E45000AC0155 /* JGTimerConfigurationViewController.xib */,
				52CA8B5A149D089B0030ADC1 /* JGRunningViewController.xib */,
				28AD735F0D9D9599002E5188 /* MainWindow.xib */,
				8D1107310486CEB800E47090 /* MeetingTimer-Info.plist */,
				28D3F201112F7DC200FD0661 /* MeetingTimer.xcdatamodeld */,
			);
			name = Resources;
			sourceTree = "<group>";
		};
		29B97323FDCFA39411CA2CEA /* Frameworks */ = {
			isa = PBXGroup;
			children = (
				1DF5F4DF0D08C38300B7A737 /* UIKit.framework */,
				1D30AB110D05D00D00671497 /* Foundation.framework */,
				2892E40F0DC94CBA00A64D0F /* CoreGraphics.framework */,
				28860BE40F44EE6400985440 /* CoreData.framework */,
			);
			name = Frameworks;
			sourceTree = "<group>";
		};
		5251B9AB149E59BD00AFC0B6 /* TimerController */ = {
			isa = PBXGroup;
			children = (
				5251B9A9149E59B400AFC0B6 /* JGTimerControllerDelegate.h */,
				52591F33149E453E00DEA711 /* JGTimerController.h */,
				52591F34149E453E00DEA711 /* JGTimerController.m */,
				52591F40149E469000DEA711 /* JGTimerControllerTestCase.h */,
				52591F41149E469000DEA711 /* JGTimerControllerTestCase.m */,
				52EB417114B1218D00308C95 /* JGTimerDurationCalculator.h */,
				52EB417214B1218D00308C95 /* JGTimerDurationCalculator.m */,
				52EB416A14B1200D00308C95 /* JGTimerDurationCalculatorTestCase.h */,
				52EB416B14B1200D00308C95 /* JGTimerDurationCalculatorTestCase.m */,
			);
			name = TimerController;
			sourceTree = "<group>";
		};
		5251B9F8149E5D4300AFC0B6 /* ViewControllers */ = {
			isa = PBXGroup;
			children = (
				28C286DF0D94DF7D0034E888 /* JGTimerConfigurationViewController.h */,
				28C286E00D94DF7D0034E888 /* JGTimerConfigurationViewController.m */,
				52CA8B58149D089B0030ADC1 /* JGRunningViewController.h */,
				52CA8B59149D089B0030ADC1 /* JGRunningViewController.m */,
			);
			name = ViewControllers;
			sourceTree = "<group>";
		};
		5251BB1D149EA3A600AFC0B6 /* OCMock */ = {
			isa = PBXGroup;
			children = (
				5251BB1E149EA3A600AFC0B6 /* License.txt */,
				5251BB1F149EA3A600AFC0B6 /* NSInvocation+OCMAdditions.h */,
				5251BB20149EA3A600AFC0B6 /* NSInvocation+OCMAdditions.m */,
				5251BB21149EA3A600AFC0B6 /* NSMethodSignature+OCMAdditions.h */,
				5251BB22149EA3A600AFC0B6 /* NSMethodSignature+OCMAdditions.m */,
				5251BB23149EA3A600AFC0B6 /* NSNotificationCenter+OCMAdditions.h */,
				5251BB24149EA3A600AFC0B6 /* NSNotificationCenter+OCMAdditions.m */,
				5251BB25149EA3A600AFC0B6 /* OCClassMockObject.h */,
				5251BB26149EA3A600AFC0B6 /* OCClassMockObject.m */,
				5251BB27149EA3A600AFC0B6 /* OCMArg.h */,
				5251BB28149EA3A600AFC0B6 /* OCMArg.m */,
				5251BB29149EA3A600AFC0B6 /* OCMBoxedReturnValueProvider.h */,
				5251BB2A149EA3A600AFC0B6 /* OCMBoxedReturnValueProvider.m */,
				5251BB2B149EA3A600AFC0B6 /* OCMConstraint.h */,
				5251BB2C149EA3A600AFC0B6 /* OCMConstraint.m */,
				5251BB2D149EA3A700AFC0B6 /* OCMExceptionReturnValueProvider.h */,
				5251BB2E149EA3A700AFC0B6 /* OCMExceptionReturnValueProvider.m */,
				5251BB2F149EA3A700AFC0B6 /* OCMIndirectReturnValueProvider.h */,
				5251BB30149EA3A700AFC0B6 /* OCMIndirectReturnValueProvider.m */,
				5251BB31149EA3A700AFC0B6 /* OCMNotificationPoster.h */,
				5251BB32149EA3A700AFC0B6 /* OCMNotificationPoster.m */,
				5251BB33149EA3A700AFC0B6 /* OCMObserverRecorder.h */,
				5251BB34149EA3A700AFC0B6 /* OCMObserverRecorder.m */,
				5251BB35149EA3A700AFC0B6 /* OCMock.h */,
				5251BB36149EA3A700AFC0B6 /* OCMockObject.h */,
				5251BB37149EA3A700AFC0B6 /* OCMockObject.m */,
				5251BB38149EA3A700AFC0B6 /* OCMockRecorder.h */,
				5251BB39149EA3A700AFC0B6 /* OCMockRecorder.m */,
				5251BB3A149EA3A700AFC0B6 /* OCMPassByRefSetter.h */,
				5251BB3B149EA3A700AFC0B6 /* OCMPassByRefSetter.m */,
				5251BB3C149EA3A700AFC0B6 /* OCMReturnValueProvider.h */,
				5251BB3D149EA3A700AFC0B6 /* OCMReturnValueProvider.m */,
				5251BB3E149EA3A700AFC0B6 /* OCObserverMockObject.h */,
				5251BB3F149EA3A700AFC0B6 /* OCObserverMockObject.m */,
				5251BB40149EA3A700AFC0B6 /* OCPartialMockObject.h */,
				5251BB41149EA3A700AFC0B6 /* OCPartialMockObject.m */,
				5251BB42149EA3A700AFC0B6 /* OCPartialMockRecorder.h */,
				5251BB43149EA3A700AFC0B6 /* OCPartialMockRecorder.m */,
				5251BB44149EA3A700AFC0B6 /* OCProtocolMockObject.h */,
				5251BB45149EA3A700AFC0B6 /* OCProtocolMockObject.m */,
			);
			path = OCMock;
			sourceTree = "<group>";
		};
		52BBBE3514B2EC3200CFE655 /* AppDelegate */ = {
			isa = PBXGroup;
			children = (
				1D3623240D0F684500981E51 /* MeetingTimerAppDelegate.h */,
				1D3623250D0F684500981E51 /* MeetingTimerAppDelegate.m */,
			);
			name = AppDelegate;
			sourceTree = "<group>";
		};
		52BBBE3614B2EC4B00CFE655 /* DurationPickerView */ = {
			isa = PBXGroup;
			children = (
				52BBBE3714B2EC5700CFE655 /* JGDurationPickerView.h */,
				52BBBE3814B2EC5700CFE655 /* JGDurationPickerView.m */,
			);
			name = DurationPickerView;
			sourceTree = "<group>";
		};
		52BBBFC414B3230400CFE655 /* StringConverter */ = {
			isa = PBXGroup;
			children = (
				52BBBFC514B3232700CFE655 /* JGStringToNumberConverterTestCase.h */,
				52BBBFC614B3232700CFE655 /* JGStringToNumberConverterTestCase.m */,
				52BBBFD214B3241900CFE655 /* JGStringConverter.h */,
				52BBBFD314B3241900CFE655 /* JGStringConverter.m */,
			);
			name = StringConverter;
			sourceTree = "<group>";
		};
/* End PBXGroup section */

/* Begin PBXNativeTarget section */
		1D6058900D05DD3D006BFB54 /* MeetingTimer */ = {
			isa = PBXNativeTarget;
			buildConfigurationList = 1D6058960D05DD3E006BFB54 /* Build configuration list for PBXNativeTarget "MeetingTimer" */;
			buildPhases = (
				1D60588D0D05DD3D006BFB54 /* Resources */,
				1D60588E0D05DD3D006BFB54 /* Sources */,
				1D60588F0D05DD3D006BFB54 /* Frameworks */,
			);
			buildRules = (
			);
			dependencies = (
			);
			name = MeetingTimer;
			productName = MeetingTimer;
			productReference = 1D6058910D05DD3D006BFB54 /* MeetingTimer.app */;
			productType = "com.apple.product-type.application";
		};
		52591F3A149E466B00DEA711 /* MeetingTimerTests */ = {
			isa = PBXNativeTarget;
			buildConfigurationList = 52591F3F149E466B00DEA711 /* Build configuration list for PBXNativeTarget "MeetingTimerTests" */;
			buildPhases = (
				52591F36149E466B00DEA711 /* Resources */,
				52591F37149E466B00DEA711 /* Sources */,
				52591F38149E466B00DEA711 /* Frameworks */,
				52591F39149E466B00DEA711 /* ShellScript */,
				5251BAF4149EA31100AFC0B6 /* CopyFiles */,
			);
			buildRules = (
			);
			dependencies = (
				5228AEB414AE3F1A00C5F9A9 /* PBXTargetDependency */,
			);
			name = MeetingTimerTests;
			productName = MeetingTimerTests;
			productReference = 52591F3B149E466B00DEA711 /* MeetingTimerTests.octest */;
			productType = "com.apple.product-type.bundle";
		};
/* End PBXNativeTarget section */

/* Begin PBXProject section */
		29B97313FDCFA39411CA2CEA /* Project object */ = {
			isa = PBXProject;
			buildConfigurationList = C01FCF4E08A954540054247B /* Build configuration list for PBXProject "MeetingTimer" */;
			compatibilityVersion = "Xcode 3.2";
			developmentRegion = English;
			hasScannedForEncodings = 1;
			knownRegions = (
				English,
				Japanese,
				French,
				German,
				en,
			);
			mainGroup = 29B97314FDCFA39411CA2CEA /* CustomTemplate */;
			projectDirPath = "";
			projectRoot = "";
			targets = (
				1D6058900D05DD3D006BFB54 /* MeetingTimer */,
				52591F3A149E466B00DEA711 /* MeetingTimerTests */,
			);
		};
/* End PBXProject section */

/* Begin PBXResourcesBuildPhase section */
		1D60588D0D05DD3D006BFB54 /* Resources */ = {
			isa = PBXResourcesBuildPhase;
			buildActionMask = 2147483647;
			files = (
				28AD73600D9D9599002E5188 /* MainWindow.xib in Resources */,
				2899E5600DE3E45000AC0155 /* JGTimerConfigurationViewController.xib in Resources */,
				52CA8B5C149D089B0030ADC1 /* JGRunningViewController.xib in Resources */,
			);
			runOnlyForDeploymentPostprocessing = 0;
		};
		52591F36149E466B00DEA711 /* Resources */ = {
			isa = PBXResourcesBuildPhase;
			buildActionMask = 2147483647;
			files = (
				5251BB46149EA3A700AFC0B6 /* License.txt in Resources */,
			);
			runOnlyForDeploymentPostprocessing = 0;
		};
/* End PBXResourcesBuildPhase section */

/* Begin PBXShellScriptBuildPhase section */
		52591F39149E466B00DEA711 /* ShellScript */ = {
			isa = PBXShellScriptBuildPhase;
			buildActionMask = 2147483647;
			files = (
			);
			inputPaths = (
			);
			outputPaths = (
			);
			runOnlyForDeploymentPostprocessing = 0;
			shellPath = /bin/sh;
			shellScript = "# Run the unit tests in this test bundle.\n\"${SYSTEM_DEVELOPER_DIR}/Tools/RunUnitTests\"";
		};
/* End PBXShellScriptBuildPhase section */

/* Begin PBXSourcesBuildPhase section */
		1D60588E0D05DD3D006BFB54 /* Sources */ = {
			isa = PBXSourcesBuildPhase;
			buildActionMask = 2147483647;
			files = (
				1D60589B0D05DD56006BFB54 /* main.m in Sources */,
				1D3623260D0F684500981E51 /* MeetingTimerAppDelegate.m in Sources */,
				28C286E10D94DF7D0034E888 /* JGTimerConfigurationViewController.m in Sources */,
				28D3F202112F7DC200FD0661 /* MeetingTimer.xcdatamodeld in Sources */,
				52CA8B5B149D089B0030ADC1 /* JGRunningViewController.m in Sources */,
				52591F35149E453E00DEA711 /* JGTimerController.m in Sources */,
				52EB417314B1218D00308C95 /* JGTimerDurationCalculator.m in Sources */,
				52BBBE3914B2EC5700CFE655 /* JGDurationPickerView.m in Sources */,
				52BBBFD514B3241900CFE655 /* JGStringConverter.m in Sources */,
			);
			runOnlyForDeploymentPostprocessing = 0;
		};
		52591F37149E466B00DEA711 /* Sources */ = {
			isa = PBXSourcesBuildPhase;
			buildActionMask = 2147483647;
			files = (
				52591F43149E469C00DEA711 /* JGTimerControllerTestCase.m in Sources */,
				5251B9C8149E5C4100AFC0B6 /* JGTimerController.m in Sources */,
				5251BB47149EA3A700AFC0B6 /* NSInvocation+OCMAdditions.m in Sources */,
				5251BB48149EA3A700AFC0B6 /* NSMethodSignature+OCMAdditions.m in Sources */,
				5251BB49149EA3A700AFC0B6 /* NSNotificationCenter+OCMAdditions.m in Sources */,
				5251BB4A149EA3A700AFC0B6 /* OCClassMockObject.m in Sources */,
				5251BB4B149EA3A700AFC0B6 /* OCMArg.m in Sources */,
				5251BB4C149EA3A700AFC0B6 /* OCMBoxedReturnValueProvider.m in Sources */,
				5251BB4D149EA3A700AFC0B6 /* OCMConstraint.m in Sources */,
				5251BB4E149EA3A700AFC0B6 /* OCMExceptionReturnValueProvider.m in Sources */,
				5251BB4F149EA3A700AFC0B6 /* OCMIndirectReturnValueProvider.m in Sources */,
				5251BB50149EA3A700AFC0B6 /* OCMNotificationPoster.m in Sources */,
				5251BB51149EA3A700AFC0B6 /* OCMObserverRecorder.m in Sources */,
				5251BB52149EA3A700AFC0B6 /* OCMockObject.m in Sources */,
				5251BB53149EA3A700AFC0B6 /* OCMockRecorder.m in Sources */,
				5251BB54149EA3A700AFC0B6 /* OCMPassByRefSetter.m in Sources */,
				5251BB55149EA3A700AFC0B6 /* OCMReturnValueProvider.m in Sources */,
				5251BB56149EA3A700AFC0B6 /* OCObserverMockObject.m in Sources */,
				5251BB57149EA3A700AFC0B6 /* OCPartialMockObject.m in Sources */,
				5251BB58149EA3A700AFC0B6 /* OCPartialMockRecorder.m in Sources */,
				5251BB59149EA3A700AFC0B6 /* OCProtocolMockObject.m in Sources */,
				52EB416C14B1200D00308C95 /* JGTimerDurationCalculatorTestCase.m in Sources */,
				52EB417C14B122DB00308C95 /* JGTimerDurationCalculator.m in Sources */,
				52BBBFC714B3232700CFE655 /* JGStringToNumberConverterTestCase.m in Sources */,
				52BBBFD414B3241900CFE655 /* JGStringConverter.m in Sources */,
			);
			runOnlyForDeploymentPostprocessing = 0;
		};
/* End PBXSourcesBuildPhase section */

/* Begin PBXTargetDependency section */
		5228AEB414AE3F1A00C5F9A9 /* PBXTargetDependency */ = {
			isa = PBXTargetDependency;
			target = 1D6058900D05DD3D006BFB54 /* MeetingTimer */;
			targetProxy = 5228AEB314AE3F1A00C5F9A9 /* PBXContainerItemProxy */;
		};
/* End PBXTargetDependency section */

/* Begin XCBuildConfiguration section */
		1D6058940D05DD3E006BFB54 /* Debug */ = {
			isa = XCBuildConfiguration;
			buildSettings = {
				ALWAYS_SEARCH_USER_PATHS = NO;
				COPY_PHASE_STRIP = NO;
				GCC_DYNAMIC_NO_PIC = NO;
				GCC_OPTIMIZATION_LEVEL = 0;
				GCC_PRECOMPILE_PREFIX_HEADER = YES;
				GCC_PREFIX_HEADER = MeetingTimer_Prefix.pch;
				INFOPLIST_FILE = "MeetingTimer-Info.plist";
				PRODUCT_NAME = MeetingTimer;
			};
			name = Debug;
		};
		1D6058950D05DD3E006BFB54 /* Release */ = {
			isa = XCBuildConfiguration;
			buildSettings = {
				ALWAYS_SEARCH_USER_PATHS = NO;
				COPY_PHASE_STRIP = YES;
				GCC_PRECOMPILE_PREFIX_HEADER = YES;
				GCC_PREFIX_HEADER = MeetingTimer_Prefix.pch;
				INFOPLIST_FILE = "MeetingTimer-Info.plist";
				PRODUCT_NAME = MeetingTimer;
				VALIDATE_PRODUCT = YES;
			};
			name = Release;
		};
		52591F3D149E466B00DEA711 /* Debug */ = {
			isa = XCBuildConfiguration;
			buildSettings = {
				ALWAYS_SEARCH_USER_PATHS = NO;
				BUNDLE_LOADER = "$(CONFIGURATION_BUILD_DIR)/MeetingTimer.app/MeetingTimer";
				"CODE_SIGN_IDENTITY[sdk=iphoneos*]" = "";
				COPY_PHASE_STRIP = NO;
				FRAMEWORK_SEARCH_PATHS = (
					"\"$(SDKROOT)/Developer/Library/Frameworks\"",
					"\"$(DEVELOPER_LIBRARY_DIR)/Frameworks\"",
					"\"$(SRCROOT)\"",
				);
				GCC_DYNAMIC_NO_PIC = NO;
				GCC_ENABLE_FIX_AND_CONTINUE = NO;
				GCC_ENABLE_OBJC_EXCEPTIONS = YES;
				GCC_OPTIMIZATION_LEVEL = 0;
				GCC_PREFIX_HEADER = "";
				HEADER_SEARCH_PATHS = "\"$(SRCROOT)\"";
				INFOPLIST_FILE = "MeetingTimerTests-Info.plist";
				OTHER_LDFLAGS = (
					"-framework",
					SenTestingKit,
					"-framework",
					Foundation,
				);
				PREBINDING = NO;
				PRODUCT_NAME = MeetingTimerTests;
				SDKROOT = iphoneos;
				TEST_HOST_PRODUCT_NAME = MeetingTimer;
				WRAPPER_EXTENSION = octest;
			};
			name = Debug;
		};
		52591F3E149E466B00DEA711 /* Release */ = {
			isa = XCBuildConfiguration;
			buildSettings = {
				ALWAYS_SEARCH_USER_PATHS = NO;
				"CODE_SIGN_IDENTITY[sdk=iphoneos*]" = "";
				COPY_PHASE_STRIP = YES;
				DEBUG_INFORMATION_FORMAT = "dwarf-with-dsym";
				FRAMEWORK_SEARCH_PATHS = (
					"\"$(SDKROOT)/Developer/Library/Frameworks\"",
					"\"$(DEVELOPER_LIBRARY_DIR)/Frameworks\"",
					"\"$(SRCROOT)\"",
				);
				GCC_ENABLE_FIX_AND_CONTINUE = NO;
				GCC_ENABLE_OBJC_EXCEPTIONS = YES;
				INFOPLIST_FILE = "MeetingTimerTests-Info.plist";
				OTHER_LDFLAGS = (
					"-framework",
					Foundation,
					"-framework",
					SenTestingKit,
					"-framework",
					UIKit,
				);
				PREBINDING = NO;
				PRODUCT_NAME = MeetingTimerTests;
				SDKROOT = iphoneos;
				WRAPPER_EXTENSION = octest;
				ZERO_LINK = NO;
			};
			name = Release;
		};
		C01FCF4F08A954540054247B /* Debug */ = {
			isa = XCBuildConfiguration;
			buildSettings = {
				ARCHS = "$(ARCHS_STANDARD_32_BIT)";
				"CODE_SIGN_IDENTITY[sdk=iphoneos*]" = "iPhone Developer";
				GCC_C_LANGUAGE_STANDARD = c99;
				GCC_WARN_ABOUT_RETURN_TYPE = YES;
				GCC_WARN_UNUSED_VARIABLE = YES;
				PREBINDING = NO;
				SDKROOT = iphoneos;
			};
			name = Debug;
		};
		C01FCF5008A954540054247B /* Release */ = {
			isa = XCBuildConfiguration;
			buildSettings = {
				ARCHS = "$(ARCHS_STANDARD_32_BIT)";
				"CODE_SIGN_IDENTITY[sdk=iphoneos*]" = "iPhone Developer";
				GCC_C_LANGUAGE_STANDARD = c99;
				GCC_WARN_ABOUT_RETURN_TYPE = YES;
				GCC_WARN_UNUSED_VARIABLE = YES;
				OTHER_CFLAGS = "-DNS_BLOCK_ASSERTIONS=1";
				PREBINDING = NO;
				SDKROOT = iphoneos;
			};
			name = Release;
		};
/* End XCBuildConfiguration section */

/* Begin XCConfigurationList section */
		1D6058960D05DD3E006BFB54 /* Build configuration list for PBXNativeTarget "MeetingTimer" */ = {
			isa = XCConfigurationList;
			buildConfigurations = (
				1D6058940D05DD3E006BFB54 /* Debug */,
				1D6058950D05DD3E006BFB54 /* Release */,
			);
			defaultConfigurationIsVisible = 0;
			defaultConfigurationName = Release;
		};
		52591F3F149E466B00DEA711 /* Build configuration list for PBXNativeTarget "MeetingTimerTests" */ = {
			isa = XCConfigurationList;
			buildConfigurations = (
				52591F3D149E466B00DEA711 /* Debug */,
				52591F3E149E466B00DEA711 /* Release */,
			);
			defaultConfigurationIsVisible = 0;
			defaultConfigurationName = Release;
		};
		C01FCF4E08A954540054247B /* Build configuration list for PBXProject "MeetingTimer" */ = {
			isa = XCConfigurationList;
			buildConfigurations = (
				C01FCF4F08A954540054247B /* Debug */,
				C01FCF5008A954540054247B /* Release */,
			);
			defaultConfigurationIsVisible = 0;
			defaultConfigurationName = Release;
		};
/* End XCConfigurationList section */

/* Begin XCVersionGroup section */
		28D3F201112F7DC200FD0661 /* MeetingTimer.xcdatamodeld */ = {
			isa = XCVersionGroup;
			children = (
				28860B760F44E54D00985440 /* MeetingTimer.xcdatamodel */,
			);
			currentVersion = 28860B760F44E54D00985440 /* MeetingTimer.xcdatamodel */;
			path = MeetingTimer.xcdatamodeld;
			sourceTree = "<group>";
			versionGroupType = wrapper.xcdatamodel;
		};
/* End XCVersionGroup section */
	};
	rootObject = 29B97313FDCFA39411CA2CEA /* Project object */;
}
