// !$*UTF8*$!
{
	archiveVersion = 1;
	classes = {
	};
	objectVersion = 46;
	objects = {

/* Begin PBXBuildFile section */
		1D3623260D0F684500981E51 /* SpeechTimerAppDelegate.m in Sources */ = {isa = PBXBuildFile; fileRef = 1D3623250D0F684500981E51 /* SpeechTimerAppDelegate.m */; };
		1D60589B0D05DD56006BFB54 /* main.m in Sources */ = {isa = PBXBuildFile; fileRef = 29B97316FDCFA39411CA2CEA /* main.m */; };
		1D60589F0D05DD5A006BFB54 /* Foundation.framework in Frameworks */ = {isa = PBXBuildFile; fileRef = 1D30AB110D05D00D00671497 /* Foundation.framework */; };
		1DF5F4E00D08C38300B7A737 /* UIKit.framework in Frameworks */ = {isa = PBXBuildFile; fileRef = 1DF5F4DF0D08C38300B7A737 /* UIKit.framework */; };
		28860BE50F44EE6400985440 /* CoreData.framework in Frameworks */ = {isa = PBXBuildFile; fileRef = 28860BE40F44EE6400985440 /* CoreData.framework */; };
		2892E4100DC94CBA00A64D0F /* CoreGraphics.framework in Frameworks */ = {isa = PBXBuildFile; fileRef = 2892E40F0DC94CBA00A64D0F /* CoreGraphics.framework */; };
		2899E5600DE3E45000AC0155 /* JGTimerConfigurationViewController.xib in Resources */ = {isa = PBXBuildFile; fileRef = 2899E55F0DE3E45000AC0155 /* JGTimerConfigurationViewController.xib */; };
		28AD73600D9D9599002E5188 /* MainWindow.xib in Resources */ = {isa = PBXBuildFile; fileRef = 28AD735F0D9D9599002E5188 /* MainWindow.xib */; };
		28C286E10D94DF7D0034E888 /* JGTimerConfigurationViewController.m in Sources */ = {isa = PBXBuildFile; fileRef = 28C286E00D94DF7D0034E888 /* JGTimerConfigurationViewController.m */; };
		28D3F202112F7DC200FD0661 /* SpeechTimer.xcdatamodeld in Sources */ = {isa = PBXBuildFile; fileRef = 28D3F201112F7DC200FD0661 /* SpeechTimer.xcdatamodeld */; };
		520F73EB14BA46F1003FEC46 /* DigitalAlarm1.aif in Resources */ = {isa = PBXBuildFile; fileRef = 520F73E514BA46F1003FEC46 /* DigitalAlarm1.aif */; };
		520F73EC14BA46F1003FEC46 /* DigitalAlarm2.aif in Resources */ = {isa = PBXBuildFile; fileRef = 520F73E614BA46F1003FEC46 /* DigitalAlarm2.aif */; };
		520F73ED14BA46F1003FEC46 /* TwoToneBell.aif in Resources */ = {isa = PBXBuildFile; fileRef = 520F73E714BA46F1003FEC46 /* TwoToneBell.aif */; };
		520F73EE14BA46F1003FEC46 /* Bell.aif in Resources */ = {isa = PBXBuildFile; fileRef = 520F73E814BA46F1003FEC46 /* Bell.aif */; };
		520F73EF14BA46F1003FEC46 /* Alarm.aif in Resources */ = {isa = PBXBuildFile; fileRef = 520F73E914BA46F1003FEC46 /* Alarm.aif */; };
		520F73F014BA46F1003FEC46 /* Submarine.aif in Resources */ = {isa = PBXBuildFile; fileRef = 520F73EA14BA46F1003FEC46 /* Submarine.aif */; };
		521BCEA514C0445600695F8B /* JGAbstractSingletonObject.m in Sources */ = {isa = PBXBuildFile; fileRef = C01FCF5008A9545400542492 /* JGAbstractSingletonObject.m */; };
		5242CBEF14B3FC8A00C876C7 /* JGTimerRunningView.m in Sources */ = {isa = PBXBuildFile; fileRef = 5242CBEC14B3FC8A00C876C7 /* JGTimerRunningView.m */; };
		5242CBF014B3FC8A00C876C7 /* JGPieChartLayer.m in Sources */ = {isa = PBXBuildFile; fileRef = 5242CBEE14B3FC8A00C876C7 /* JGPieChartLayer.m */; };
		5242CBF514B3FD0000C876C7 /* QuartzCore.framework in Frameworks */ = {isa = PBXBuildFile; fileRef = 5242CBF414B3FD0000C876C7 /* QuartzCore.framework */; };
		5243241A14C06FCC00AFDE61 /* Library in Resources */ = {isa = PBXBuildFile; fileRef = 5243241914C06FCC00AFDE61 /* Library */; };
		524C1D3014F64C32004D2EEA /* libOCMock.a in Frameworks */ = {isa = PBXBuildFile; fileRef = 524C1D2F14F64C32004D2EEA /* libOCMock.a */; };
		52591F35149E453E00DEA711 /* JGTimerController.m in Sources */ = {isa = PBXBuildFile; fileRef = 52591F34149E453E00DEA711 /* JGTimerController.m */; };
		52591F43149E469C00DEA711 /* JGTimerControllerTestCase.m in Sources */ = {isa = PBXBuildFile; fileRef = 52591F41149E469000DEA711 /* JGTimerControllerTestCase.m */; };
		527B9C5914BDDC63008EE913 /* JGDurationFromFireDateCalculatorTestCase.m in Sources */ = {isa = PBXBuildFile; fileRef = C01FCF5008A9545400542487 /* JGDurationFromFireDateCalculatorTestCase.m */; };
		527B9C5A14BDDC6C008EE913 /* JGDurationFromFireDateCalculator.m in Sources */ = {isa = PBXBuildFile; fileRef = C01FCF5008A9545400542483 /* JGDurationFromFireDateCalculator.m */; };
		527B9C5B14BDDC6E008EE913 /* JGDurationFromFireDateCalculator.m in Sources */ = {isa = PBXBuildFile; fileRef = C01FCF5008A9545400542483 /* JGDurationFromFireDateCalculator.m */; };
		5285769114F53AA400BE4E13 /* JGAlertTestCase.m in Sources */ = {isa = PBXBuildFile; fileRef = C01FCF5008A9545400542498 /* JGAlertTestCase.m */; };
		5285769B14F555EC00BE4E13 /* SenTestingKit.framework in Frameworks */ = {isa = PBXBuildFile; fileRef = 5285769A14F555EC00BE4E13 /* SenTestingKit.framework */; };
		5285769C14F555F500BE4E13 /* UIKit.framework in Frameworks */ = {isa = PBXBuildFile; fileRef = 1DF5F4DF0D08C38300B7A737 /* UIKit.framework */; };
		5285769D14F555FD00BE4E13 /* Foundation.framework in Frameworks */ = {isa = PBXBuildFile; fileRef = 1D30AB110D05D00D00671497 /* Foundation.framework */; };
		528945F914BB50F100B4D09B /* AVFoundation.framework in Frameworks */ = {isa = PBXBuildFile; fileRef = 528945F814BB50F100B4D09B /* AVFoundation.framework */; };
		52BBC08914B34FC900CFE655 /* JGCountdownTimer.m in Sources */ = {isa = PBXBuildFile; fileRef = 52BBC08814B34FC900CFE655 /* JGCountdownTimer.m */; };
		52BBC08D14B3509200CFE655 /* JGCountdownTimerTestCase.m in Sources */ = {isa = PBXBuildFile; fileRef = 52BBC08C14B3509200CFE655 /* JGCountdownTimerTestCase.m */; };
		52BBC0D414B357DF00CFE655 /* JGTimeFormatterTestCase.m in Sources */ = {isa = PBXBuildFile; fileRef = 52BBC0D314B357DF00CFE655 /* JGTimeFormatterTestCase.m */; };
		52BBC0E014B358EF00CFE655 /* JGTimeFormatter.m in Sources */ = {isa = PBXBuildFile; fileRef = 52BBC0DE14B358EF00CFE655 /* JGTimeFormatter.m */; };
		52BBC17414B37CBE00CFE655 /* GreenButton-highlight.png in Resources */ = {isa = PBXBuildFile; fileRef = 52BBC17014B37CBE00CFE655 /* GreenButton-highlight.png */; };
		52BBC17514B37CBE00CFE655 /* GreenButton.png in Resources */ = {isa = PBXBuildFile; fileRef = 52BBC17114B37CBE00CFE655 /* GreenButton.png */; };
		52BBC17614B37CBE00CFE655 /* RedButton-highlight.png in Resources */ = {isa = PBXBuildFile; fileRef = 52BBC17214B37CBE00CFE655 /* RedButton-highlight.png */; };
		52BBC17714B37CBE00CFE655 /* RedButton.png in Resources */ = {isa = PBXBuildFile; fileRef = 52BBC17314B37CBE00CFE655 /* RedButton.png */; };
		52BBC18914B3861900CFE655 /* TimerGradient.png in Resources */ = {isa = PBXBuildFile; fileRef = 52BBC18814B3861900CFE655 /* TimerGradient.png */; };
		52BBC18E14B3876700CFE655 /* TimerGradient2.png in Resources */ = {isa = PBXBuildFile; fileRef = 52BBC18D14B3876700CFE655 /* TimerGradient2.png */; };
		52CA8B5C149D089B0030ADC1 /* JGTimerRunningViewController.xib in Resources */ = {isa = PBXBuildFile; fileRef = 52CA8B5A149D089B0030ADC1 /* JGTimerRunningViewController.xib */; };
		52DCCC9614F96E8E0092DA06 /* Default.png in Resources */ = {isa = PBXBuildFile; fileRef = 52DCCC9414F96E8E0092DA06 /* Default.png */; };
		52DCCC9714F96E8E0092DA06 /* Default@2x.png in Resources */ = {isa = PBXBuildFile; fileRef = 52DCCC9514F96E8E0092DA06 /* Default@2x.png */; };
		52DCCC9B14F9700F0092DA06 /* Icon.png in Resources */ = {isa = PBXBuildFile; fileRef = 52DCCC9814F9700F0092DA06 /* Icon.png */; };
		52DCCC9C14F9700F0092DA06 /* Icon@2x.png in Resources */ = {isa = PBXBuildFile; fileRef = 52DCCC9914F9700F0092DA06 /* Icon@2x.png */; };
		52DCCC9D14F9700F0092DA06 /* iTunesArtwork in Resources */ = {isa = PBXBuildFile; fileRef = 52DCCC9A14F9700F0092DA06 /* iTunesArtwork */; };
		52EB416C14B1200D00308C95 /* JGTimerDurationCalculatorTestCase.m in Sources */ = {isa = PBXBuildFile; fileRef = 52EB416B14B1200D00308C95 /* JGTimerDurationCalculatorTestCase.m */; };
		52EB417314B1218D00308C95 /* JGCardTimesCalculator.m in Sources */ = {isa = PBXBuildFile; fileRef = 52EB417214B1218D00308C95 /* JGCardTimesCalculator.m */; };
		52F2087314F7BEE700350D2F /* JGPieChartAnimationParameterCalculator.m in Sources */ = {isa = PBXBuildFile; fileRef = C01FCF5008A954540054249D /* JGPieChartAnimationParameterCalculator.m */; };
		52F63E5E14B7590E00876FA4 /* JGInsetGradientButton.m in Sources */ = {isa = PBXBuildFile; fileRef = 52F63E5914B7590E00876FA4 /* JGInsetGradientButton.m */; };
		52F63E5F14B7590E00876FA4 /* JGRedInsetGradientButton.m in Sources */ = {isa = PBXBuildFile; fileRef = 52F63E5B14B7590E00876FA4 /* JGRedInsetGradientButton.m */; };
		52F63E6014B7590E00876FA4 /* JGGreenInsetGradientButton.m in Sources */ = {isa = PBXBuildFile; fileRef = 52F63E5D14B7590E00876FA4 /* JGGreenInsetGradientButton.m */; };
		52F63EA714B7689A00876FA4 /* JGModalAlertViewController.m in Sources */ = {isa = PBXBuildFile; fileRef = 52F63EA514B7689A00876FA4 /* JGModalAlertViewController.m */; };
		52F63EA814B7689A00876FA4 /* JGRingingSettingViewController.xib in Resources */ = {isa = PBXBuildFile; fileRef = 52F63EA614B7689A00876FA4 /* JGRingingSettingViewController.xib */; };
		C01FCF5008A954540054247D /* AudioToolbox.framework in Frameworks */ = {isa = PBXBuildFile; fileRef = C01FCF5008A954540054247C /* AudioToolbox.framework */; };
		C01FCF5008A9545400542481 /* JGTimerRunningViewController.m in Sources */ = {isa = PBXBuildFile; fileRef = C01FCF5008A9545400542480 /* JGTimerRunningViewController.m */; };
		C01FCF5008A9545400542489 /* JGAlert.m in Sources */ = {isa = PBXBuildFile; fileRef = C01FCF5008A9545400542488 /* JGAlert.m */; };
		C01FCF5008A954540054248C /* JGCardTimes.m in Sources */ = {isa = PBXBuildFile; fileRef = C01FCF5008A954540054248B /* JGCardTimes.m */; };
		C01FCF5008A954540054248F /* JGTimerDefaults.m in Sources */ = {isa = PBXBuildFile; fileRef = C01FCF5008A954540054248E /* JGTimerDefaults.m */; };
		C01FCF5008A9545400542493 /* JGAbstractSingletonObject.m in Sources */ = {isa = PBXBuildFile; fileRef = C01FCF5008A9545400542492 /* JGAbstractSingletonObject.m */; };
		C01FCF5008A9545400542495 /* JGTimerDefaultsTestCase.m in Sources */ = {isa = PBXBuildFile; fileRef = C01FCF5008A9545400542494 /* JGTimerDefaultsTestCase.m */; };
		C01FCF5008A954540054249A /* JGPieChartAnimationParameters.m in Sources */ = {isa = PBXBuildFile; fileRef = C01FCF5008A9545400542499 /* JGPieChartAnimationParameters.m */; };
		C01FCF5008A95454005424A1 /* JGPieChartAnimationParameterCalculatorTestCase.m in Sources */ = {isa = PBXBuildFile; fileRef = C01FCF5008A95454005424A0 /* JGPieChartAnimationParameterCalculatorTestCase.m */; };
		C01FCF5008A95454005424A3 /* JGAlertNotificationScheduler.m in Sources */ = {isa = PBXBuildFile; fileRef = C01FCF5008A95454005424A2 /* JGAlertNotificationScheduler.m */; };
/* End PBXBuildFile section */

/* Begin PBXContainerItemProxy section */
		5228AEB314AE3F1A00C5F9A9 /* PBXContainerItemProxy */ = {
			isa = PBXContainerItemProxy;
			containerPortal = 29B97313FDCFA39411CA2CEA /* Project object */;
			proxyType = 1;
			remoteGlobalIDString = 1D6058900D05DD3D006BFB54;
			remoteInfo = MeetingTimer;
		};
/* End PBXContainerItemProxy section */

/* Begin PBXCopyFilesBuildPhase section */
		5251BAF4149EA31100AFC0B6 /* Copy Files */ = {
			isa = PBXCopyFilesBuildPhase;
			buildActionMask = 2147483647;
			dstPath = "";
			dstSubfolderSpec = 10;
			files = (
			);
			name = "Copy Files";
			runOnlyForDeploymentPostprocessing = 0;
		};
/* End PBXCopyFilesBuildPhase section */

/* Begin PBXFileReference section */
		1D30AB110D05D00D00671497 /* Foundation.framework */ = {isa = PBXFileReference; lastKnownFileType = wrapper.framework; name = Foundation.framework; path = System/Library/Frameworks/Foundation.framework; sourceTree = SDKROOT; };
		1D3623240D0F684500981E51 /* SpeechTimerAppDelegate.h */ = {isa = PBXFileReference; fileEncoding = 4; lastKnownFileType = sourcecode.c.h; path = SpeechTimerAppDelegate.h; sourceTree = "<group>"; };
		1D3623250D0F684500981E51 /* SpeechTimerAppDelegate.m */ = {isa = PBXFileReference; fileEncoding = 4; lastKnownFileType = sourcecode.c.objc; path = SpeechTimerAppDelegate.m; sourceTree = "<group>"; };
		1D6058910D05DD3D006BFB54 /* SpeechTiming.app */ = {isa = PBXFileReference; explicitFileType = wrapper.application; includeInIndex = 0; path = SpeechTiming.app; sourceTree = BUILT_PRODUCTS_DIR; };
		1DF5F4DF0D08C38300B7A737 /* UIKit.framework */ = {isa = PBXFileReference; lastKnownFileType = wrapper.framework; name = UIKit.framework; path = System/Library/Frameworks/UIKit.framework; sourceTree = SDKROOT; };
		28860B760F44E54D00985440 /* SpeechTimer.xcdatamodel */ = {isa = PBXFileReference; fileEncoding = 4; lastKnownFileType = wrapper.xcdatamodel; path = SpeechTimer.xcdatamodel; sourceTree = "<group>"; };
		28860BE40F44EE6400985440 /* CoreData.framework */ = {isa = PBXFileReference; lastKnownFileType = wrapper.framework; name = CoreData.framework; path = System/Library/Frameworks/CoreData.framework; sourceTree = SDKROOT; };
		2892E40F0DC94CBA00A64D0F /* CoreGraphics.framework */ = {isa = PBXFileReference; lastKnownFileType = wrapper.framework; name = CoreGraphics.framework; path = System/Library/Frameworks/CoreGraphics.framework; sourceTree = SDKROOT; };
		2899E55F0DE3E45000AC0155 /* JGTimerConfigurationViewController.xib */ = {isa = PBXFileReference; lastKnownFileType = file.xib; path = JGTimerConfigurationViewController.xib; sourceTree = "<group>"; };
		28A0AAE50D9B0CCF005BE974 /* SpeechTiming_Prefix.pch */ = {isa = PBXFileReference; fileEncoding = 4; lastKnownFileType = sourcecode.c.h; path = SpeechTiming_Prefix.pch; sourceTree = "<group>"; };
		28AD735F0D9D9599002E5188 /* MainWindow.xib */ = {isa = PBXFileReference; lastKnownFileType = file.xib; path = MainWindow.xib; sourceTree = "<group>"; };
		28C286DF0D94DF7D0034E888 /* JGTimerConfigurationViewController.h */ = {isa = PBXFileReference; fileEncoding = 4; lastKnownFileType = sourcecode.c.h; path = JGTimerConfigurationViewController.h; sourceTree = "<group>"; };
		28C286E00D94DF7D0034E888 /* JGTimerConfigurationViewController.m */ = {isa = PBXFileReference; fileEncoding = 4; lastKnownFileType = sourcecode.c.objc; path = JGTimerConfigurationViewController.m; sourceTree = "<group>"; };
		29B97316FDCFA39411CA2CEA /* main.m */ = {isa = PBXFileReference; fileEncoding = 4; lastKnownFileType = sourcecode.c.objc; path = main.m; sourceTree = "<group>"; };
		520F73E514BA46F1003FEC46 /* DigitalAlarm1.aif */ = {isa = PBXFileReference; lastKnownFileType = file; path = DigitalAlarm1.aif; sourceTree = "<group>"; };
		520F73E614BA46F1003FEC46 /* DigitalAlarm2.aif */ = {isa = PBXFileReference; lastKnownFileType = file; path = DigitalAlarm2.aif; sourceTree = "<group>"; };
		520F73E714BA46F1003FEC46 /* TwoToneBell.aif */ = {isa = PBXFileReference; lastKnownFileType = file; path = TwoToneBell.aif; sourceTree = "<group>"; };
		520F73E814BA46F1003FEC46 /* Bell.aif */ = {isa = PBXFileReference; lastKnownFileType = file; path = Bell.aif; sourceTree = "<group>"; };
		520F73E914BA46F1003FEC46 /* Alarm.aif */ = {isa = PBXFileReference; lastKnownFileType = file; path = Alarm.aif; sourceTree = "<group>"; };
		520F73EA14BA46F1003FEC46 /* Submarine.aif */ = {isa = PBXFileReference; lastKnownFileType = file; path = Submarine.aif; sourceTree = "<group>"; };
		5242CBEB14B3FC8A00C876C7 /* JGTimerRunningView.h */ = {isa = PBXFileReference; fileEncoding = 4; lastKnownFileType = sourcecode.c.h; path = JGTimerRunningView.h; sourceTree = "<group>"; };
		5242CBEC14B3FC8A00C876C7 /* JGTimerRunningView.m */ = {isa = PBXFileReference; fileEncoding = 4; lastKnownFileType = sourcecode.c.objc; path = JGTimerRunningView.m; sourceTree = "<group>"; };
		5242CBED14B3FC8A00C876C7 /* JGPieChartLayer.h */ = {isa = PBXFileReference; fileEncoding = 4; lastKnownFileType = sourcecode.c.h; path = JGPieChartLayer.h; sourceTree = "<group>"; };
		5242CBEE14B3FC8A00C876C7 /* JGPieChartLayer.m */ = {isa = PBXFileReference; fileEncoding = 4; lastKnownFileType = sourcecode.c.objc; path = JGPieChartLayer.m; sourceTree = "<group>"; };
		5242CBF414B3FD0000C876C7 /* QuartzCore.framework */ = {isa = PBXFileReference; lastKnownFileType = wrapper.framework; name = QuartzCore.framework; path = System/Library/Frameworks/QuartzCore.framework; sourceTree = SDKROOT; };
		5243241914C06FCC00AFDE61 /* Library */ = {isa = PBXFileReference; lastKnownFileType = folder; path = Library; sourceTree = "<group>"; };
		524C1D2F14F64C32004D2EEA /* libOCMock.a */ = {isa = PBXFileReference; lastKnownFileType = archive.ar; name = libOCMock.a; path = Library/libOCMock.a; sourceTree = "<group>"; };
		5251B9A9149E59B400AFC0B6 /* JGTimerControllerDelegate.h */ = {isa = PBXFileReference; fileEncoding = 4; lastKnownFileType = sourcecode.c.h; path = JGTimerControllerDelegate.h; sourceTree = "<group>"; };
		52591F33149E453E00DEA711 /* JGTimerController.h */ = {isa = PBXFileReference; fileEncoding = 4; lastKnownFileType = sourcecode.c.h; path = JGTimerController.h; sourceTree = "<group>"; };
		52591F34149E453E00DEA711 /* JGTimerController.m */ = {isa = PBXFileReference; fileEncoding = 4; lastKnownFileType = sourcecode.c.objc; path = JGTimerController.m; sourceTree = "<group>"; };
		52591F3B149E466B00DEA711 /* SpeechTimingTests.octest */ = {isa = PBXFileReference; explicitFileType = wrapper.cfbundle; includeInIndex = 0; path = SpeechTimingTests.octest; sourceTree = BUILT_PRODUCTS_DIR; };
		52591F3C149E466B00DEA711 /* SpeechTimingTests-Info.plist */ = {isa = PBXFileReference; lastKnownFileType = text.plist.xml; path = "SpeechTimingTests-Info.plist"; sourceTree = "<group>"; };
		52591F40149E469000DEA711 /* JGTimerControllerTestCase.h */ = {isa = PBXFileReference; fileEncoding = 4; lastKnownFileType = sourcecode.c.h; name = JGTimerControllerTestCase.h; path = Classes/JGTimerControllerTestCase.h; sourceTree = "<group>"; };
		52591F41149E469000DEA711 /* JGTimerControllerTestCase.m */ = {isa = PBXFileReference; fileEncoding = 4; lastKnownFileType = sourcecode.c.objc; name = JGTimerControllerTestCase.m; path = Classes/JGTimerControllerTestCase.m; sourceTree = "<group>"; };
		5285769A14F555EC00BE4E13 /* SenTestingKit.framework */ = {isa = PBXFileReference; lastKnownFileType = wrapper.framework; name = SenTestingKit.framework; path = Library/Frameworks/SenTestingKit.framework; sourceTree = DEVELOPER_DIR; };
		528945F814BB50F100B4D09B /* AVFoundation.framework */ = {isa = PBXFileReference; lastKnownFileType = wrapper.framework; name = AVFoundation.framework; path = System/Library/Frameworks/AVFoundation.framework; sourceTree = SDKROOT; };
		52BBC08714B34FC900CFE655 /* JGCountdownTimer.h */ = {isa = PBXFileReference; fileEncoding = 4; lastKnownFileType = sourcecode.c.h; path = JGCountdownTimer.h; sourceTree = "<group>"; };
		52BBC08814B34FC900CFE655 /* JGCountdownTimer.m */ = {isa = PBXFileReference; fileEncoding = 4; lastKnownFileType = sourcecode.c.objc; path = JGCountdownTimer.m; sourceTree = "<group>"; };
		52BBC08A14B3505E00CFE655 /* JGCountdownTimerDelegate.h */ = {isa = PBXFileReference; fileEncoding = 4; lastKnownFileType = sourcecode.c.h; path = JGCountdownTimerDelegate.h; sourceTree = "<group>"; };
		52BBC08B14B3509200CFE655 /* JGCountdownTimerTestCase.h */ = {isa = PBXFileReference; fileEncoding = 4; lastKnownFileType = sourcecode.c.h; name = JGCountdownTimerTestCase.h; path = Classes/JGCountdownTimerTestCase.h; sourceTree = "<group>"; };
		52BBC08C14B3509200CFE655 /* JGCountdownTimerTestCase.m */ = {isa = PBXFileReference; fileEncoding = 4; lastKnownFileType = sourcecode.c.objc; name = JGCountdownTimerTestCase.m; path = Classes/JGCountdownTimerTestCase.m; sourceTree = "<group>"; };
		52BBC0D214B357DF00CFE655 /* JGTimeFormatterTestCase.h */ = {isa = PBXFileReference; fileEncoding = 4; lastKnownFileType = sourcecode.c.h; name = JGTimeFormatterTestCase.h; path = Classes/JGTimeFormatterTestCase.h; sourceTree = "<group>"; };
		52BBC0D314B357DF00CFE655 /* JGTimeFormatterTestCase.m */ = {isa = PBXFileReference; fileEncoding = 4; lastKnownFileType = sourcecode.c.objc; name = JGTimeFormatterTestCase.m; path = Classes/JGTimeFormatterTestCase.m; sourceTree = "<group>"; };
		52BBC0DD14B358EF00CFE655 /* JGTimeFormatter.h */ = {isa = PBXFileReference; fileEncoding = 4; lastKnownFileType = sourcecode.c.h; path = JGTimeFormatter.h; sourceTree = "<group>"; };
		52BBC0DE14B358EF00CFE655 /* JGTimeFormatter.m */ = {isa = PBXFileReference; fileEncoding = 4; lastKnownFileType = sourcecode.c.objc; path = JGTimeFormatter.m; sourceTree = "<group>"; };
		52BBC17014B37CBE00CFE655 /* GreenButton-highlight.png */ = {isa = PBXFileReference; lastKnownFileType = image.png; path = "GreenButton-highlight.png"; sourceTree = "<group>"; };
		52BBC17114B37CBE00CFE655 /* GreenButton.png */ = {isa = PBXFileReference; lastKnownFileType = image.png; path = GreenButton.png; sourceTree = "<group>"; };
		52BBC17214B37CBE00CFE655 /* RedButton-highlight.png */ = {isa = PBXFileReference; lastKnownFileType = image.png; path = "RedButton-highlight.png"; sourceTree = "<group>"; };
		52BBC17314B37CBE00CFE655 /* RedButton.png */ = {isa = PBXFileReference; lastKnownFileType = image.png; path = RedButton.png; sourceTree = "<group>"; };
		52BBC18814B3861900CFE655 /* TimerGradient.png */ = {isa = PBXFileReference; lastKnownFileType = image.png; path = TimerGradient.png; sourceTree = "<group>"; };
		52BBC18D14B3876700CFE655 /* TimerGradient2.png */ = {isa = PBXFileReference; lastKnownFileType = image.png; path = TimerGradient2.png; sourceTree = "<group>"; };
		52CA8B5A149D089B0030ADC1 /* JGTimerRunningViewController.xib */ = {isa = PBXFileReference; lastKnownFileType = file.xib; name = JGTimerRunningViewController.xib; path = Classes/JGTimerRunningViewController.xib; sourceTree = "<group>"; };
		52DCCC9414F96E8E0092DA06 /* Default.png */ = {isa = PBXFileReference; lastKnownFileType = image.png; path = Default.png; sourceTree = "<group>"; };
		52DCCC9514F96E8E0092DA06 /* Default@2x.png */ = {isa = PBXFileReference; lastKnownFileType = image.png; path = "Default@2x.png"; sourceTree = "<group>"; };
		52DCCC9814F9700F0092DA06 /* Icon.png */ = {isa = PBXFileReference; lastKnownFileType = image.png; path = Icon.png; sourceTree = "<group>"; };
		52DCCC9914F9700F0092DA06 /* Icon@2x.png */ = {isa = PBXFileReference; lastKnownFileType = image.png; path = "Icon@2x.png"; sourceTree = "<group>"; };
		52DCCC9A14F9700F0092DA06 /* iTunesArtwork */ = {isa = PBXFileReference; lastKnownFileType = file; path = iTunesArtwork; sourceTree = "<group>"; };
		52EB416A14B1200D00308C95 /* JGTimerDurationCalculatorTestCase.h */ = {isa = PBXFileReference; fileEncoding = 4; lastKnownFileType = sourcecode.c.h; name = JGTimerDurationCalculatorTestCase.h; path = Classes/JGTimerDurationCalculatorTestCase.h; sourceTree = "<group>"; };
		52EB416B14B1200D00308C95 /* JGTimerDurationCalculatorTestCase.m */ = {isa = PBXFileReference; fileEncoding = 4; lastKnownFileType = sourcecode.c.objc; name = JGTimerDurationCalculatorTestCase.m; path = Classes/JGTimerDurationCalculatorTestCase.m; sourceTree = "<group>"; };
		52EB417114B1218D00308C95 /* JGCardTimesCalculator.h */ = {isa = PBXFileReference; fileEncoding = 4; lastKnownFileType = sourcecode.c.h; path = JGCardTimesCalculator.h; sourceTree = "<group>"; };
		52EB417214B1218D00308C95 /* JGCardTimesCalculator.m */ = {isa = PBXFileReference; fileEncoding = 4; lastKnownFileType = sourcecode.c.objc; path = JGCardTimesCalculator.m; sourceTree = "<group>"; };
		52F63E5814B7590E00876FA4 /* JGInsetGradientButton.h */ = {isa = PBXFileReference; fileEncoding = 4; lastKnownFileType = sourcecode.c.h; path = JGInsetGradientButton.h; sourceTree = "<group>"; };
		52F63E5914B7590E00876FA4 /* JGInsetGradientButton.m */ = {isa = PBXFileReference; fileEncoding = 4; lastKnownFileType = sourcecode.c.objc; path = JGInsetGradientButton.m; sourceTree = "<group>"; };
		52F63E5A14B7590E00876FA4 /* JGRedInsetGradientButton.h */ = {isa = PBXFileReference; fileEncoding = 4; lastKnownFileType = sourcecode.c.h; path = JGRedInsetGradientButton.h; sourceTree = "<group>"; };
		52F63E5B14B7590E00876FA4 /* JGRedInsetGradientButton.m */ = {isa = PBXFileReference; fileEncoding = 4; lastKnownFileType = sourcecode.c.objc; path = JGRedInsetGradientButton.m; sourceTree = "<group>"; };
		52F63E5C14B7590E00876FA4 /* JGGreenInsetGradientButton.h */ = {isa = PBXFileReference; fileEncoding = 4; lastKnownFileType = sourcecode.c.h; path = JGGreenInsetGradientButton.h; sourceTree = "<group>"; };
		52F63E5D14B7590E00876FA4 /* JGGreenInsetGradientButton.m */ = {isa = PBXFileReference; fileEncoding = 4; lastKnownFileType = sourcecode.c.objc; path = JGGreenInsetGradientButton.m; sourceTree = "<group>"; };
		52F63EA414B7689A00876FA4 /* JGModalAlertViewController.h */ = {isa = PBXFileReference; fileEncoding = 4; lastKnownFileType = sourcecode.c.h; path = JGModalAlertViewController.h; sourceTree = "<group>"; };
		52F63EA514B7689A00876FA4 /* JGModalAlertViewController.m */ = {isa = PBXFileReference; fileEncoding = 4; lastKnownFileType = sourcecode.c.objc; path = JGModalAlertViewController.m; sourceTree = "<group>"; };
		52F63EA614B7689A00876FA4 /* JGRingingSettingViewController.xib */ = {isa = PBXFileReference; lastKnownFileType = file.xib; name = JGRingingSettingViewController.xib; path = Classes/JGRingingSettingViewController.xib; sourceTree = "<group>"; };
		8D1107310486CEB800E47090 /* SpeechTiming-Info.plist */ = {isa = PBXFileReference; fileEncoding = 4; lastKnownFileType = text.plist.xml; path = "SpeechTiming-Info.plist"; plistStructureDefinitionIdentifier = "com.apple.xcode.plist.structure-definition.iphone.info-plist"; sourceTree = "<group>"; };
		C01FCF5008A954540054247C /* AudioToolbox.framework */ = {isa = PBXFileReference; lastKnownFileType = wrapper.framework; name = AudioToolbox.framework; path = System/Library/Frameworks/AudioToolbox.framework; sourceTree = SDKROOT; };
		C01FCF5008A954540054247F /* JGTimerRunningViewController.h */ = {isa = PBXFileReference; fileEncoding = 4; lastKnownFileType = sourcecode.c.h; path = JGTimerRunningViewController.h; sourceTree = "<group>"; };
		C01FCF5008A9545400542480 /* JGTimerRunningViewController.m */ = {isa = PBXFileReference; fileEncoding = 4; lastKnownFileType = sourcecode.c.objc; path = JGTimerRunningViewController.m; sourceTree = "<group>"; };
		C01FCF5008A9545400542482 /* JGRingingSettingDelegate.h */ = {isa = PBXFileReference; fileEncoding = 4; lastKnownFileType = sourcecode.c.h; path = JGRingingSettingDelegate.h; sourceTree = "<group>"; };
		C01FCF5008A9545400542483 /* JGDurationFromFireDateCalculator.m */ = {isa = PBXFileReference; fileEncoding = 4; lastKnownFileType = sourcecode.c.objc; path = JGDurationFromFireDateCalculator.m; sourceTree = "<group>"; };
		C01FCF5008A9545400542485 /* JGDurationFromFireDateCalculator.h */ = {isa = PBXFileReference; fileEncoding = 4; lastKnownFileType = sourcecode.c.h; path = JGDurationFromFireDateCalculator.h; sourceTree = "<group>"; };
		C01FCF5008A9545400542486 /* JGDurationFromFireDateCalculatorTestCase.h */ = {isa = PBXFileReference; fileEncoding = 4; lastKnownFileType = sourcecode.c.h; name = JGDurationFromFireDateCalculatorTestCase.h; path = Classes/JGDurationFromFireDateCalculatorTestCase.h; sourceTree = "<group>"; };
		C01FCF5008A9545400542487 /* JGDurationFromFireDateCalculatorTestCase.m */ = {isa = PBXFileReference; fileEncoding = 4; lastKnownFileType = sourcecode.c.objc; name = JGDurationFromFireDateCalculatorTestCase.m; path = Classes/JGDurationFromFireDateCalculatorTestCase.m; sourceTree = "<group>"; };
		C01FCF5008A9545400542488 /* JGAlert.m */ = {isa = PBXFileReference; fileEncoding = 4; lastKnownFileType = sourcecode.c.objc; path = JGAlert.m; sourceTree = "<group>"; };
		C01FCF5008A954540054248A /* JGAlert.h */ = {isa = PBXFileReference; fileEncoding = 4; lastKnownFileType = sourcecode.c.h; path = JGAlert.h; sourceTree = "<group>"; };
		C01FCF5008A954540054248B /* JGCardTimes.m */ = {isa = PBXFileReference; fileEncoding = 4; lastKnownFileType = sourcecode.c.objc; path = JGCardTimes.m; sourceTree = "<group>"; };
		C01FCF5008A954540054248D /* JGCardTimes.h */ = {isa = PBXFileReference; fileEncoding = 4; lastKnownFileType = sourcecode.c.h; path = JGCardTimes.h; sourceTree = "<group>"; };
		C01FCF5008A954540054248E /* JGTimerDefaults.m */ = {isa = PBXFileReference; fileEncoding = 4; lastKnownFileType = sourcecode.c.objc; path = JGTimerDefaults.m; sourceTree = "<group>"; };
		C01FCF5008A9545400542490 /* JGTimerDefaults.h */ = {isa = PBXFileReference; fileEncoding = 4; lastKnownFileType = sourcecode.c.h; path = JGTimerDefaults.h; sourceTree = "<group>"; };
		C01FCF5008A9545400542491 /* JGAbstractSingletonObject.h */ = {isa = PBXFileReference; fileEncoding = 4; lastKnownFileType = sourcecode.c.h; path = JGAbstractSingletonObject.h; sourceTree = "<group>"; };
		C01FCF5008A9545400542492 /* JGAbstractSingletonObject.m */ = {isa = PBXFileReference; fileEncoding = 4; lastKnownFileType = sourcecode.c.objc; path = JGAbstractSingletonObject.m; sourceTree = "<group>"; };
		C01FCF5008A9545400542494 /* JGTimerDefaultsTestCase.m */ = {isa = PBXFileReference; fileEncoding = 4; lastKnownFileType = sourcecode.c.objc; name = JGTimerDefaultsTestCase.m; path = Classes/JGTimerDefaultsTestCase.m; sourceTree = "<group>"; };
		C01FCF5008A9545400542496 /* JGTimerDefaultsTestCase.h */ = {isa = PBXFileReference; fileEncoding = 4; lastKnownFileType = sourcecode.c.h; name = JGTimerDefaultsTestCase.h; path = Classes/JGTimerDefaultsTestCase.h; sourceTree = "<group>"; };
		C01FCF5008A9545400542497 /* JGAlertTestCase.h */ = {isa = PBXFileReference; fileEncoding = 4; lastKnownFileType = sourcecode.c.h; path = JGAlertTestCase.h; sourceTree = "<group>"; };
		C01FCF5008A9545400542498 /* JGAlertTestCase.m */ = {isa = PBXFileReference; fileEncoding = 4; lastKnownFileType = sourcecode.c.objc; path = JGAlertTestCase.m; sourceTree = "<group>"; };
		C01FCF5008A9545400542499 /* JGPieChartAnimationParameters.m */ = {isa = PBXFileReference; fileEncoding = 4; lastKnownFileType = sourcecode.c.objc; path = JGPieChartAnimationParameters.m; sourceTree = "<group>"; };
		C01FCF5008A954540054249B /* JGPieChartAnimationParameters.h */ = {isa = PBXFileReference; fileEncoding = 4; lastKnownFileType = sourcecode.c.h; path = JGPieChartAnimationParameters.h; sourceTree = "<group>"; };
		C01FCF5008A954540054249C /* JGPieChartAnimationParameterCalculator.h */ = {isa = PBXFileReference; fileEncoding = 4; lastKnownFileType = sourcecode.c.h; path = JGPieChartAnimationParameterCalculator.h; sourceTree = "<group>"; };
		C01FCF5008A954540054249D /* JGPieChartAnimationParameterCalculator.m */ = {isa = PBXFileReference; fileEncoding = 4; lastKnownFileType = sourcecode.c.objc; path = JGPieChartAnimationParameterCalculator.m; sourceTree = "<group>"; };
		C01FCF5008A954540054249F /* JGPieChartAnimationParameterCalculatorTestCase.h */ = {isa = PBXFileReference; fileEncoding = 4; lastKnownFileType = sourcecode.c.h; path = JGPieChartAnimationParameterCalculatorTestCase.h; sourceTree = "<group>"; };
		C01FCF5008A95454005424A0 /* JGPieChartAnimationParameterCalculatorTestCase.m */ = {isa = PBXFileReference; fileEncoding = 4; lastKnownFileType = sourcecode.c.objc; path = JGPieChartAnimationParameterCalculatorTestCase.m; sourceTree = "<group>"; };
		C01FCF5008A95454005424A2 /* JGAlertNotificationScheduler.m */ = {isa = PBXFileReference; fileEncoding = 4; lastKnownFileType = sourcecode.c.objc; path = JGAlertNotificationScheduler.m; sourceTree = "<group>"; };
		C01FCF5008A95454005424A4 /* JGAlertNotificationScheduler.h */ = {isa = PBXFileReference; fileEncoding = 4; lastKnownFileType = sourcecode.c.h; path = JGAlertNotificationScheduler.h; sourceTree = "<group>"; };
/* End PBXFileReference section */

/* Begin PBXFrameworksBuildPhase section */
		1D60588F0D05DD3D006BFB54 /* Frameworks */ = {
			isa = PBXFrameworksBuildPhase;
			buildActionMask = 2147483647;
			files = (
				528945F914BB50F100B4D09B /* AVFoundation.framework in Frameworks */,
				1D60589F0D05DD5A006BFB54 /* Foundation.framework in Frameworks */,
				1DF5F4E00D08C38300B7A737 /* UIKit.framework in Frameworks */,
				2892E4100DC94CBA00A64D0F /* CoreGraphics.framework in Frameworks */,
				28860BE50F44EE6400985440 /* CoreData.framework in Frameworks */,
				5242CBF514B3FD0000C876C7 /* QuartzCore.framework in Frameworks */,
				C01FCF5008A954540054247D /* AudioToolbox.framework in Frameworks */,
			);
			runOnlyForDeploymentPostprocessing = 0;
		};
		52591F38149E466B00DEA711 /* Frameworks */ = {
			isa = PBXFrameworksBuildPhase;
			buildActionMask = 2147483647;
			files = (
				524C1D3014F64C32004D2EEA /* libOCMock.a in Frameworks */,
				5285769B14F555EC00BE4E13 /* SenTestingKit.framework in Frameworks */,
				5285769D14F555FD00BE4E13 /* Foundation.framework in Frameworks */,
				5285769C14F555F500BE4E13 /* UIKit.framework in Frameworks */,
			);
			runOnlyForDeploymentPostprocessing = 0;
		};
/* End PBXFrameworksBuildPhase section */

/* Begin PBXGroup section */
		080E96DDFE201D6D7F000001 /* Classes */ = {
			isa = PBXGroup;
			children = (
				C01FCF5008A95454005424A4 /* JGAlertNotificationScheduler.h */,
				C01FCF5008A95454005424A2 /* JGAlertNotificationScheduler.m */,
				528DCF5414F3FA1700A94E6D /* AbstractSingleton */,
				528DCF5514F3FA2800A94E6D /* TimerDefaults */,
				528DCF5614F3FA3700A94E6D /* CardTimes */,
				528DCF5714F3FA4A00A94E6D /* Alert */,
				528DCF5814F3FA5000A94E6D /* DuratinFromFireTimeCalculator */,
				C01FCF5008A9545400542482 /* JGRingingSettingDelegate.h */,
				52F63E5714B7590400876FA4 /* Buttons */,
				5242CBEA14B3FC6900C876C7 /* PieChartView */,
				52BBBE3514B2EC3200CFE655 /* AppDelegate */,
				5251B9F8149E5D4300AFC0B6 /* ViewControllers */,
				5242CBE914B3FC3900C876C7 /* DurationCalculator */,
				5242CBE814B3FC2900C876C7 /* CountdownTimer */,
				5251B9AB149E59BD00AFC0B6 /* TimerController */,
				5242CBE714B3FC1E00C876C7 /* TimeFormatter */,
				52D6932D14B87B8E00F09035 /* RingerView */,
			);
			path = Classes;
			sourceTree = "<group>";
		};
		19C28FACFE9D520D11CA2CBB /* Products */ = {
			isa = PBXGroup;
			children = (
				1D6058910D05DD3D006BFB54 /* SpeechTiming.app */,
				52591F3B149E466B00DEA711 /* SpeechTimingTests.octest */,
			);
			name = Products;
			sourceTree = "<group>";
		};
		29B97314FDCFA39411CA2CEA /* CustomTemplate */ = {
			isa = PBXGroup;
			children = (
				52DCCC9814F9700F0092DA06 /* Icon.png */,
				52DCCC9914F9700F0092DA06 /* Icon@2x.png */,
				52DCCC9A14F9700F0092DA06 /* iTunesArtwork */,
				52DCCC9414F96E8E0092DA06 /* Default.png */,
				52DCCC9514F96E8E0092DA06 /* Default@2x.png */,
				524C1D2F14F64C32004D2EEA /* libOCMock.a */,
				5243241914C06FCC00AFDE61 /* Library */,
				080E96DDFE201D6D7F000001 /* Classes */,
				528DCF5314F3F96500A94E6D /* Tests */,
				29B97315FDCFA39411CA2CEA /* Other Sources */,
				29B97317FDCFA39411CA2CEA /* Resources */,
				29B97323FDCFA39411CA2CEA /* Frameworks */,
				19C28FACFE9D520D11CA2CBB /* Products */,
				52591F3C149E466B00DEA711 /* SpeechTimingTests-Info.plist */,
			);
			name = CustomTemplate;
			sourceTree = "<group>";
		};
		29B97315FDCFA39411CA2CEA /* Other Sources */ = {
			isa = PBXGroup;
			children = (
				28A0AAE50D9B0CCF005BE974 /* SpeechTiming_Prefix.pch */,
				29B97316FDCFA39411CA2CEA /* main.m */,
			);
			name = "Other Sources";
			sourceTree = "<group>";
		};
		29B97317FDCFA39411CA2CEA /* Resources */ = {
			isa = PBXGroup;
			children = (
				520F73DE14BA46E4003FEC46 /* Audio */,
				5242CBF614B3FD1F00C876C7 /* Images */,
				5242CBF714B3FD2500C876C7 /* Nibs */,
				8D1107310486CEB800E47090 /* SpeechTiming-Info.plist */,
				28D3F201112F7DC200FD0661 /* SpeechTimer.xcdatamodeld */,
			);
			name = Resources;
			sourceTree = "<group>";
		};
		29B97323FDCFA39411CA2CEA /* Frameworks */ = {
			isa = PBXGroup;
			children = (
				5285769A14F555EC00BE4E13 /* SenTestingKit.framework */,
				528945F814BB50F100B4D09B /* AVFoundation.framework */,
				C01FCF5008A954540054247C /* AudioToolbox.framework */,
				1DF5F4DF0D08C38300B7A737 /* UIKit.framework */,
				1D30AB110D05D00D00671497 /* Foundation.framework */,
				2892E40F0DC94CBA00A64D0F /* CoreGraphics.framework */,
				28860BE40F44EE6400985440 /* CoreData.framework */,
				5242CBF414B3FD0000C876C7 /* QuartzCore.framework */,
			);
			name = Frameworks;
			sourceTree = "<group>";
		};
		520F73DE14BA46E4003FEC46 /* Audio */ = {
			isa = PBXGroup;
			children = (
				520F73E514BA46F1003FEC46 /* DigitalAlarm1.aif */,
				520F73E614BA46F1003FEC46 /* DigitalAlarm2.aif */,
				520F73E714BA46F1003FEC46 /* TwoToneBell.aif */,
				520F73E814BA46F1003FEC46 /* Bell.aif */,
				520F73E914BA46F1003FEC46 /* Alarm.aif */,
				520F73EA14BA46F1003FEC46 /* Submarine.aif */,
			);
			name = Audio;
			sourceTree = "<group>";
		};
		5242CBE714B3FC1E00C876C7 /* TimeFormatter */ = {
			isa = PBXGroup;
			children = (
				52BBC0DD14B358EF00CFE655 /* JGTimeFormatter.h */,
				52BBC0DE14B358EF00CFE655 /* JGTimeFormatter.m */,
			);
			name = TimeFormatter;
			sourceTree = "<group>";
		};
		5242CBE814B3FC2900C876C7 /* CountdownTimer */ = {
			isa = PBXGroup;
			children = (
				52BBC08814B34FC900CFE655 /* JGCountdownTimer.m */,
				52BBC08714B34FC900CFE655 /* JGCountdownTimer.h */,
				52BBC08A14B3505E00CFE655 /* JGCountdownTimerDelegate.h */,
			);
			name = CountdownTimer;
			sourceTree = "<group>";
		};
		5242CBE914B3FC3900C876C7 /* DurationCalculator */ = {
			isa = PBXGroup;
			children = (
				52EB417114B1218D00308C95 /* JGCardTimesCalculator.h */,
				52EB417214B1218D00308C95 /* JGCardTimesCalculator.m */,
			);
			name = DurationCalculator;
			sourceTree = "<group>";
		};
		5242CBEA14B3FC6900C876C7 /* PieChartView */ = {
			isa = PBXGroup;
			children = (
				C01FCF5008A954540054249D /* JGPieChartAnimationParameterCalculator.m */,
				C01FCF5008A954540054249C /* JGPieChartAnimationParameterCalculator.h */,
				C01FCF5008A9545400542499 /* JGPieChartAnimationParameters.m */,
				C01FCF5008A954540054249B /* JGPieChartAnimationParameters.h */,
				5242CBEB14B3FC8A00C876C7 /* JGTimerRunningView.h */,
				5242CBEC14B3FC8A00C876C7 /* JGTimerRunningView.m */,
				5242CBED14B3FC8A00C876C7 /* JGPieChartLayer.h */,
				5242CBEE14B3FC8A00C876C7 /* JGPieChartLayer.m */,
			);
			name = PieChartView;
			sourceTree = "<group>";
		};
		5242CBF614B3FD1F00C876C7 /* Images */ = {
			isa = PBXGroup;
			children = (
				52BBC18814B3861900CFE655 /* TimerGradient.png */,
				52BBC18D14B3876700CFE655 /* TimerGradient2.png */,
				52BBC17014B37CBE00CFE655 /* GreenButton-highlight.png */,
				52BBC17114B37CBE00CFE655 /* GreenButton.png */,
				52BBC17214B37CBE00CFE655 /* RedButton-highlight.png */,
				52BBC17314B37CBE00CFE655 /* RedButton.png */,
			);
			name = Images;
			sourceTree = "<group>";
		};
		5242CBF714B3FD2500C876C7 /* Nibs */ = {
			isa = PBXGroup;
			children = (
				52F63EA614B7689A00876FA4 /* JGRingingSettingViewController.xib */,
				2899E55F0DE3E45000AC0155 /* JGTimerConfigurationViewController.xib */,
				52CA8B5A149D089B0030ADC1 /* JGTimerRunningViewController.xib */,
				28AD735F0D9D9599002E5188 /* MainWindow.xib */,
			);
			name = Nibs;
			sourceTree = "<group>";
		};
		5251B9AB149E59BD00AFC0B6 /* TimerController */ = {
			isa = PBXGroup;
			children = (
				5251B9A9149E59B400AFC0B6 /* JGTimerControllerDelegate.h */,
				52591F33149E453E00DEA711 /* JGTimerController.h */,
				52591F34149E453E00DEA711 /* JGTimerController.m */,
			);
			name = TimerController;
			sourceTree = "<group>";
		};
		5251B9F8149E5D4300AFC0B6 /* ViewControllers */ = {
			isa = PBXGroup;
			children = (
				C01FCF5008A9545400542480 /* JGTimerRunningViewController.m */,
				C01FCF5008A954540054247F /* JGTimerRunningViewController.h */,
				28C286DF0D94DF7D0034E888 /* JGTimerConfigurationViewController.h */,
				28C286E00D94DF7D0034E888 /* JGTimerConfigurationViewController.m */,
			);
			name = ViewControllers;
			sourceTree = "<group>";
		};
		528DCF5314F3F96500A94E6D /* Tests */ = {
			isa = PBXGroup;
			children = (
				C01FCF5008A95454005424A0 /* JGPieChartAnimationParameterCalculatorTestCase.m */,
				C01FCF5008A954540054249F /* JGPieChartAnimationParameterCalculatorTestCase.h */,
				C01FCF5008A9545400542498 /* JGAlertTestCase.m */,
				C01FCF5008A9545400542497 /* JGAlertTestCase.h */,
				C01FCF5008A9545400542487 /* JGDurationFromFireDateCalculatorTestCase.m */,
				C01FCF5008A9545400542486 /* JGDurationFromFireDateCalculatorTestCase.h */,
				C01FCF5008A9545400542496 /* JGTimerDefaultsTestCase.h */,
				C01FCF5008A9545400542494 /* JGTimerDefaultsTestCase.m */,
				52BBC08B14B3509200CFE655 /* JGCountdownTimerTestCase.h */,
				52BBC08C14B3509200CFE655 /* JGCountdownTimerTestCase.m */,
				52591F40149E469000DEA711 /* JGTimerControllerTestCase.h */,
				52591F41149E469000DEA711 /* JGTimerControllerTestCase.m */,
				52BBC0D214B357DF00CFE655 /* JGTimeFormatterTestCase.h */,
				52BBC0D314B357DF00CFE655 /* JGTimeFormatterTestCase.m */,
				52EB416A14B1200D00308C95 /* JGTimerDurationCalculatorTestCase.h */,
				52EB416B14B1200D00308C95 /* JGTimerDurationCalculatorTestCase.m */,
			);
			name = Tests;
			sourceTree = "<group>";
		};
		528DCF5414F3FA1700A94E6D /* AbstractSingleton */ = {
			isa = PBXGroup;
			children = (
				C01FCF5008A9545400542492 /* JGAbstractSingletonObject.m */,
				C01FCF5008A9545400542491 /* JGAbstractSingletonObject.h */,
			);
			name = AbstractSingleton;
			sourceTree = "<group>";
		};
		528DCF5514F3FA2800A94E6D /* TimerDefaults */ = {
			isa = PBXGroup;
			children = (
				C01FCF5008A9545400542490 /* JGTimerDefaults.h */,
				C01FCF5008A954540054248E /* JGTimerDefaults.m */,
			);
			name = TimerDefaults;
			sourceTree = "<group>";
		};
		528DCF5614F3FA3700A94E6D /* CardTimes */ = {
			isa = PBXGroup;
			children = (
				C01FCF5008A954540054248D /* JGCardTimes.h */,
				C01FCF5008A954540054248B /* JGCardTimes.m */,
			);
			name = CardTimes;
			sourceTree = "<group>";
		};
		528DCF5714F3FA4A00A94E6D /* Alert */ = {
			isa = PBXGroup;
			children = (
				C01FCF5008A954540054248A /* JGAlert.h */,
				C01FCF5008A9545400542488 /* JGAlert.m */,
			);
			name = Alert;
			sourceTree = "<group>";
		};
		528DCF5814F3FA5000A94E6D /* DuratinFromFireTimeCalculator */ = {
			isa = PBXGroup;
			children = (
				C01FCF5008A9545400542485 /* JGDurationFromFireDateCalculator.h */,
				C01FCF5008A9545400542483 /* JGDurationFromFireDateCalculator.m */,
			);
			name = DuratinFromFireTimeCalculator;
			sourceTree = "<group>";
		};
		52BBBE3514B2EC3200CFE655 /* AppDelegate */ = {
			isa = PBXGroup;
			children = (
				1D3623240D0F684500981E51 /* SpeechTimerAppDelegate.h */,
				1D3623250D0F684500981E51 /* SpeechTimerAppDelegate.m */,
			);
			name = AppDelegate;
			sourceTree = "<group>";
		};
		52D6932D14B87B8E00F09035 /* RingerView */ = {
			isa = PBXGroup;
			children = (
				52F63EA414B7689A00876FA4 /* JGModalAlertViewController.h */,
				52F63EA514B7689A00876FA4 /* JGModalAlertViewController.m */,
			);
			name = RingerView;
			sourceTree = "<group>";
		};
		52F63E5714B7590400876FA4 /* Buttons */ = {
			isa = PBXGroup;
			children = (
				52F63E5814B7590E00876FA4 /* JGInsetGradientButton.h */,
				52F63E5914B7590E00876FA4 /* JGInsetGradientButton.m */,
				52F63E5A14B7590E00876FA4 /* JGRedInsetGradientButton.h */,
				52F63E5B14B7590E00876FA4 /* JGRedInsetGradientButton.m */,
				52F63E5C14B7590E00876FA4 /* JGGreenInsetGradientButton.h */,
				52F63E5D14B7590E00876FA4 /* JGGreenInsetGradientButton.m */,
			);
			name = Buttons;
			sourceTree = "<group>";
		};
/* End PBXGroup section */

/* Begin PBXNativeTarget section */
		1D6058900D05DD3D006BFB54 /* SpeechTiming */ = {
			isa = PBXNativeTarget;
			buildConfigurationList = 1D6058960D05DD3E006BFB54 /* Build configuration list for PBXNativeTarget "SpeechTiming" */;
			buildPhases = (
				1D60588D0D05DD3D006BFB54 /* Resources */,
				1D60588E0D05DD3D006BFB54 /* Sources */,
				1D60588F0D05DD3D006BFB54 /* Frameworks */,
			);
			buildRules = (
			);
			dependencies = (
			);
			name = SpeechTiming;
			productName = MeetingTimer;
			productReference = 1D6058910D05DD3D006BFB54 /* SpeechTiming.app */;
			productType = "com.apple.product-type.application";
		};
		52591F3A149E466B00DEA711 /* SpeechTimingTests */ = {
			isa = PBXNativeTarget;
			buildConfigurationList = 52591F3F149E466B00DEA711 /* Build configuration list for PBXNativeTarget "SpeechTimingTests" */;
			buildPhases = (
				52591F36149E466B00DEA711 /* Resources */,
				52591F37149E466B00DEA711 /* Sources */,
				5251BAF4149EA31100AFC0B6 /* Copy Files */,
				52591F38149E466B00DEA711 /* Frameworks */,
				52591F39149E466B00DEA711 /* ShellScript */,
			);
			buildRules = (
			);
			dependencies = (
				5228AEB414AE3F1A00C5F9A9 /* PBXTargetDependency */,
			);
			name = SpeechTimingTests;
			productName = MeetingTimerTests;
			productReference = 52591F3B149E466B00DEA711 /* SpeechTimingTests.octest */;
			productType = "com.apple.product-type.bundle";
		};
/* End PBXNativeTarget section */

/* Begin PBXProject section */
		29B97313FDCFA39411CA2CEA /* Project object */ = {
			isa = PBXProject;
			attributes = {
				LastUpgradeCheck = 0420;
			};
			buildConfigurationList = C01FCF4E08A954540054247B /* Build configuration list for PBXProject "SpeechTiming" */;
			compatibilityVersion = "Xcode 3.2";
			developmentRegion = English;
			hasScannedForEncodings = 1;
			knownRegions = (
				English,
				Japanese,
				French,
				German,
				en,
			);
			mainGroup = 29B97314FDCFA39411CA2CEA /* CustomTemplate */;
			projectDirPath = "";
			projectRoot = "";
			targets = (
				1D6058900D05DD3D006BFB54 /* SpeechTiming */,
				52591F3A149E466B00DEA711 /* SpeechTimingTests */,
			);
		};
/* End PBXProject section */

/* Begin PBXResourcesBuildPhase section */
		1D60588D0D05DD3D006BFB54 /* Resources */ = {
			isa = PBXResourcesBuildPhase;
			buildActionMask = 2147483647;
			files = (
				28AD73600D9D9599002E5188 /* MainWindow.xib in Resources */,
				2899E5600DE3E45000AC0155 /* JGTimerConfigurationViewController.xib in Resources */,
				52CA8B5C149D089B0030ADC1 /* JGTimerRunningViewController.xib in Resources */,
				52BBC17414B37CBE00CFE655 /* GreenButton-highlight.png in Resources */,
				52BBC17514B37CBE00CFE655 /* GreenButton.png in Resources */,
				52BBC17614B37CBE00CFE655 /* RedButton-highlight.png in Resources */,
				52BBC17714B37CBE00CFE655 /* RedButton.png in Resources */,
				52BBC18914B3861900CFE655 /* TimerGradient.png in Resources */,
				52BBC18E14B3876700CFE655 /* TimerGradient2.png in Resources */,
				52F63EA814B7689A00876FA4 /* JGRingingSettingViewController.xib in Resources */,
				520F73EB14BA46F1003FEC46 /* DigitalAlarm1.aif in Resources */,
				520F73EC14BA46F1003FEC46 /* DigitalAlarm2.aif in Resources */,
				520F73ED14BA46F1003FEC46 /* TwoToneBell.aif in Resources */,
				520F73EE14BA46F1003FEC46 /* Bell.aif in Resources */,
				520F73EF14BA46F1003FEC46 /* Alarm.aif in Resources */,
				520F73F014BA46F1003FEC46 /* Submarine.aif in Resources */,
				52DCCC9614F96E8E0092DA06 /* Default.png in Resources */,
				52DCCC9714F96E8E0092DA06 /* Default@2x.png in Resources */,
				52DCCC9B14F9700F0092DA06 /* Icon.png in Resources */,
				52DCCC9C14F9700F0092DA06 /* Icon@2x.png in Resources */,
				52DCCC9D14F9700F0092DA06 /* iTunesArtwork in Resources */,
			);
			runOnlyForDeploymentPostprocessing = 0;
		};
		52591F36149E466B00DEA711 /* Resources */ = {
			isa = PBXResourcesBuildPhase;
			buildActionMask = 2147483647;
			files = (
				5243241A14C06FCC00AFDE61 /* Library in Resources */,
			);
			runOnlyForDeploymentPostprocessing = 0;
		};
/* End PBXResourcesBuildPhase section */

/* Begin PBXShellScriptBuildPhase section */
		52591F39149E466B00DEA711 /* ShellScript */ = {
			isa = PBXShellScriptBuildPhase;
			buildActionMask = 2147483647;
			files = (
			);
			inputPaths = (
			);
			outputPaths = (
			);
			runOnlyForDeploymentPostprocessing = 0;
			shellPath = /bin/sh;
			shellScript = "# Run the unit tests in this test bundle.\n\"${SYSTEM_DEVELOPER_DIR}/Tools/RunUnitTests\"";
		};
/* End PBXShellScriptBuildPhase section */

/* Begin PBXSourcesBuildPhase section */
		1D60588E0D05DD3D006BFB54 /* Sources */ = {
			isa = PBXSourcesBuildPhase;
			buildActionMask = 2147483647;
			files = (
				1D60589B0D05DD56006BFB54 /* main.m in Sources */,
				1D3623260D0F684500981E51 /* SpeechTimerAppDelegate.m in Sources */,
				28C286E10D94DF7D0034E888 /* JGTimerConfigurationViewController.m in Sources */,
				28D3F202112F7DC200FD0661 /* SpeechTimer.xcdatamodeld in Sources */,
				52591F35149E453E00DEA711 /* JGTimerController.m in Sources */,
				52EB417314B1218D00308C95 /* JGCardTimesCalculator.m in Sources */,
				52BBC08914B34FC900CFE655 /* JGCountdownTimer.m in Sources */,
				52BBC0E014B358EF00CFE655 /* JGTimeFormatter.m in Sources */,
				5242CBEF14B3FC8A00C876C7 /* JGTimerRunningView.m in Sources */,
				5242CBF014B3FC8A00C876C7 /* JGPieChartLayer.m in Sources */,
				52F63E5E14B7590E00876FA4 /* JGInsetGradientButton.m in Sources */,
				52F63E5F14B7590E00876FA4 /* JGRedInsetGradientButton.m in Sources */,
				52F63E6014B7590E00876FA4 /* JGGreenInsetGradientButton.m in Sources */,
				52F63EA714B7689A00876FA4 /* JGModalAlertViewController.m in Sources */,
				C01FCF5008A9545400542481 /* JGTimerRunningViewController.m in Sources */,
				527B9C5A14BDDC6C008EE913 /* JGDurationFromFireDateCalculator.m in Sources */,
				C01FCF5008A9545400542489 /* JGAlert.m in Sources */,
				C01FCF5008A954540054248C /* JGCardTimes.m in Sources */,
				C01FCF5008A954540054248F /* JGTimerDefaults.m in Sources */,
				C01FCF5008A9545400542493 /* JGAbstractSingletonObject.m in Sources */,
				C01FCF5008A954540054249A /* JGPieChartAnimationParameters.m in Sources */,
				52F2087314F7BEE700350D2F /* JGPieChartAnimationParameterCalculator.m in Sources */,
				C01FCF5008A95454005424A3 /* JGAlertNotificationScheduler.m in Sources */,
			);
			runOnlyForDeploymentPostprocessing = 0;
		};
		52591F37149E466B00DEA711 /* Sources */ = {
			isa = PBXSourcesBuildPhase;
			buildActionMask = 2147483647;
			files = (
				52591F43149E469C00DEA711 /* JGTimerControllerTestCase.m in Sources */,
				52EB416C14B1200D00308C95 /* JGTimerDurationCalculatorTestCase.m in Sources */,
				52BBC08D14B3509200CFE655 /* JGCountdownTimerTestCase.m in Sources */,
				52BBC0D414B357DF00CFE655 /* JGTimeFormatterTestCase.m in Sources */,
				527B9C5914BDDC63008EE913 /* JGDurationFromFireDateCalculatorTestCase.m in Sources */,
				527B9C5B14BDDC6E008EE913 /* JGDurationFromFireDateCalculator.m in Sources */,
				C01FCF5008A9545400542495 /* JGTimerDefaultsTestCase.m in Sources */,
				521BCEA514C0445600695F8B /* JGAbstractSingletonObject.m in Sources */,
				5285769114F53AA400BE4E13 /* JGAlertTestCase.m in Sources */,
				C01FCF5008A95454005424A1 /* JGPieChartAnimationParameterCalculatorTestCase.m in Sources */,
			);
			runOnlyForDeploymentPostprocessing = 0;
		};
/* End PBXSourcesBuildPhase section */

/* Begin PBXTargetDependency section */
		5228AEB414AE3F1A00C5F9A9 /* PBXTargetDependency */ = {
			isa = PBXTargetDependency;
			target = 1D6058900D05DD3D006BFB54 /* SpeechTiming */;
			targetProxy = 5228AEB314AE3F1A00C5F9A9 /* PBXContainerItemProxy */;
		};
/* End PBXTargetDependency section */

/* Begin XCBuildConfiguration section */
		1D6058940D05DD3E006BFB54 /* Debug */ = {
			isa = XCBuildConfiguration;
			buildSettings = {
				ALWAYS_SEARCH_USER_PATHS = NO;
				COPY_PHASE_STRIP = NO;
				GCC_DYNAMIC_NO_PIC = NO;
				GCC_OPTIMIZATION_LEVEL = 0;
				GCC_PRECOMPILE_PREFIX_HEADER = YES;
				GCC_PREFIX_HEADER = SpeechTiming_Prefix.pch;
				GCC_SYMBOLS_PRIVATE_EXTERN = NO;
				INFOPLIST_FILE = "SpeechTiming-Info.plist";
				IPHONEOS_DEPLOYMENT_TARGET = 4.2;
				PRODUCT_NAME = SpeechTiming;
				TEST_AFTER_BUILD = YES;
			};
			name = Debug;
		};
		1D6058950D05DD3E006BFB54 /* Release */ = {
			isa = XCBuildConfiguration;
			buildSettings = {
				ALWAYS_SEARCH_USER_PATHS = NO;
				CODE_SIGN_IDENTITY = "iPhone Developer";
				"CODE_SIGN_IDENTITY[sdk=iphoneos*]" = "iPhone Developer: John Gallagher (GZKK3ZNNM6)";
				COPY_PHASE_STRIP = YES;
				GCC_PRECOMPILE_PREFIX_HEADER = YES;
				GCC_PREFIX_HEADER = SpeechTiming_Prefix.pch;
				INFOPLIST_FILE = "SpeechTiming-Info.plist";
				IPHONEOS_DEPLOYMENT_TARGET = 4.2;
				PRODUCT_NAME = SpeechTiming;
				PROVISIONING_PROFILE = "";
				"PROVISIONING_PROFILE[sdk=iphoneos*]" = "F0E09840-7EDD-4A50-856C-37454455EB71";
				TEST_AFTER_BUILD = YES;
				VALIDATE_PRODUCT = YES;
			};
			name = Release;
		};
		52591F3D149E466B00DEA711 /* Debug */ = {
			isa = XCBuildConfiguration;
			buildSettings = {
				BUNDLE_LOADER = "$(CONFIGURATION_BUILD_DIR)/SpeechTiming.app/SpeechTiming";
				COPY_PHASE_STRIP = NO;
				FRAMEWORK_SEARCH_PATHS = (
					"\"$(SDKROOT)/Developer/Library/Frameworks\"",
					"\"$(DEVELOPER_LIBRARY_DIR)/Frameworks\"",
					"\"$(SRCROOT)\"",
				);
				GCC_DYNAMIC_NO_PIC = NO;
				GCC_ENABLE_OBJC_EXCEPTIONS = YES;
				GCC_OPTIMIZATION_LEVEL = 0;
				GCC_PREFIX_HEADER = "";
				HEADER_SEARCH_PATHS = "\"$(PROJECT_DIR)/Library/Headers\"";
				INFOPLIST_FILE = "SpeechTimingTests-Info.plist";
				LIBRARY_SEARCH_PATHS = "\"$(PROJECT_DIR)/Library\"";
				OTHER_LDFLAGS = "-all_load";
				PRODUCT_NAME = SpeechTimingTests;
				TEST_AFTER_BUILD = NO;
				TEST_HOST = "$(BUNDLE_LOADER)";
				WRAPPER_EXTENSION = octest;
			};
			name = Debug;
		};
		52591F3E149E466B00DEA711 /* Release */ = {
			isa = XCBuildConfiguration;
			buildSettings = {
				DEBUG_INFORMATION_FORMAT = "dwarf-with-dsym";
				FRAMEWORK_SEARCH_PATHS = (
					"\"$(SDKROOT)/Developer/Library/Frameworks\"",
					"\"$(DEVELOPER_LIBRARY_DIR)/Frameworks\"",
					"\"$(SRCROOT)\"",
				);
				GCC_ENABLE_OBJC_EXCEPTIONS = YES;
				HEADER_SEARCH_PATHS = "\"$(PROJECT_DIR)/Library/Headers\"";
				INFOPLIST_FILE = "SpeechTimingTests-Info.plist";
				LIBRARY_SEARCH_PATHS = "\"$(PROJECT_DIR)/Library\"";
				OTHER_LDFLAGS = "-all_load";
				PRODUCT_NAME = SpeechTimingTests;
				TEST_AFTER_BUILD = NO;
				TEST_HOST = "$(BUNDLE_LOADER)";
				WRAPPER_EXTENSION = octest;
			};
			name = Release;
		};
		C01FCF4F08A954540054247B /* Debug */ = {
			isa = XCBuildConfiguration;
			buildSettings = {
				ARCHS = (
					armv6,
					"$(ARCHS_STANDARD_32_BIT)",
				);
				CODE_SIGN_IDENTITY = "";
				"CODE_SIGN_IDENTITY[sdk=iphoneos*]" = "iPhone Developer";
				GCC_C_LANGUAGE_STANDARD = c99;
				GCC_VERSION = com.apple.compilers.llvm.clang.1_0;
				GCC_WARN_ABOUT_RETURN_TYPE = YES;
				GCC_WARN_UNUSED_VARIABLE = YES;
				IPHONEOS_DEPLOYMENT_TARGET = 4.2;
				SDKROOT = iphoneos;
				TEST_AFTER_BUILD = YES;
			};
			name = Debug;
		};
		C01FCF5008A954540054247B /* Release */ = {
			isa = XCBuildConfiguration;
			buildSettings = {
				ARCHS = (
					armv6,
					"$(ARCHS_STANDARD_32_BIT)",
				);
				CODE_SIGN_IDENTITY = "";
				"CODE_SIGN_IDENTITY[sdk=iphoneos*]" = "iPhone Developer";
				GCC_C_LANGUAGE_STANDARD = c99;
				GCC_VERSION = com.apple.compilers.llvm.clang.1_0;
				GCC_WARN_ABOUT_RETURN_TYPE = YES;
				GCC_WARN_UNUSED_VARIABLE = YES;
				IPHONEOS_DEPLOYMENT_TARGET = 4.2;
				OTHER_CFLAGS = "-DNS_BLOCK_ASSERTIONS=1";
				SDKROOT = iphoneos;
				TEST_AFTER_BUILD = YES;
			};
			name = Release;
		};
/* End XCBuildConfiguration section */

/* Begin XCConfigurationList section */
		1D6058960D05DD3E006BFB54 /* Build configuration list for PBXNativeTarget "SpeechTiming" */ = {
			isa = XCConfigurationList;
			buildConfigurations = (
				1D6058940D05DD3E006BFB54 /* Debug */,
				1D6058950D05DD3E006BFB54 /* Release */,
			);
			defaultConfigurationIsVisible = 0;
			defaultConfigurationName = Release;
		};
		52591F3F149E466B00DEA711 /* Build configuration list for PBXNativeTarget "SpeechTimingTests" */ = {
			isa = XCConfigurationList;
			buildConfigurations = (
				52591F3D149E466B00DEA711 /* Debug */,
				52591F3E149E466B00DEA711 /* Release */,
			);
			defaultConfigurationIsVisible = 0;
			defaultConfigurationName = Release;
		};
		C01FCF4E08A954540054247B /* Build configuration list for PBXProject "SpeechTiming" */ = {
			isa = XCConfigurationList;
			buildConfigurations = (
				C01FCF4F08A954540054247B /* Debug */,
				C01FCF5008A954540054247B /* Release */,
			);
			defaultConfigurationIsVisible = 0;
			defaultConfigurationName = Release;
		};
/* End XCConfigurationList section */

/* Begin XCVersionGroup section */
		28D3F201112F7DC200FD0661 /* SpeechTimer.xcdatamodeld */ = {
			isa = XCVersionGroup;
			children = (
				28860B760F44E54D00985440 /* SpeechTimer.xcdatamodel */,
			);
			currentVersion = 28860B760F44E54D00985440 /* SpeechTimer.xcdatamodel */;
			path = SpeechTimer.xcdatamodeld;
			sourceTree = "<group>";
			versionGroupType = wrapper.xcdatamodel;
		};
/* End XCVersionGroup section */
	};
	rootObject = 29B97313FDCFA39411CA2CEA /* Project object */;
}
